// !$*UTF8*$!
{
	archiveVersion = 1;
	classes = {
	};
	objectVersion = 47;
	objects = {

/* Begin PBXBuildFile section */
		13F77D381D2EE581003EF38D /* main.m in Sources */ = {isa = PBXBuildFile; fileRef = 13F77D371D2EE581003EF38D /* main.m */; };
		13F77D3B1D2EE581003EF38D /* AppDelegate.m in Sources */ = {isa = PBXBuildFile; fileRef = 13F77D3A1D2EE581003EF38D /* AppDelegate.m */; };
		13F77D431D2EE581003EF38D /* Images.xcassets in Resources */ = {isa = PBXBuildFile; fileRef = 13F77D421D2EE581003EF38D /* Images.xcassets */; };
		13F77D461D2EE581003EF38D /* LaunchScreen.storyboard in Resources */ = {isa = PBXBuildFile; fileRef = 13F77D441D2EE581003EF38D /* LaunchScreen.storyboard */; };
		13F77D511D2EE581003EF38D /* PulseTests.m in Sources */ = {isa = PBXBuildFile; fileRef = 13F77D501D2EE581003EF38D /* PulseTests.m */; };
		13F77D6D1D2EE6B6003EF38D /* loginScreenBackground.png in Resources */ = {isa = PBXBuildFile; fileRef = 13F77D691D2EE6B6003EF38D /* loginScreenBackground.png */; };
		13F77D6E1D2EE6B6003EF38D /* backButton.png in Resources */ = {isa = PBXBuildFile; fileRef = 13F77D6A1D2EE6B6003EF38D /* backButton.png */; };
		13F77D6F1D2EE6B6003EF38D /* continueButton.png in Resources */ = {isa = PBXBuildFile; fileRef = 13F77D6B1D2EE6B6003EF38D /* continueButton.png */; };
		13F77D701D2EE6B6003EF38D /* partyBoardLogoL.png in Resources */ = {isa = PBXBuildFile; fileRef = 13F77D6C1D2EE6B6003EF38D /* partyBoardLogoL.png */; };
		D04A41311D50F22D00C850FB /* Main.storyboard in Resources */ = {isa = PBXBuildFile; fileRef = D04A41331D50F22D00C850FB /* Main.storyboard */; };
		D04DBD761D5178B200BB8172 /* MBProgressHUD.m in Sources */ = {isa = PBXBuildFile; fileRef = D04DBD501D5178B200BB8172 /* MBProgressHUD.m */; };
		D04DBD771D5178B200BB8172 /* Reachability.m in Sources */ = {isa = PBXBuildFile; fileRef = D04DBD531D5178B200BB8172 /* Reachability.m */; };
		D04DBD781D5178B200BB8172 /* SCLAlertView.m in Sources */ = {isa = PBXBuildFile; fileRef = D04DBD561D5178B200BB8172 /* SCLAlertView.m */; };
		D04DBD791D5178B200BB8172 /* SCLAlertViewResponder.m in Sources */ = {isa = PBXBuildFile; fileRef = D04DBD581D5178B200BB8172 /* SCLAlertViewResponder.m */; };
		D04DBD7A1D5178B200BB8172 /* SCLAlertViewStyleKit.m in Sources */ = {isa = PBXBuildFile; fileRef = D04DBD5A1D5178B200BB8172 /* SCLAlertViewStyleKit.m */; };
		D04DBD7B1D5178B200BB8172 /* SCLButton.m in Sources */ = {isa = PBXBuildFile; fileRef = D04DBD5C1D5178B200BB8172 /* SCLButton.m */; };
		D04DBD7C1D5178B200BB8172 /* SCLTextView.m in Sources */ = {isa = PBXBuildFile; fileRef = D04DBD5F1D5178B200BB8172 /* SCLTextView.m */; };
		D04DBD7D1D5178B200BB8172 /* SCLTimerDisplay.m in Sources */ = {isa = PBXBuildFile; fileRef = D04DBD611D5178B200BB8172 /* SCLTimerDisplay.m */; };
		D04DBD7E1D5178B200BB8172 /* UIImage+ImageEffects.m in Sources */ = {isa = PBXBuildFile; fileRef = D04DBD631D5178B200BB8172 /* UIImage+ImageEffects.m */; };
		D04DBD7F1D5178B200BB8172 /* icon-error.png in Resources */ = {isa = PBXBuildFile; fileRef = D04DBD661D5178B200BB8172 /* icon-error.png */; };
		D04DBD801D5178B200BB8172 /* icon-error@2x.png in Resources */ = {isa = PBXBuildFile; fileRef = D04DBD671D5178B200BB8172 /* icon-error@2x.png */; };
		D04DBD811D5178B200BB8172 /* icon-info.png in Resources */ = {isa = PBXBuildFile; fileRef = D04DBD681D5178B200BB8172 /* icon-info.png */; };
		D04DBD821D5178B200BB8172 /* icon-info@2x.png in Resources */ = {isa = PBXBuildFile; fileRef = D04DBD691D5178B200BB8172 /* icon-info@2x.png */; };
		D04DBD831D5178B200BB8172 /* icon-success.png in Resources */ = {isa = PBXBuildFile; fileRef = D04DBD6A1D5178B200BB8172 /* icon-success.png */; };
		D04DBD841D5178B200BB8172 /* icon-success@2x.png in Resources */ = {isa = PBXBuildFile; fileRef = D04DBD6B1D5178B200BB8172 /* icon-success@2x.png */; };
		D04DBD851D5178B200BB8172 /* TWMessageBarManager.m in Sources */ = {isa = PBXBuildFile; fileRef = D04DBD6D1D5178B200BB8172 /* TWMessageBarManager.m */; };
		D04DBD861D5178B200BB8172 /* NSString+Additions.m in Sources */ = {isa = PBXBuildFile; fileRef = D04DBD701D5178B200BB8172 /* NSString+Additions.m */; };
		D04DBD871D5178B200BB8172 /* StringUtil.m in Sources */ = {isa = PBXBuildFile; fileRef = D04DBD721D5178B200BB8172 /* StringUtil.m */; };
		D04DBD881D5178B200BB8172 /* UIViewControllerAdditions.m in Sources */ = {isa = PBXBuildFile; fileRef = D04DBD751D5178B200BB8172 /* UIViewControllerAdditions.m */; };
		D04DBD8E1D5178CD00BB8172 /* GlobalFunctions.m in Sources */ = {isa = PBXBuildFile; fileRef = D04DBD8C1D5178CD00BB8172 /* GlobalFunctions.m */; };
		D04DBD971D517C7D00BB8172 /* AccountViewController.m in Sources */ = {isa = PBXBuildFile; fileRef = D04DBD901D517C7D00BB8172 /* AccountViewController.m */; };
		D04DBD981D517C7D00BB8172 /* CreateViewController.m in Sources */ = {isa = PBXBuildFile; fileRef = D04DBD921D517C7D00BB8172 /* CreateViewController.m */; };
		D04DBD991D517C7D00BB8172 /* FindViewController.m in Sources */ = {isa = PBXBuildFile; fileRef = D04DBD941D517C7D00BB8172 /* FindViewController.m */; };
		D04DBD9A1D517C7D00BB8172 /* NotificationsViewController.m in Sources */ = {isa = PBXBuildFile; fileRef = D04DBD961D517C7D00BB8172 /* NotificationsViewController.m */; };
		D08E5F851D4AF25600A58F80 /* MapKit.framework in Frameworks */ = {isa = PBXBuildFile; fileRef = D08E5F841D4AF25600A58F80 /* MapKit.framework */; };
		D0A55EC31D539AD100C8172C /* GuestsCreateViewController.m in Sources */ = {isa = PBXBuildFile; fileRef = D0A55EC11D539AD100C8172C /* GuestsCreateViewController.m */; };
		D0A55EC61D53B96D00C8172C /* DateCreateViewController.m in Sources */ = {isa = PBXBuildFile; fileRef = D0A55EC51D53B96D00C8172C /* DateCreateViewController.m */; };
		D0CB55911D51781300BAE462 /* AuthViewController.m in Sources */ = {isa = PBXBuildFile; fileRef = D0CB55881D51781300BAE462 /* AuthViewController.m */; };
		D0CB55921D51781300BAE462 /* CustomTabViewController.m in Sources */ = {isa = PBXBuildFile; fileRef = D0CB558A1D51781300BAE462 /* CustomTabViewController.m */; };
		D0CB55931D51781300BAE462 /* HomeViewController.m in Sources */ = {isa = PBXBuildFile; fileRef = D0CB558C1D51781300BAE462 /* HomeViewController.m */; };
		D0CB55941D51781300BAE462 /* SignInViewController.m in Sources */ = {isa = PBXBuildFile; fileRef = D0CB558E1D51781300BAE462 /* SignInViewController.m */; };
		D0CB55951D51781300BAE462 /* SignUpViewController.m in Sources */ = {isa = PBXBuildFile; fileRef = D0CB55901D51781300BAE462 /* SignUpViewController.m */; };
/* End PBXBuildFile section */

/* Begin PBXContainerItemProxy section */
		13F77D4D1D2EE581003EF38D /* PBXContainerItemProxy */ = {
			isa = PBXContainerItemProxy;
			containerPortal = 13F77D2B1D2EE581003EF38D /* Project object */;
			proxyType = 1;
			remoteGlobalIDString = 13F77D321D2EE581003EF38D;
			remoteInfo = Pulse;
		};
		13F77D581D2EE581003EF38D /* PBXContainerItemProxy */ = {
			isa = PBXContainerItemProxy;
			containerPortal = 13F77D2B1D2EE581003EF38D /* Project object */;
			proxyType = 1;
			remoteGlobalIDString = 13F77D321D2EE581003EF38D;
			remoteInfo = Pulse;
		};
/* End PBXContainerItemProxy section */

/* Begin PBXFileReference section */
		13F77D331D2EE581003EF38D /* Pulse.app */ = {isa = PBXFileReference; explicitFileType = wrapper.application; includeInIndex = 0; path = Pulse.app; sourceTree = BUILT_PRODUCTS_DIR; };
		13F77D371D2EE581003EF38D /* main.m */ = {isa = PBXFileReference; lastKnownFileType = sourcecode.c.objc; path = main.m; sourceTree = "<group>"; };
		13F77D391D2EE581003EF38D /* AppDelegate.h */ = {isa = PBXFileReference; lastKnownFileType = sourcecode.c.h; path = AppDelegate.h; sourceTree = "<group>"; };
		13F77D3A1D2EE581003EF38D /* AppDelegate.m */ = {isa = PBXFileReference; lastKnownFileType = sourcecode.c.objc; path = AppDelegate.m; sourceTree = "<group>"; };
		13F77D421D2EE581003EF38D /* Images.xcassets */ = {isa = PBXFileReference; lastKnownFileType = folder.assetcatalog; path = Images.xcassets; sourceTree = "<group>"; };
		13F77D451D2EE581003EF38D /* Base */ = {isa = PBXFileReference; lastKnownFileType = file.storyboard; name = Base; path = Base.lproj/LaunchScreen.storyboard; sourceTree = "<group>"; };
		13F77D471D2EE581003EF38D /* Info.plist */ = {isa = PBXFileReference; lastKnownFileType = text.plist.xml; path = Info.plist; sourceTree = "<group>"; };
		13F77D4C1D2EE581003EF38D /* PulseTests.xctest */ = {isa = PBXFileReference; explicitFileType = wrapper.cfbundle; includeInIndex = 0; path = PulseTests.xctest; sourceTree = BUILT_PRODUCTS_DIR; };
		13F77D501D2EE581003EF38D /* PulseTests.m */ = {isa = PBXFileReference; lastKnownFileType = sourcecode.c.objc; path = PulseTests.m; sourceTree = "<group>"; };
		13F77D521D2EE581003EF38D /* Info.plist */ = {isa = PBXFileReference; lastKnownFileType = text.plist.xml; path = Info.plist; sourceTree = "<group>"; };
		13F77D571D2EE581003EF38D /* PulseUITests.xctest */ = {isa = PBXFileReference; explicitFileType = wrapper.cfbundle; includeInIndex = 0; path = PulseUITests.xctest; sourceTree = BUILT_PRODUCTS_DIR; };
		13F77D691D2EE6B6003EF38D /* loginScreenBackground.png */ = {isa = PBXFileReference; lastKnownFileType = image.png; path = loginScreenBackground.png; sourceTree = "<group>"; };
		13F77D6A1D2EE6B6003EF38D /* backButton.png */ = {isa = PBXFileReference; lastKnownFileType = image.png; path = backButton.png; sourceTree = "<group>"; };
		13F77D6B1D2EE6B6003EF38D /* continueButton.png */ = {isa = PBXFileReference; lastKnownFileType = image.png; path = continueButton.png; sourceTree = "<group>"; };
		13F77D6C1D2EE6B6003EF38D /* partyBoardLogoL.png */ = {isa = PBXFileReference; lastKnownFileType = image.png; path = partyBoardLogoL.png; sourceTree = "<group>"; };
		D04A41321D50F22D00C850FB /* Base */ = {isa = PBXFileReference; lastKnownFileType = file.storyboard; name = Base; path = Base.lproj/Main.storyboard; sourceTree = "<group>"; };
		D04DBD4F1D5178B200BB8172 /* MBProgressHUD.h */ = {isa = PBXFileReference; fileEncoding = 4; lastKnownFileType = sourcecode.c.h; path = MBProgressHUD.h; sourceTree = "<group>"; };
		D04DBD501D5178B200BB8172 /* MBProgressHUD.m */ = {isa = PBXFileReference; fileEncoding = 4; lastKnownFileType = sourcecode.c.objc; path = MBProgressHUD.m; sourceTree = "<group>"; };
		D04DBD521D5178B200BB8172 /* Reachability.h */ = {isa = PBXFileReference; fileEncoding = 4; lastKnownFileType = sourcecode.c.h; path = Reachability.h; sourceTree = "<group>"; };
		D04DBD531D5178B200BB8172 /* Reachability.m */ = {isa = PBXFileReference; fileEncoding = 4; lastKnownFileType = sourcecode.c.objc; path = Reachability.m; sourceTree = "<group>"; };
		D04DBD551D5178B200BB8172 /* SCLAlertView.h */ = {isa = PBXFileReference; fileEncoding = 4; lastKnownFileType = sourcecode.c.h; path = SCLAlertView.h; sourceTree = "<group>"; };
		D04DBD561D5178B200BB8172 /* SCLAlertView.m */ = {isa = PBXFileReference; fileEncoding = 4; lastKnownFileType = sourcecode.c.objc; path = SCLAlertView.m; sourceTree = "<group>"; };
		D04DBD571D5178B200BB8172 /* SCLAlertViewResponder.h */ = {isa = PBXFileReference; fileEncoding = 4; lastKnownFileType = sourcecode.c.h; path = SCLAlertViewResponder.h; sourceTree = "<group>"; };
		D04DBD581D5178B200BB8172 /* SCLAlertViewResponder.m */ = {isa = PBXFileReference; fileEncoding = 4; lastKnownFileType = sourcecode.c.objc; path = SCLAlertViewResponder.m; sourceTree = "<group>"; };
		D04DBD591D5178B200BB8172 /* SCLAlertViewStyleKit.h */ = {isa = PBXFileReference; fileEncoding = 4; lastKnownFileType = sourcecode.c.h; path = SCLAlertViewStyleKit.h; sourceTree = "<group>"; };
		D04DBD5A1D5178B200BB8172 /* SCLAlertViewStyleKit.m */ = {isa = PBXFileReference; fileEncoding = 4; lastKnownFileType = sourcecode.c.objc; path = SCLAlertViewStyleKit.m; sourceTree = "<group>"; };
		D04DBD5B1D5178B200BB8172 /* SCLButton.h */ = {isa = PBXFileReference; fileEncoding = 4; lastKnownFileType = sourcecode.c.h; path = SCLButton.h; sourceTree = "<group>"; };
		D04DBD5C1D5178B200BB8172 /* SCLButton.m */ = {isa = PBXFileReference; fileEncoding = 4; lastKnownFileType = sourcecode.c.objc; path = SCLButton.m; sourceTree = "<group>"; };
		D04DBD5D1D5178B200BB8172 /* SCLMacros.h */ = {isa = PBXFileReference; fileEncoding = 4; lastKnownFileType = sourcecode.c.h; path = SCLMacros.h; sourceTree = "<group>"; };
		D04DBD5E1D5178B200BB8172 /* SCLTextView.h */ = {isa = PBXFileReference; fileEncoding = 4; lastKnownFileType = sourcecode.c.h; path = SCLTextView.h; sourceTree = "<group>"; };
		D04DBD5F1D5178B200BB8172 /* SCLTextView.m */ = {isa = PBXFileReference; fileEncoding = 4; lastKnownFileType = sourcecode.c.objc; path = SCLTextView.m; sourceTree = "<group>"; };
		D04DBD601D5178B200BB8172 /* SCLTimerDisplay.h */ = {isa = PBXFileReference; fileEncoding = 4; lastKnownFileType = sourcecode.c.h; path = SCLTimerDisplay.h; sourceTree = "<group>"; };
		D04DBD611D5178B200BB8172 /* SCLTimerDisplay.m */ = {isa = PBXFileReference; fileEncoding = 4; lastKnownFileType = sourcecode.c.objc; path = SCLTimerDisplay.m; sourceTree = "<group>"; };
		D04DBD621D5178B200BB8172 /* UIImage+ImageEffects.h */ = {isa = PBXFileReference; fileEncoding = 4; lastKnownFileType = sourcecode.c.h; path = "UIImage+ImageEffects.h"; sourceTree = "<group>"; };
		D04DBD631D5178B200BB8172 /* UIImage+ImageEffects.m */ = {isa = PBXFileReference; fileEncoding = 4; lastKnownFileType = sourcecode.c.objc; path = "UIImage+ImageEffects.m"; sourceTree = "<group>"; };
		D04DBD661D5178B200BB8172 /* icon-error.png */ = {isa = PBXFileReference; lastKnownFileType = image.png; path = "icon-error.png"; sourceTree = "<group>"; };
		D04DBD671D5178B200BB8172 /* icon-error@2x.png */ = {isa = PBXFileReference; lastKnownFileType = image.png; path = "icon-error@2x.png"; sourceTree = "<group>"; };
		D04DBD681D5178B200BB8172 /* icon-info.png */ = {isa = PBXFileReference; lastKnownFileType = image.png; path = "icon-info.png"; sourceTree = "<group>"; };
		D04DBD691D5178B200BB8172 /* icon-info@2x.png */ = {isa = PBXFileReference; lastKnownFileType = image.png; path = "icon-info@2x.png"; sourceTree = "<group>"; };
		D04DBD6A1D5178B200BB8172 /* icon-success.png */ = {isa = PBXFileReference; lastKnownFileType = image.png; path = "icon-success.png"; sourceTree = "<group>"; };
		D04DBD6B1D5178B200BB8172 /* icon-success@2x.png */ = {isa = PBXFileReference; lastKnownFileType = image.png; path = "icon-success@2x.png"; sourceTree = "<group>"; };
		D04DBD6C1D5178B200BB8172 /* TWMessageBarManager.h */ = {isa = PBXFileReference; fileEncoding = 4; lastKnownFileType = sourcecode.c.h; path = TWMessageBarManager.h; sourceTree = "<group>"; };
		D04DBD6D1D5178B200BB8172 /* TWMessageBarManager.m */ = {isa = PBXFileReference; fileEncoding = 4; lastKnownFileType = sourcecode.c.objc; path = TWMessageBarManager.m; sourceTree = "<group>"; };
		D04DBD6F1D5178B200BB8172 /* NSString+Additions.h */ = {isa = PBXFileReference; fileEncoding = 4; lastKnownFileType = sourcecode.c.h; path = "NSString+Additions.h"; sourceTree = "<group>"; };
		D04DBD701D5178B200BB8172 /* NSString+Additions.m */ = {isa = PBXFileReference; fileEncoding = 4; lastKnownFileType = sourcecode.c.objc; path = "NSString+Additions.m"; sourceTree = "<group>"; };
		D04DBD711D5178B200BB8172 /* StringUtil.h */ = {isa = PBXFileReference; fileEncoding = 4; lastKnownFileType = sourcecode.c.h; path = StringUtil.h; sourceTree = "<group>"; };
		D04DBD721D5178B200BB8172 /* StringUtil.m */ = {isa = PBXFileReference; fileEncoding = 4; lastKnownFileType = sourcecode.c.objc; path = StringUtil.m; sourceTree = "<group>"; };
		D04DBD741D5178B200BB8172 /* UIViewControllerAdditions.h */ = {isa = PBXFileReference; fileEncoding = 4; lastKnownFileType = sourcecode.c.h; path = UIViewControllerAdditions.h; sourceTree = "<group>"; };
		D04DBD751D5178B200BB8172 /* UIViewControllerAdditions.m */ = {isa = PBXFileReference; fileEncoding = 4; lastKnownFileType = sourcecode.c.objc; path = UIViewControllerAdditions.m; sourceTree = "<group>"; };
		D04DBD8A1D5178CD00BB8172 /* defs.h */ = {isa = PBXFileReference; fileEncoding = 4; lastKnownFileType = sourcecode.c.h; path = defs.h; sourceTree = "<group>"; };
		D04DBD8B1D5178CD00BB8172 /* GlobalFunctions.h */ = {isa = PBXFileReference; fileEncoding = 4; lastKnownFileType = sourcecode.c.h; path = GlobalFunctions.h; sourceTree = "<group>"; };
		D04DBD8C1D5178CD00BB8172 /* GlobalFunctions.m */ = {isa = PBXFileReference; fileEncoding = 4; lastKnownFileType = sourcecode.c.objc; path = GlobalFunctions.m; sourceTree = "<group>"; };
		D04DBD8D1D5178CD00BB8172 /* Message.h */ = {isa = PBXFileReference; fileEncoding = 4; lastKnownFileType = sourcecode.c.h; path = Message.h; sourceTree = "<group>"; };
		D04DBD8F1D517C7D00BB8172 /* AccountViewController.h */ = {isa = PBXFileReference; fileEncoding = 4; lastKnownFileType = sourcecode.c.h; name = AccountViewController.h; path = ViewControllers/AccountViewController.h; sourceTree = "<group>"; };
		D04DBD901D517C7D00BB8172 /* AccountViewController.m */ = {isa = PBXFileReference; fileEncoding = 4; lastKnownFileType = sourcecode.c.objc; name = AccountViewController.m; path = ViewControllers/AccountViewController.m; sourceTree = "<group>"; };
		D04DBD911D517C7D00BB8172 /* CreateViewController.h */ = {isa = PBXFileReference; fileEncoding = 4; lastKnownFileType = sourcecode.c.h; name = CreateViewController.h; path = ViewControllers/CreateViewController.h; sourceTree = "<group>"; };
		D04DBD921D517C7D00BB8172 /* CreateViewController.m */ = {isa = PBXFileReference; fileEncoding = 4; lastKnownFileType = sourcecode.c.objc; name = CreateViewController.m; path = ViewControllers/CreateViewController.m; sourceTree = "<group>"; };
		D04DBD931D517C7D00BB8172 /* FindViewController.h */ = {isa = PBXFileReference; fileEncoding = 4; lastKnownFileType = sourcecode.c.h; name = FindViewController.h; path = ViewControllers/FindViewController.h; sourceTree = "<group>"; };
		D04DBD941D517C7D00BB8172 /* FindViewController.m */ = {isa = PBXFileReference; fileEncoding = 4; lastKnownFileType = sourcecode.c.objc; name = FindViewController.m; path = ViewControllers/FindViewController.m; sourceTree = "<group>"; };
		D04DBD951D517C7D00BB8172 /* NotificationsViewController.h */ = {isa = PBXFileReference; fileEncoding = 4; lastKnownFileType = sourcecode.c.h; name = NotificationsViewController.h; path = ViewControllers/NotificationsViewController.h; sourceTree = "<group>"; };
		D04DBD961D517C7D00BB8172 /* NotificationsViewController.m */ = {isa = PBXFileReference; fileEncoding = 4; lastKnownFileType = sourcecode.c.objc; name = NotificationsViewController.m; path = ViewControllers/NotificationsViewController.m; sourceTree = "<group>"; };
		D08E5F841D4AF25600A58F80 /* MapKit.framework */ = {isa = PBXFileReference; lastKnownFileType = wrapper.framework; name = MapKit.framework; path = System/Library/Frameworks/MapKit.framework; sourceTree = SDKROOT; };
		D0A55EC11D539AD100C8172C /* GuestsCreateViewController.m */ = {isa = PBXFileReference; fileEncoding = 4; lastKnownFileType = sourcecode.c.objc; name = GuestsCreateViewController.m; path = ViewControllers/GuestsCreateViewController.m; sourceTree = "<group>"; };
		D0A55EC21D539AD100C8172C /* GuestsCreateViewController.h */ = {isa = PBXFileReference; fileEncoding = 4; lastKnownFileType = sourcecode.c.h; name = GuestsCreateViewController.h; path = ViewControllers/GuestsCreateViewController.h; sourceTree = "<group>"; };
		D0A55EC41D53B96D00C8172C /* DateCreateViewController.h */ = {isa = PBXFileReference; fileEncoding = 4; lastKnownFileType = sourcecode.c.h; name = DateCreateViewController.h; path = ViewControllers/DateCreateViewController.h; sourceTree = "<group>"; };
		D0A55EC51D53B96D00C8172C /* DateCreateViewController.m */ = {isa = PBXFileReference; fileEncoding = 4; lastKnownFileType = sourcecode.c.objc; name = DateCreateViewController.m; path = ViewControllers/DateCreateViewController.m; sourceTree = "<group>"; };
		D0CB55871D51781300BAE462 /* AuthViewController.h */ = {isa = PBXFileReference; fileEncoding = 4; lastKnownFileType = sourcecode.c.h; name = AuthViewController.h; path = ViewControllers/AuthViewController.h; sourceTree = "<group>"; };
		D0CB55881D51781300BAE462 /* AuthViewController.m */ = {isa = PBXFileReference; fileEncoding = 4; lastKnownFileType = sourcecode.c.objc; name = AuthViewController.m; path = ViewControllers/AuthViewController.m; sourceTree = "<group>"; };
		D0CB55891D51781300BAE462 /* CustomTabViewController.h */ = {isa = PBXFileReference; fileEncoding = 4; lastKnownFileType = sourcecode.c.h; name = CustomTabViewController.h; path = ViewControllers/CustomTabViewController.h; sourceTree = "<group>"; };
		D0CB558A1D51781300BAE462 /* CustomTabViewController.m */ = {isa = PBXFileReference; fileEncoding = 4; lastKnownFileType = sourcecode.c.objc; name = CustomTabViewController.m; path = ViewControllers/CustomTabViewController.m; sourceTree = "<group>"; };
		D0CB558B1D51781300BAE462 /* HomeViewController.h */ = {isa = PBXFileReference; fileEncoding = 4; lastKnownFileType = sourcecode.c.h; name = HomeViewController.h; path = ViewControllers/HomeViewController.h; sourceTree = "<group>"; };
		D0CB558C1D51781300BAE462 /* HomeViewController.m */ = {isa = PBXFileReference; fileEncoding = 4; lastKnownFileType = sourcecode.c.objc; name = HomeViewController.m; path = ViewControllers/HomeViewController.m; sourceTree = "<group>"; };
		D0CB558D1D51781300BAE462 /* SignInViewController.h */ = {isa = PBXFileReference; fileEncoding = 4; lastKnownFileType = sourcecode.c.h; name = SignInViewController.h; path = ViewControllers/SignInViewController.h; sourceTree = "<group>"; };
		D0CB558E1D51781300BAE462 /* SignInViewController.m */ = {isa = PBXFileReference; fileEncoding = 4; lastKnownFileType = sourcecode.c.objc; name = SignInViewController.m; path = ViewControllers/SignInViewController.m; sourceTree = "<group>"; };
		D0CB558F1D51781300BAE462 /* SignUpViewController.h */ = {isa = PBXFileReference; fileEncoding = 4; lastKnownFileType = sourcecode.c.h; name = SignUpViewController.h; path = ViewControllers/SignUpViewController.h; sourceTree = "<group>"; };
		D0CB55901D51781300BAE462 /* SignUpViewController.m */ = {isa = PBXFileReference; fileEncoding = 4; lastKnownFileType = sourcecode.c.objc; name = SignUpViewController.m; path = ViewControllers/SignUpViewController.m; sourceTree = "<group>"; };
/* End PBXFileReference section */

/* Begin PBXFrameworksBuildPhase section */
		13F77D301D2EE581003EF38D /* Frameworks */ = {
			isa = PBXFrameworksBuildPhase;
			buildActionMask = 2147483647;
			files = (
				D08E5F851D4AF25600A58F80 /* MapKit.framework in Frameworks */,
			);
			runOnlyForDeploymentPostprocessing = 0;
		};
		13F77D491D2EE581003EF38D /* Frameworks */ = {
			isa = PBXFrameworksBuildPhase;
			buildActionMask = 2147483647;
			files = (
			);
			runOnlyForDeploymentPostprocessing = 0;
		};
		13F77D541D2EE581003EF38D /* Frameworks */ = {
			isa = PBXFrameworksBuildPhase;
			buildActionMask = 2147483647;
			files = (
			);
			runOnlyForDeploymentPostprocessing = 0;
		};
/* End PBXFrameworksBuildPhase section */

/* Begin PBXGroup section */
		13F77D2A1D2EE581003EF38D = {
			isa = PBXGroup;
			children = (
				D08E5F841D4AF25600A58F80 /* MapKit.framework */,
				13F77D351D2EE581003EF38D /* Pulse */,
				13F77D4F1D2EE581003EF38D /* PulseTests */,
				13F77D341D2EE581003EF38D /* Products */,
			);
			sourceTree = "<group>";
		};
		13F77D341D2EE581003EF38D /* Products */ = {
			isa = PBXGroup;
			children = (
				13F77D331D2EE581003EF38D /* Pulse.app */,
				13F77D4C1D2EE581003EF38D /* PulseTests.xctest */,
				13F77D571D2EE581003EF38D /* PulseUITests.xctest */,
			);
			name = Products;
			sourceTree = "<group>";
		};
		13F77D351D2EE581003EF38D /* Pulse */ = {
			isa = PBXGroup;
			children = (
				D04DBD891D5178CD00BB8172 /* Common */,
				D04DBD4E1D5178B200BB8172 /* External */,
				13F77D361D2EE581003EF38D /* Supporting Files */,
				D08E5F831D4AF03500A58F80 /* ViewControllers */,
				13F77D391D2EE581003EF38D /* AppDelegate.h */,
				13F77D3A1D2EE581003EF38D /* AppDelegate.m */,
				D04A41331D50F22D00C850FB /* Main.storyboard */,
				13F77D421D2EE581003EF38D /* Images.xcassets */,
				13F77D441D2EE581003EF38D /* LaunchScreen.storyboard */,
			);
			path = Pulse;
			sourceTree = "<group>";
		};
		13F77D361D2EE581003EF38D /* Supporting Files */ = {
			isa = PBXGroup;
			children = (
				13F77D471D2EE581003EF38D /* Info.plist */,
				13F77D371D2EE581003EF38D /* main.m */,
				13F77D691D2EE6B6003EF38D /* loginScreenBackground.png */,
				13F77D6A1D2EE6B6003EF38D /* backButton.png */,
				13F77D6B1D2EE6B6003EF38D /* continueButton.png */,
				13F77D6C1D2EE6B6003EF38D /* partyBoardLogoL.png */,
			);
			name = "Supporting Files";
			sourceTree = "<group>";
		};
		13F77D4F1D2EE581003EF38D /* PulseTests */ = {
			isa = PBXGroup;
			children = (
				13F77D501D2EE581003EF38D /* PulseTests.m */,
				13F77D521D2EE581003EF38D /* Info.plist */,
			);
			path = PulseTests;
			sourceTree = "<group>";
		};
		D04DBD4E1D5178B200BB8172 /* External */ = {
			isa = PBXGroup;
			children = (
				D04DBD511D5178B200BB8172 /* Reachability */,
				D04DBD541D5178B200BB8172 /* SCLAlertView */,
				D04DBD641D5178B200BB8172 /* StatusBarNotifications */,
				D04DBD6E1D5178B200BB8172 /* StringUtil */,
				D04DBD731D5178B200BB8172 /* ViewControllerAdditions */,
				D04DBD4F1D5178B200BB8172 /* MBProgressHUD.h */,
				D04DBD501D5178B200BB8172 /* MBProgressHUD.m */,
			);
			path = External;
			sourceTree = "<group>";
		};
		D04DBD511D5178B200BB8172 /* Reachability */ = {
			isa = PBXGroup;
			children = (
				D04DBD521D5178B200BB8172 /* Reachability.h */,
				D04DBD531D5178B200BB8172 /* Reachability.m */,
			);
			path = Reachability;
			sourceTree = "<group>";
		};
		D04DBD541D5178B200BB8172 /* SCLAlertView */ = {
			isa = PBXGroup;
			children = (
				D04DBD551D5178B200BB8172 /* SCLAlertView.h */,
				D04DBD561D5178B200BB8172 /* SCLAlertView.m */,
				D04DBD571D5178B200BB8172 /* SCLAlertViewResponder.h */,
				D04DBD581D5178B200BB8172 /* SCLAlertViewResponder.m */,
				D04DBD591D5178B200BB8172 /* SCLAlertViewStyleKit.h */,
				D04DBD5A1D5178B200BB8172 /* SCLAlertViewStyleKit.m */,
				D04DBD5B1D5178B200BB8172 /* SCLButton.h */,
				D04DBD5C1D5178B200BB8172 /* SCLButton.m */,
				D04DBD5D1D5178B200BB8172 /* SCLMacros.h */,
				D04DBD5E1D5178B200BB8172 /* SCLTextView.h */,
				D04DBD5F1D5178B200BB8172 /* SCLTextView.m */,
				D04DBD601D5178B200BB8172 /* SCLTimerDisplay.h */,
				D04DBD611D5178B200BB8172 /* SCLTimerDisplay.m */,
				D04DBD621D5178B200BB8172 /* UIImage+ImageEffects.h */,
				D04DBD631D5178B200BB8172 /* UIImage+ImageEffects.m */,
			);
			path = SCLAlertView;
			sourceTree = "<group>";
		};
		D04DBD641D5178B200BB8172 /* StatusBarNotifications */ = {
			isa = PBXGroup;
			children = (
				D04DBD651D5178B200BB8172 /* Icons */,
				D04DBD6C1D5178B200BB8172 /* TWMessageBarManager.h */,
				D04DBD6D1D5178B200BB8172 /* TWMessageBarManager.m */,
			);
			path = StatusBarNotifications;
			sourceTree = "<group>";
		};
		D04DBD651D5178B200BB8172 /* Icons */ = {
			isa = PBXGroup;
			children = (
				D04DBD661D5178B200BB8172 /* icon-error.png */,
				D04DBD671D5178B200BB8172 /* icon-error@2x.png */,
				D04DBD681D5178B200BB8172 /* icon-info.png */,
				D04DBD691D5178B200BB8172 /* icon-info@2x.png */,
				D04DBD6A1D5178B200BB8172 /* icon-success.png */,
				D04DBD6B1D5178B200BB8172 /* icon-success@2x.png */,
			);
			path = Icons;
			sourceTree = "<group>";
		};
		D04DBD6E1D5178B200BB8172 /* StringUtil */ = {
			isa = PBXGroup;
			children = (
				D04DBD6F1D5178B200BB8172 /* NSString+Additions.h */,
				D04DBD701D5178B200BB8172 /* NSString+Additions.m */,
				D04DBD711D5178B200BB8172 /* StringUtil.h */,
				D04DBD721D5178B200BB8172 /* StringUtil.m */,
			);
			path = StringUtil;
			sourceTree = "<group>";
		};
		D04DBD731D5178B200BB8172 /* ViewControllerAdditions */ = {
			isa = PBXGroup;
			children = (
				D04DBD741D5178B200BB8172 /* UIViewControllerAdditions.h */,
				D04DBD751D5178B200BB8172 /* UIViewControllerAdditions.m */,
			);
			path = ViewControllerAdditions;
			sourceTree = "<group>";
		};
		D04DBD891D5178CD00BB8172 /* Common */ = {
			isa = PBXGroup;
			children = (
				D04DBD8A1D5178CD00BB8172 /* defs.h */,
				D04DBD8B1D5178CD00BB8172 /* GlobalFunctions.h */,
				D04DBD8C1D5178CD00BB8172 /* GlobalFunctions.m */,
				D04DBD8D1D5178CD00BB8172 /* Message.h */,
			);
			path = Common;
			sourceTree = "<group>";
		};
		D08E5F831D4AF03500A58F80 /* ViewControllers */ = {
			isa = PBXGroup;
			children = (
				D04DBD8F1D517C7D00BB8172 /* AccountViewController.h */,
				D04DBD901D517C7D00BB8172 /* AccountViewController.m */,
				D0CB55871D51781300BAE462 /* AuthViewController.h */,
				D0CB55881D51781300BAE462 /* AuthViewController.m */,
				D04DBD911D517C7D00BB8172 /* CreateViewController.h */,
				D04DBD921D517C7D00BB8172 /* CreateViewController.m */,
				D0CB55891D51781300BAE462 /* CustomTabViewController.h */,
				D0CB558A1D51781300BAE462 /* CustomTabViewController.m */,
				D0A55EC41D53B96D00C8172C /* DateCreateViewController.h */,
				D0A55EC51D53B96D00C8172C /* DateCreateViewController.m */,
				D04DBD931D517C7D00BB8172 /* FindViewController.h */,
				D04DBD941D517C7D00BB8172 /* FindViewController.m */,
				D0A55EC21D539AD100C8172C /* GuestsCreateViewController.h */,
				D0A55EC11D539AD100C8172C /* GuestsCreateViewController.m */,
				D0CB558B1D51781300BAE462 /* HomeViewController.h */,
				D0CB558C1D51781300BAE462 /* HomeViewController.m */,
				D04DBD951D517C7D00BB8172 /* NotificationsViewController.h */,
				D04DBD961D517C7D00BB8172 /* NotificationsViewController.m */,
				D0CB558D1D51781300BAE462 /* SignInViewController.h */,
				D0CB558E1D51781300BAE462 /* SignInViewController.m */,
				D0CB558F1D51781300BAE462 /* SignUpViewController.h */,
				D0CB55901D51781300BAE462 /* SignUpViewController.m */,
			);
			name = ViewControllers;
			sourceTree = "<group>";
		};
/* End PBXGroup section */

/* Begin PBXNativeTarget section */
		13F77D321D2EE581003EF38D /* Pulse */ = {
			isa = PBXNativeTarget;
			buildConfigurationList = 13F77D601D2EE581003EF38D /* Build configuration list for PBXNativeTarget "Pulse" */;
			buildPhases = (
				13F77D2F1D2EE581003EF38D /* Sources */,
				13F77D301D2EE581003EF38D /* Frameworks */,
				13F77D311D2EE581003EF38D /* Resources */,
			);
			buildRules = (
			);
			dependencies = (
			);
			name = Pulse;
			productName = Pulse;
			productReference = 13F77D331D2EE581003EF38D /* Pulse.app */;
			productType = "com.apple.product-type.application";
		};
		13F77D4B1D2EE581003EF38D /* PulseTests */ = {
			isa = PBXNativeTarget;
			buildConfigurationList = 13F77D631D2EE581003EF38D /* Build configuration list for PBXNativeTarget "PulseTests" */;
			buildPhases = (
				13F77D481D2EE581003EF38D /* Sources */,
				13F77D491D2EE581003EF38D /* Frameworks */,
				13F77D4A1D2EE581003EF38D /* Resources */,
			);
			buildRules = (
			);
			dependencies = (
				13F77D4E1D2EE581003EF38D /* PBXTargetDependency */,
			);
			name = PulseTests;
			productName = PulseTests;
			productReference = 13F77D4C1D2EE581003EF38D /* PulseTests.xctest */;
			productType = "com.apple.product-type.bundle.unit-test";
		};
		13F77D561D2EE581003EF38D /* PulseUITests */ = {
			isa = PBXNativeTarget;
			buildConfigurationList = 13F77D661D2EE581003EF38D /* Build configuration list for PBXNativeTarget "PulseUITests" */;
			buildPhases = (
				13F77D531D2EE581003EF38D /* Sources */,
				13F77D541D2EE581003EF38D /* Frameworks */,
				13F77D551D2EE581003EF38D /* Resources */,
			);
			buildRules = (
			);
			dependencies = (
				13F77D591D2EE581003EF38D /* PBXTargetDependency */,
			);
			name = PulseUITests;
			productName = PulseUITests;
			productReference = 13F77D571D2EE581003EF38D /* PulseUITests.xctest */;
			productType = "com.apple.product-type.bundle.ui-testing";
		};
/* End PBXNativeTarget section */

/* Begin PBXProject section */
		13F77D2B1D2EE581003EF38D /* Project object */ = {
			isa = PBXProject;
			attributes = {
				LastUpgradeCheck = 0730;
				ORGANIZATIONNAME = domain;
				TargetAttributes = {
					13F77D321D2EE581003EF38D = {
						CreatedOnToolsVersion = 7.3.1;
						DevelopmentTeam = Y64H65SHZL;
						SystemCapabilities = {
							com.apple.Maps.iOS = {
								enabled = 1;
							};
						};
					};
					13F77D4B1D2EE581003EF38D = {
						CreatedOnToolsVersion = 7.3.1;
						TestTargetID = 13F77D321D2EE581003EF38D;
					};
					13F77D561D2EE581003EF38D = {
						CreatedOnToolsVersion = 7.3.1;
						TestTargetID = 13F77D321D2EE581003EF38D;
					};
				};
			};
			buildConfigurationList = 13F77D2E1D2EE581003EF38D /* Build configuration list for PBXProject "Pulse" */;
			compatibilityVersion = "Xcode 6.3";
			developmentRegion = English;
			hasScannedForEncodings = 0;
			knownRegions = (
				en,
				Base,
			);
			mainGroup = 13F77D2A1D2EE581003EF38D;
			productRefGroup = 13F77D341D2EE581003EF38D /* Products */;
			projectDirPath = "";
			projectRoot = "";
			targets = (
				13F77D321D2EE581003EF38D /* Pulse */,
				13F77D4B1D2EE581003EF38D /* PulseTests */,
				13F77D561D2EE581003EF38D /* PulseUITests */,
			);
		};
/* End PBXProject section */

/* Begin PBXResourcesBuildPhase section */
		13F77D311D2EE581003EF38D /* Resources */ = {
			isa = PBXResourcesBuildPhase;
			buildActionMask = 2147483647;
			files = (
				13F77D461D2EE581003EF38D /* LaunchScreen.storyboard in Resources */,
				D04DBD831D5178B200BB8172 /* icon-success.png in Resources */,
				D04DBD811D5178B200BB8172 /* icon-info.png in Resources */,
				D04DBD821D5178B200BB8172 /* icon-info@2x.png in Resources */,
				13F77D6D1D2EE6B6003EF38D /* loginScreenBackground.png in Resources */,
				D04DBD7F1D5178B200BB8172 /* icon-error.png in Resources */,
				D04A41311D50F22D00C850FB /* Main.storyboard in Resources */,
				13F77D6E1D2EE6B6003EF38D /* backButton.png in Resources */,
				13F77D431D2EE581003EF38D /* Images.xcassets in Resources */,
				13F77D701D2EE6B6003EF38D /* partyBoardLogoL.png in Resources */,
				13F77D6F1D2EE6B6003EF38D /* continueButton.png in Resources */,
				D04DBD841D5178B200BB8172 /* icon-success@2x.png in Resources */,
				D04DBD801D5178B200BB8172 /* icon-error@2x.png in Resources */,
			);
			runOnlyForDeploymentPostprocessing = 0;
		};
		13F77D4A1D2EE581003EF38D /* Resources */ = {
			isa = PBXResourcesBuildPhase;
			buildActionMask = 2147483647;
			files = (
			);
			runOnlyForDeploymentPostprocessing = 0;
		};
		13F77D551D2EE581003EF38D /* Resources */ = {
			isa = PBXResourcesBuildPhase;
			buildActionMask = 2147483647;
			files = (
			);
			runOnlyForDeploymentPostprocessing = 0;
		};
/* End PBXResourcesBuildPhase section */

/* Begin PBXSourcesBuildPhase section */
		13F77D2F1D2EE581003EF38D /* Sources */ = {
			isa = PBXSourcesBuildPhase;
			buildActionMask = 2147483647;
			files = (
				D04DBD7B1D5178B200BB8172 /* SCLButton.m in Sources */,
				D04DBD871D5178B200BB8172 /* StringUtil.m in Sources */,
				D04DBD791D5178B200BB8172 /* SCLAlertViewResponder.m in Sources */,
				D04DBD7D1D5178B200BB8172 /* SCLTimerDisplay.m in Sources */,
				D0CB55911D51781300BAE462 /* AuthViewController.m in Sources */,
				13F77D3B1D2EE581003EF38D /* AppDelegate.m in Sources */,
				D0CB55921D51781300BAE462 /* CustomTabViewController.m in Sources */,
				D0CB55941D51781300BAE462 /* SignInViewController.m in Sources */,
				D04DBD861D5178B200BB8172 /* NSString+Additions.m in Sources */,
				D04DBD781D5178B200BB8172 /* SCLAlertView.m in Sources */,
				D04DBD761D5178B200BB8172 /* MBProgressHUD.m in Sources */,
				D0A55EC31D539AD100C8172C /* GuestsCreateViewController.m in Sources */,
				D0A55EC61D53B96D00C8172C /* DateCreateViewController.m in Sources */,
				D04DBD851D5178B200BB8172 /* TWMessageBarManager.m in Sources */,
				D04DBD771D5178B200BB8172 /* Reachability.m in Sources */,
				13F77D381D2EE581003EF38D /* main.m in Sources */,
				D04DBD7A1D5178B200BB8172 /* SCLAlertViewStyleKit.m in Sources */,
				D04DBD991D517C7D00BB8172 /* FindViewController.m in Sources */,
				D04DBD7E1D5178B200BB8172 /* UIImage+ImageEffects.m in Sources */,
				D04DBD981D517C7D00BB8172 /* CreateViewController.m in Sources */,
				D04DBD971D517C7D00BB8172 /* AccountViewController.m in Sources */,
				D0CB55951D51781300BAE462 /* SignUpViewController.m in Sources */,
				D04DBD9A1D517C7D00BB8172 /* NotificationsViewController.m in Sources */,
				D04DBD7C1D5178B200BB8172 /* SCLTextView.m in Sources */,
				D04DBD881D5178B200BB8172 /* UIViewControllerAdditions.m in Sources */,
				D04DBD8E1D5178CD00BB8172 /* GlobalFunctions.m in Sources */,
				D0CB55931D51781300BAE462 /* HomeViewController.m in Sources */,
			);
			runOnlyForDeploymentPostprocessing = 0;
		};
		13F77D481D2EE581003EF38D /* Sources */ = {
			isa = PBXSourcesBuildPhase;
			buildActionMask = 2147483647;
			files = (
				13F77D511D2EE581003EF38D /* PulseTests.m in Sources */,
			);
			runOnlyForDeploymentPostprocessing = 0;
		};
		13F77D531D2EE581003EF38D /* Sources */ = {
			isa = PBXSourcesBuildPhase;
			buildActionMask = 2147483647;
			files = (
			);
			runOnlyForDeploymentPostprocessing = 0;
		};
/* End PBXSourcesBuildPhase section */

/* Begin PBXTargetDependency section */
		13F77D4E1D2EE581003EF38D /* PBXTargetDependency */ = {
			isa = PBXTargetDependency;
			target = 13F77D321D2EE581003EF38D /* Pulse */;
			targetProxy = 13F77D4D1D2EE581003EF38D /* PBXContainerItemProxy */;
		};
		13F77D591D2EE581003EF38D /* PBXTargetDependency */ = {
			isa = PBXTargetDependency;
			target = 13F77D321D2EE581003EF38D /* Pulse */;
			targetProxy = 13F77D581D2EE581003EF38D /* PBXContainerItemProxy */;
		};
/* End PBXTargetDependency section */

/* Begin PBXVariantGroup section */
		13F77D441D2EE581003EF38D /* LaunchScreen.storyboard */ = {
			isa = PBXVariantGroup;
			children = (
				13F77D451D2EE581003EF38D /* Base */,
			);
			name = LaunchScreen.storyboard;
			sourceTree = "<group>";
		};
		D04A41331D50F22D00C850FB /* Main.storyboard */ = {
			isa = PBXVariantGroup;
			children = (
				D04A41321D50F22D00C850FB /* Base */,
			);
			name = Main.storyboard;
			sourceTree = "<group>";
		};
/* End PBXVariantGroup section */

/* Begin XCBuildConfiguration section */
		13F77D5E1D2EE581003EF38D /* Debug */ = {
			isa = XCBuildConfiguration;
			buildSettings = {
				ALWAYS_SEARCH_USER_PATHS = NO;
				CLANG_ANALYZER_NONNULL = YES;
				CLANG_CXX_LANGUAGE_STANDARD = "gnu++0x";
				CLANG_CXX_LIBRARY = "libc++";
				CLANG_ENABLE_MODULES = YES;
				CLANG_ENABLE_OBJC_ARC = YES;
				CLANG_WARN_BOOL_CONVERSION = YES;
				CLANG_WARN_CONSTANT_CONVERSION = YES;
				CLANG_WARN_DIRECT_OBJC_ISA_USAGE = YES_ERROR;
				CLANG_WARN_EMPTY_BODY = YES;
				CLANG_WARN_ENUM_CONVERSION = YES;
				CLANG_WARN_INT_CONVERSION = YES;
				CLANG_WARN_OBJC_ROOT_CLASS = YES_ERROR;
				CLANG_WARN_UNREACHABLE_CODE = YES;
				CLANG_WARN__DUPLICATE_METHOD_MATCH = YES;
				"CODE_SIGN_IDENTITY[sdk=iphoneos*]" = "iPhone Developer";
				COPY_PHASE_STRIP = NO;
				DEBUG_INFORMATION_FORMAT = dwarf;
				ENABLE_STRICT_OBJC_MSGSEND = YES;
				ENABLE_TESTABILITY = YES;
				GCC_C_LANGUAGE_STANDARD = gnu99;
				GCC_DYNAMIC_NO_PIC = NO;
				GCC_NO_COMMON_BLOCKS = YES;
				GCC_OPTIMIZATION_LEVEL = 0;
				GCC_PREPROCESSOR_DEFINITIONS = (
					"DEBUG=1",
					"$(inherited)",
				);
				GCC_WARN_64_TO_32_BIT_CONVERSION = YES;
				GCC_WARN_ABOUT_RETURN_TYPE = YES_ERROR;
				GCC_WARN_UNDECLARED_SELECTOR = YES;
				GCC_WARN_UNINITIALIZED_AUTOS = YES_AGGRESSIVE;
				GCC_WARN_UNUSED_FUNCTION = YES;
				GCC_WARN_UNUSED_VARIABLE = YES;
				IPHONEOS_DEPLOYMENT_TARGET = 9.3;
				MTL_ENABLE_DEBUG_INFO = YES;
				ONLY_ACTIVE_ARCH = YES;
				SDKROOT = iphoneos;
				TARGETED_DEVICE_FAMILY = "1,2";
			};
			name = Debug;
		};
		13F77D5F1D2EE581003EF38D /* Release */ = {
			isa = XCBuildConfiguration;
			buildSettings = {
				ALWAYS_SEARCH_USER_PATHS = NO;
				CLANG_ANALYZER_NONNULL = YES;
				CLANG_CXX_LANGUAGE_STANDARD = "gnu++0x";
				CLANG_CXX_LIBRARY = "libc++";
				CLANG_ENABLE_MODULES = YES;
				CLANG_ENABLE_OBJC_ARC = YES;
				CLANG_WARN_BOOL_CONVERSION = YES;
				CLANG_WARN_CONSTANT_CONVERSION = YES;
				CLANG_WARN_DIRECT_OBJC_ISA_USAGE = YES_ERROR;
				CLANG_WARN_EMPTY_BODY = YES;
				CLANG_WARN_ENUM_CONVERSION = YES;
				CLANG_WARN_INT_CONVERSION = YES;
				CLANG_WARN_OBJC_ROOT_CLASS = YES_ERROR;
				CLANG_WARN_UNREACHABLE_CODE = YES;
				CLANG_WARN__DUPLICATE_METHOD_MATCH = YES;
				"CODE_SIGN_IDENTITY[sdk=iphoneos*]" = "iPhone Developer";
				COPY_PHASE_STRIP = NO;
				DEBUG_INFORMATION_FORMAT = "dwarf-with-dsym";
				ENABLE_NS_ASSERTIONS = NO;
				ENABLE_STRICT_OBJC_MSGSEND = YES;
				GCC_C_LANGUAGE_STANDARD = gnu99;
				GCC_NO_COMMON_BLOCKS = YES;
				GCC_WARN_64_TO_32_BIT_CONVERSION = YES;
				GCC_WARN_ABOUT_RETURN_TYPE = YES_ERROR;
				GCC_WARN_UNDECLARED_SELECTOR = YES;
				GCC_WARN_UNINITIALIZED_AUTOS = YES_AGGRESSIVE;
				GCC_WARN_UNUSED_FUNCTION = YES;
				GCC_WARN_UNUSED_VARIABLE = YES;
				IPHONEOS_DEPLOYMENT_TARGET = 9.3;
				MTL_ENABLE_DEBUG_INFO = NO;
				SDKROOT = iphoneos;
				TARGETED_DEVICE_FAMILY = "1,2";
				VALIDATE_PRODUCT = YES;
			};
			name = Release;
		};
		13F77D611D2EE581003EF38D /* Debug */ = {
			isa = XCBuildConfiguration;
			buildSettings = {
				ASSETCATALOG_COMPILER_APPICON_NAME = AppIcon;
				ASSETCATALOG_COMPILER_LAUNCHIMAGE_NAME = LaunchImage;
				CODE_SIGN_IDENTITY = "iPhone Developer";
				"CODE_SIGN_IDENTITY[sdk=iphoneos*]" = "iPhone Developer";
				INFOPLIST_FILE = Pulse/Info.plist;
				IPHONEOS_DEPLOYMENT_TARGET = 7.0;
				LD_RUNPATH_SEARCH_PATHS = "$(inherited) @executable_path/Frameworks";
				PRODUCT_BUNDLE_IDENTIFIER = com.domain.pulse;
				PRODUCT_NAME = "$(TARGET_NAME)";
				PROVISIONING_PROFILE = "c287498a-b883-4388-8ec3-80443fb8ddaf";
				TARGETED_DEVICE_FAMILY = 1;
			};
			name = Debug;
		};
		13F77D621D2EE581003EF38D /* Release */ = {
			isa = XCBuildConfiguration;
			buildSettings = {
				ASSETCATALOG_COMPILER_APPICON_NAME = AppIcon;
				ASSETCATALOG_COMPILER_LAUNCHIMAGE_NAME = LaunchImage;
				CODE_SIGN_IDENTITY = "iPhone Developer";
				"CODE_SIGN_IDENTITY[sdk=iphoneos*]" = "iPhone Developer";
				INFOPLIST_FILE = Pulse/Info.plist;
				IPHONEOS_DEPLOYMENT_TARGET = 7.0;
				LD_RUNPATH_SEARCH_PATHS = "$(inherited) @executable_path/Frameworks";
				PRODUCT_BUNDLE_IDENTIFIER = com.domain.pulse;
				PRODUCT_NAME = "$(TARGET_NAME)";
				PROVISIONING_PROFILE = "c287498a-b883-4388-8ec3-80443fb8ddaf";
				TARGETED_DEVICE_FAMILY = 1;
			};
			name = Release;
		};
		13F77D641D2EE581003EF38D /* Debug */ = {
			isa = XCBuildConfiguration;
			buildSettings = {
				BUNDLE_LOADER = "$(TEST_HOST)";
				INFOPLIST_FILE = PulseTests/Info.plist;
				LD_RUNPATH_SEARCH_PATHS = "$(inherited) @executable_path/Frameworks @loader_path/Frameworks";
				PRODUCT_BUNDLE_IDENTIFIER = com.null.PulseTests;
				PRODUCT_NAME = "$(TARGET_NAME)";
				TEST_HOST = "$(BUILT_PRODUCTS_DIR)/Pulse.app/PartyBoard";
			};
			name = Debug;
		};
		13F77D651D2EE581003EF38D /* Release */ = {
			isa = XCBuildConfiguration;
			buildSettings = {
				BUNDLE_LOADER = "$(TEST_HOST)";
				INFOPLIST_FILE = PulseTests/Info.plist;
				LD_RUNPATH_SEARCH_PATHS = "$(inherited) @executable_path/Frameworks @loader_path/Frameworks";
				PRODUCT_BUNDLE_IDENTIFIER = com.null.PulseTests;
				PRODUCT_NAME = "$(TARGET_NAME)";
				TEST_HOST = "$(BUILT_PRODUCTS_DIR)/Pulse.app/PartyBoard";
			};
			name = Release;
		};
		13F77D671D2EE581003EF38D /* Debug */ = {
			isa = XCBuildConfiguration;
			buildSettings = {
				INFOPLIST_FILE = PulseUITests/Info.plist;
				LD_RUNPATH_SEARCH_PATHS = "$(inherited) @executable_path/Frameworks @loader_path/Frameworks";
				PRODUCT_BUNDLE_IDENTIFIER = com.null.PulseUITests;
				PRODUCT_NAME = "$(TARGET_NAME)";
				TEST_TARGET_NAME = Pulse;
			};
			name = Debug;
		};
		13F77D681D2EE581003EF38D /* Release */ = {
			isa = XCBuildConfiguration;
			buildSettings = {
				INFOPLIST_FILE = PulseUITests/Info.plist;
				LD_RUNPATH_SEARCH_PATHS = "$(inherited) @executable_path/Frameworks @loader_path/Frameworks";
				PRODUCT_BUNDLE_IDENTIFIER = com.null.PulseUITests;
				PRODUCT_NAME = "$(TARGET_NAME)";
				TEST_TARGET_NAME = Pulse;
			};
			name = Release;
		};
/* End XCBuildConfiguration section */

/* Begin XCConfigurationList section */
		13F77D2E1D2EE581003EF38D /* Build configuration list for PBXProject "Pulse" */ = {
			isa = XCConfigurationList;
			buildConfigurations = (
				13F77D5E1D2EE581003EF38D /* Debug */,
				13F77D5F1D2EE581003EF38D /* Release */,
			);
			defaultConfigurationIsVisible = 0;
			defaultConfigurationName = Release;
		};
		13F77D601D2EE581003EF38D /* Build configuration list for PBXNativeTarget "Pulse" */ = {
			isa = XCConfigurationList;
			buildConfigurations = (
				13F77D611D2EE581003EF38D /* Debug */,
				13F77D621D2EE581003EF38D /* Release */,
			);
			defaultConfigurationIsVisible = 0;
			defaultConfigurationName = Release;
		};
		13F77D631D2EE581003EF38D /* Build configuration list for PBXNativeTarget "PulseTests" */ = {
			isa = XCConfigurationList;
			buildConfigurations = (
				13F77D641D2EE581003EF38D /* Debug */,
				13F77D651D2EE581003EF38D /* Release */,
			);
			defaultConfigurationIsVisible = 0;
			defaultConfigurationName = Release;
		};
		13F77D661D2EE581003EF38D /* Build configuration list for PBXNativeTarget "PulseUITests" */ = {
			isa = XCConfigurationList;
			buildConfigurations = (
				13F77D671D2EE581003EF38D /* Debug */,
				13F77D681D2EE581003EF38D /* Release */,
			);
			defaultConfigurationIsVisible = 0;
			defaultConfigurationName = Release;
		};
/* End XCConfigurationList section */
	};
	rootObject = 13F77D2B1D2EE581003EF38D /* Project object */;
}
