// !$*UTF8*$!
{
	archiveVersion = 1;
	classes = {
	};
	objectVersion = 48;
	objects = {

/* Begin PBXBuildFile section */
		13F77D381D2EE581003EF38D /* main.m in Sources */ = {isa = PBXBuildFile; fileRef = 13F77D371D2EE581003EF38D /* main.m */; };
		13F77D3B1D2EE581003EF38D /* AppDelegate.m in Sources */ = {isa = PBXBuildFile; fileRef = 13F77D3A1D2EE581003EF38D /* AppDelegate.m */; };
		13F77D431D2EE581003EF38D /* Images.xcassets in Resources */ = {isa = PBXBuildFile; fileRef = 13F77D421D2EE581003EF38D /* Images.xcassets */; };
		13F77D461D2EE581003EF38D /* LaunchScreen.storyboard in Resources */ = {isa = PBXBuildFile; fileRef = 13F77D441D2EE581003EF38D /* LaunchScreen.storyboard */; };
		13F77D511D2EE581003EF38D /* PulseTests.m in Sources */ = {isa = PBXBuildFile; fileRef = 13F77D501D2EE581003EF38D /* PulseTests.m */; };
		13F77D6D1D2EE6B6003EF38D /* loginScreenBackground.png in Resources */ = {isa = PBXBuildFile; fileRef = 13F77D691D2EE6B6003EF38D /* loginScreenBackground.png */; };
		13F77D6E1D2EE6B6003EF38D /* backButton.png in Resources */ = {isa = PBXBuildFile; fileRef = 13F77D6A1D2EE6B6003EF38D /* backButton.png */; };
		13F77D6F1D2EE6B6003EF38D /* continueButton.png in Resources */ = {isa = PBXBuildFile; fileRef = 13F77D6B1D2EE6B6003EF38D /* continueButton.png */; };
		13F77D701D2EE6B6003EF38D /* partyBoardLogoL.png in Resources */ = {isa = PBXBuildFile; fileRef = 13F77D6C1D2EE6B6003EF38D /* partyBoardLogoL.png */; };
		D00ECE401D6E4C5F0067CA9A /* EventsViewController.m in Sources */ = {isa = PBXBuildFile; fileRef = D00ECE3F1D6E4C5F0067CA9A /* EventsViewController.m */; };
		D01350EA1D5A99BA00ACD2C1 /* PartyClass.m in Sources */ = {isa = PBXBuildFile; fileRef = D01350E91D5A99BA00ACD2C1 /* PartyClass.m */; };
		D0284E081D5AA0E000DF5622 /* CoreLocation.framework in Frameworks */ = {isa = PBXBuildFile; fileRef = D0284E071D5AA0E000DF5622 /* CoreLocation.framework */; };
		D0284E0A1D5AA0EF00DF5622 /* CoreGraphics.framework in Frameworks */ = {isa = PBXBuildFile; fileRef = D0284E091D5AA0EF00DF5622 /* CoreGraphics.framework */; };
		D0284E0C1D5AA0F400DF5622 /* MessageUI.framework in Frameworks */ = {isa = PBXBuildFile; fileRef = D0284E0B1D5AA0F400DF5622 /* MessageUI.framework */; };
		D0330E3A1D7C81AD0080A3CC /* SVWebViewController.strings in Resources */ = {isa = PBXBuildFile; fileRef = D0330E1B1D7C81AD0080A3CC /* SVWebViewController.strings */; };
		D0330E3B1D7C81AD0080A3CC /* SVModalWebViewController.m in Sources */ = {isa = PBXBuildFile; fileRef = D0330E251D7C81AD0080A3CC /* SVModalWebViewController.m */; };
		D0330E3C1D7C81AD0080A3CC /* SVWebViewController.bundle in Resources */ = {isa = PBXBuildFile; fileRef = D0330E261D7C81AD0080A3CC /* SVWebViewController.bundle */; };
		D0330E3D1D7C81AD0080A3CC /* SVWebViewController.m in Sources */ = {isa = PBXBuildFile; fileRef = D0330E281D7C81AD0080A3CC /* SVWebViewController.m */; };
		D0330E3E1D7C81AD0080A3CC /* SVWebViewControllerActivityChrome-iPad.png in Resources */ = {isa = PBXBuildFile; fileRef = D0330E2B1D7C81AD0080A3CC /* SVWebViewControllerActivityChrome-iPad.png */; };
		D0330E3F1D7C81AD0080A3CC /* SVWebViewControllerActivityChrome-iPad@2x.png in Resources */ = {isa = PBXBuildFile; fileRef = D0330E2C1D7C81AD0080A3CC /* SVWebViewControllerActivityChrome-iPad@2x.png */; };
		D0330E401D7C81AD0080A3CC /* SVWebViewControllerActivityChrome.m in Sources */ = {isa = PBXBuildFile; fileRef = D0330E2E1D7C81AD0080A3CC /* SVWebViewControllerActivityChrome.m */; };
		D0330E411D7C81AD0080A3CC /* SVWebViewControllerActivityChrome@2x.png in Resources */ = {isa = PBXBuildFile; fileRef = D0330E2F1D7C81AD0080A3CC /* SVWebViewControllerActivityChrome@2x.png */; };
		D0330E421D7C81AD0080A3CC /* SVWebViewControllerActivitySafari-iPad.png in Resources */ = {isa = PBXBuildFile; fileRef = D0330E311D7C81AD0080A3CC /* SVWebViewControllerActivitySafari-iPad.png */; };
		D0330E431D7C81AD0080A3CC /* SVWebViewControllerActivitySafari-iPad@2x.png in Resources */ = {isa = PBXBuildFile; fileRef = D0330E321D7C81AD0080A3CC /* SVWebViewControllerActivitySafari-iPad@2x.png */; };
		D0330E441D7C81AD0080A3CC /* SVWebViewControllerActivitySafari.m in Sources */ = {isa = PBXBuildFile; fileRef = D0330E341D7C81AD0080A3CC /* SVWebViewControllerActivitySafari.m */; };
		D0330E451D7C81AD0080A3CC /* SVWebViewControllerActivitySafari@2x.png in Resources */ = {isa = PBXBuildFile; fileRef = D0330E351D7C81AD0080A3CC /* SVWebViewControllerActivitySafari@2x.png */; };
		D0330E461D7C81AD0080A3CC /* SVWebViewControllerActivity.m in Sources */ = {isa = PBXBuildFile; fileRef = D0330E371D7C81AD0080A3CC /* SVWebViewControllerActivity.m */; };
		D03CEE931D569E9200D2586D /* AnimatedMethods.m in Sources */ = {isa = PBXBuildFile; fileRef = D03CEE921D569E9200D2586D /* AnimatedMethods.m */; };
		D03CEE961D569ECE00D2586D /* CustomButton.m in Sources */ = {isa = PBXBuildFile; fileRef = D03CEE951D569ECE00D2586D /* CustomButton.m */; };
		D03CEEC01D56D2D700D2586D /* AccountViewController.m in Sources */ = {isa = PBXBuildFile; fileRef = D03CEEA11D56D2D700D2586D /* AccountViewController.m */; };
		D03CEEC11D56D2D700D2586D /* SettingsViewController.m in Sources */ = {isa = PBXBuildFile; fileRef = D03CEEA31D56D2D700D2586D /* SettingsViewController.m */; };
		D03CEECA1D56D2D700D2586D /* CustomTabViewController.m in Sources */ = {isa = PBXBuildFile; fileRef = D03CEEB71D56D2D700D2586D /* CustomTabViewController.m */; };
		D03CEECD1D56D2D700D2586D /* NotificationsViewController.m in Sources */ = {isa = PBXBuildFile; fileRef = D03CEEBF1D56D2D700D2586D /* NotificationsViewController.m */; };
		D044E13E1D90339200AB81BC /* CollectionViewCellImage.m in Sources */ = {isa = PBXBuildFile; fileRef = D044E1311D90339200AB81BC /* CollectionViewCellImage.m */; };
		D044E13F1D90339200AB81BC /* CollectionViewCellParty.m in Sources */ = {isa = PBXBuildFile; fileRef = D044E1331D90339200AB81BC /* CollectionViewCellParty.m */; };
		D044E1401D90339200AB81BC /* TableViewCellAccount.m in Sources */ = {isa = PBXBuildFile; fileRef = D044E1351D90339200AB81BC /* TableViewCellAccount.m */; };
		D044E1411D90339200AB81BC /* TableViewCellFeed.m in Sources */ = {isa = PBXBuildFile; fileRef = D044E1371D90339200AB81BC /* TableViewCellFeed.m */; };
		D044E1421D90339200AB81BC /* TableViewCellNotification.m in Sources */ = {isa = PBXBuildFile; fileRef = D044E1391D90339200AB81BC /* TableViewCellNotification.m */; };
		D044E1431D90339200AB81BC /* TableViewCellInvite.m in Sources */ = {isa = PBXBuildFile; fileRef = D044E13B1D90339200AB81BC /* TableViewCellInvite.m */; };
		D044E1441D90339200AB81BC /* TableViewCellRequests.m in Sources */ = {isa = PBXBuildFile; fileRef = D044E13D1D90339200AB81BC /* TableViewCellRequests.m */; };
		D044E1521D90341100AB81BC /* CreateViewController.m in Sources */ = {isa = PBXBuildFile; fileRef = D044E1471D90341100AB81BC /* CreateViewController.m */; };
		D044E1531D90341100AB81BC /* DateCreateViewController.m in Sources */ = {isa = PBXBuildFile; fileRef = D044E1491D90341100AB81BC /* DateCreateViewController.m */; };
		D044E1541D90341100AB81BC /* GuestsCreateViewController.m in Sources */ = {isa = PBXBuildFile; fileRef = D044E14B1D90341100AB81BC /* GuestsCreateViewController.m */; };
		D044E1551D90341100AB81BC /* InviteCreateViewController.m in Sources */ = {isa = PBXBuildFile; fileRef = D044E14D1D90341100AB81BC /* InviteCreateViewController.m */; };
		D044E1561D90341100AB81BC /* PreviewViewController.m in Sources */ = {isa = PBXBuildFile; fileRef = D044E14F1D90341100AB81BC /* PreviewViewController.m */; };
		D044E1571D90341100AB81BC /* UserInviteViewController.m in Sources */ = {isa = PBXBuildFile; fileRef = D044E1511D90341100AB81BC /* UserInviteViewController.m */; };
		D04A41311D50F22D00C850FB /* Main.storyboard in Resources */ = {isa = PBXBuildFile; fileRef = D04A41331D50F22D00C850FB /* Main.storyboard */; };
		D04DBD761D5178B200BB8172 /* MBProgressHUD.m in Sources */ = {isa = PBXBuildFile; fileRef = D04DBD501D5178B200BB8172 /* MBProgressHUD.m */; };
		D04DBD771D5178B200BB8172 /* Reachability.m in Sources */ = {isa = PBXBuildFile; fileRef = D04DBD531D5178B200BB8172 /* Reachability.m */; };
		D04DBD781D5178B200BB8172 /* SCLAlertView.m in Sources */ = {isa = PBXBuildFile; fileRef = D04DBD561D5178B200BB8172 /* SCLAlertView.m */; };
		D04DBD791D5178B200BB8172 /* SCLAlertViewResponder.m in Sources */ = {isa = PBXBuildFile; fileRef = D04DBD581D5178B200BB8172 /* SCLAlertViewResponder.m */; };
		D04DBD7A1D5178B200BB8172 /* SCLAlertViewStyleKit.m in Sources */ = {isa = PBXBuildFile; fileRef = D04DBD5A1D5178B200BB8172 /* SCLAlertViewStyleKit.m */; };
		D04DBD7B1D5178B200BB8172 /* SCLButton.m in Sources */ = {isa = PBXBuildFile; fileRef = D04DBD5C1D5178B200BB8172 /* SCLButton.m */; };
		D04DBD7C1D5178B200BB8172 /* SCLTextView.m in Sources */ = {isa = PBXBuildFile; fileRef = D04DBD5F1D5178B200BB8172 /* SCLTextView.m */; };
		D04DBD7D1D5178B200BB8172 /* SCLTimerDisplay.m in Sources */ = {isa = PBXBuildFile; fileRef = D04DBD611D5178B200BB8172 /* SCLTimerDisplay.m */; };
		D04DBD7E1D5178B200BB8172 /* UIImage+ImageEffects.m in Sources */ = {isa = PBXBuildFile; fileRef = D04DBD631D5178B200BB8172 /* UIImage+ImageEffects.m */; };
		D04DBD7F1D5178B200BB8172 /* icon-error.png in Resources */ = {isa = PBXBuildFile; fileRef = D04DBD661D5178B200BB8172 /* icon-error.png */; };
		D04DBD801D5178B200BB8172 /* icon-error@2x.png in Resources */ = {isa = PBXBuildFile; fileRef = D04DBD671D5178B200BB8172 /* icon-error@2x.png */; };
		D04DBD811D5178B200BB8172 /* icon-info.png in Resources */ = {isa = PBXBuildFile; fileRef = D04DBD681D5178B200BB8172 /* icon-info.png */; };
		D04DBD821D5178B200BB8172 /* icon-info@2x.png in Resources */ = {isa = PBXBuildFile; fileRef = D04DBD691D5178B200BB8172 /* icon-info@2x.png */; };
		D04DBD831D5178B200BB8172 /* icon-success.png in Resources */ = {isa = PBXBuildFile; fileRef = D04DBD6A1D5178B200BB8172 /* icon-success.png */; };
		D04DBD841D5178B200BB8172 /* icon-success@2x.png in Resources */ = {isa = PBXBuildFile; fileRef = D04DBD6B1D5178B200BB8172 /* icon-success@2x.png */; };
		D04DBD851D5178B200BB8172 /* TWMessageBarManager.m in Sources */ = {isa = PBXBuildFile; fileRef = D04DBD6D1D5178B200BB8172 /* TWMessageBarManager.m */; };
		D04DBD861D5178B200BB8172 /* NSString+Additions.m in Sources */ = {isa = PBXBuildFile; fileRef = D04DBD701D5178B200BB8172 /* NSString+Additions.m */; };
		D04DBD871D5178B200BB8172 /* StringUtil.m in Sources */ = {isa = PBXBuildFile; fileRef = D04DBD721D5178B200BB8172 /* StringUtil.m */; };
		D04DBD881D5178B200BB8172 /* UIViewControllerAdditions.m in Sources */ = {isa = PBXBuildFile; fileRef = D04DBD751D5178B200BB8172 /* UIViewControllerAdditions.m */; };
		D04DBD8E1D5178CD00BB8172 /* GlobalFunctions.m in Sources */ = {isa = PBXBuildFile; fileRef = D04DBD8C1D5178CD00BB8172 /* GlobalFunctions.m */; };
		D052849C1DBFB97C00CA15AA /* ForgotViewController.m in Sources */ = {isa = PBXBuildFile; fileRef = D052849B1DBFB97C00CA15AA /* ForgotViewController.m */; };
		D06B7E0C1D888B7900381C20 /* PartyViewController.m in Sources */ = {isa = PBXBuildFile; fileRef = D06B7E081D888B7900381C20 /* PartyViewController.m */; };
		D06B7E0D1D888B7900381C20 /* RequestsViewController.m in Sources */ = {isa = PBXBuildFile; fileRef = D06B7E0A1D888B7900381C20 /* RequestsViewController.m */; };
		D06ED5131D6CAA23006AE20B /* AsyncImageView.m in Sources */ = {isa = PBXBuildFile; fileRef = D06ED50C1D6CAA23006AE20B /* AsyncImageView.m */; };
		D06ED5141D6CAA23006AE20B /* SDIAsyncImageView.m in Sources */ = {isa = PBXBuildFile; fileRef = D06ED50E1D6CAA23006AE20B /* SDIAsyncImageView.m */; };
		D06ED5151D6CAA23006AE20B /* UIImage+GIF.m in Sources */ = {isa = PBXBuildFile; fileRef = D06ED5101D6CAA23006AE20B /* UIImage+GIF.m */; };
		D06ED5161D6CAA23006AE20B /* UIImageExtras.m in Sources */ = {isa = PBXBuildFile; fileRef = D06ED5121D6CAA23006AE20B /* UIImageExtras.m */; };
		D08E5F851D4AF25600A58F80 /* MapKit.framework in Frameworks */ = {isa = PBXBuildFile; fileRef = D08E5F841D4AF25600A58F80 /* MapKit.framework */; };
		D09D4BAD1D624E8F00D285F3 /* HomeViewController.m in Sources */ = {isa = PBXBuildFile; fileRef = D09D4BAC1D624E8F00D285F3 /* HomeViewController.m */; };
		D09D4BB01D624EF000D285F3 /* FeedClass.m in Sources */ = {isa = PBXBuildFile; fileRef = D09D4BAF1D624EF000D285F3 /* FeedClass.m */; };
		D0BC2F5D1D84775B00237E33 /* PulseViewController.m in Sources */ = {isa = PBXBuildFile; fileRef = D0BC2F5A1D84775B00237E33 /* PulseViewController.m */; };
		D0BC2F5E1D84775B00237E33 /* FindViewController.m in Sources */ = {isa = PBXBuildFile; fileRef = D0BC2F5C1D84775B00237E33 /* FindViewController.m */; };
		D0C02F831D56D69F0033EF98 /* FollowViewController.m in Sources */ = {isa = PBXBuildFile; fileRef = D0C02F821D56D69F0033EF98 /* FollowViewController.m */; };
		D0C02F911D56DBF30033EF98 /* NotificationClass.m in Sources */ = {isa = PBXBuildFile; fileRef = D0C02F901D56DBF30033EF98 /* NotificationClass.m */; };
		D0C02F941D56DC100033EF98 /* ProfileClass.m in Sources */ = {isa = PBXBuildFile; fileRef = D0C02F931D56DC100033EF98 /* ProfileClass.m */; };
		D0F73C951D833D8600DA8CC1 /* GoogleMapsBase.framework in Frameworks */ = {isa = PBXBuildFile; fileRef = D0F73C941D833D8600DA8CC1 /* GoogleMapsBase.framework */; };
		D0F73C971D833DB000DA8CC1 /* GooglePlaces.framework in Frameworks */ = {isa = PBXBuildFile; fileRef = D0F73C961D833DB000DA8CC1 /* GooglePlaces.framework */; };
		D0F73C991D833DFA00DA8CC1 /* GooglePlaces.bundle in Resources */ = {isa = PBXBuildFile; fileRef = D0F73C981D833DFA00DA8CC1 /* GooglePlaces.bundle */; };
		D0F73C9B1D833E2A00DA8CC1 /* Accelerate.framework in Frameworks */ = {isa = PBXBuildFile; fileRef = D0F73C9A1D833E2A00DA8CC1 /* Accelerate.framework */; };
		D0F73C9D1D833E3100DA8CC1 /* CoreData.framework in Frameworks */ = {isa = PBXBuildFile; fileRef = D0F73C9C1D833E3100DA8CC1 /* CoreData.framework */; };
		D0F73C9F1D833E3E00DA8CC1 /* CoreText.framework in Frameworks */ = {isa = PBXBuildFile; fileRef = D0F73C9E1D833E3E00DA8CC1 /* CoreText.framework */; };
		D0F73CA11D833E4400DA8CC1 /* GLKit.framework in Frameworks */ = {isa = PBXBuildFile; fileRef = D0F73CA01D833E4400DA8CC1 /* GLKit.framework */; };
		D0F73CA31D833E4B00DA8CC1 /* ImageIO.framework in Frameworks */ = {isa = PBXBuildFile; fileRef = D0F73CA21D833E4B00DA8CC1 /* ImageIO.framework */; };
		D0F73CA51D833E6100DA8CC1 /* libc++.tbd in Frameworks */ = {isa = PBXBuildFile; fileRef = D0F73CA41D833E6100DA8CC1 /* libc++.tbd */; };
		D0F73CA71D833E6800DA8CC1 /* libz.tbd in Frameworks */ = {isa = PBXBuildFile; fileRef = D0F73CA61D833E6800DA8CC1 /* libz.tbd */; };
		D0F73CA91D833E6F00DA8CC1 /* OpenGLES.framework in Frameworks */ = {isa = PBXBuildFile; fileRef = D0F73CA81D833E6F00DA8CC1 /* OpenGLES.framework */; };
		D0F73CAB1D833E7600DA8CC1 /* QuartzCore.framework in Frameworks */ = {isa = PBXBuildFile; fileRef = D0F73CAA1D833E7600DA8CC1 /* QuartzCore.framework */; };
		D0F73CAD1D833E7C00DA8CC1 /* SystemConfiguration.framework in Frameworks */ = {isa = PBXBuildFile; fileRef = D0F73CAC1D833E7C00DA8CC1 /* SystemConfiguration.framework */; };
		D0F73CAF1D833E8300DA8CC1 /* UIKit.framework in Frameworks */ = {isa = PBXBuildFile; fileRef = D0F73CAE1D833E8300DA8CC1 /* UIKit.framework */; };
		D0F73CBD1D83498800DA8CC1 /* AuthViewController.m in Sources */ = {isa = PBXBuildFile; fileRef = D0F73CB21D83498800DA8CC1 /* AuthViewController.m */; };
		D0F73CBE1D83498800DA8CC1 /* EmailViewController.m in Sources */ = {isa = PBXBuildFile; fileRef = D0F73CB41D83498800DA8CC1 /* EmailViewController.m */; };
		D0F73CBF1D83498800DA8CC1 /* NameViewController.m in Sources */ = {isa = PBXBuildFile; fileRef = D0F73CB61D83498800DA8CC1 /* NameViewController.m */; };
		D0F73CC01D83498800DA8CC1 /* PasswordViewController.m in Sources */ = {isa = PBXBuildFile; fileRef = D0F73CB81D83498800DA8CC1 /* PasswordViewController.m */; };
		D0F73CC11D83498800DA8CC1 /* SignInViewController.m in Sources */ = {isa = PBXBuildFile; fileRef = D0F73CBA1D83498800DA8CC1 /* SignInViewController.m */; };
		D0F73CC21D83498800DA8CC1 /* SignUpViewController.m in Sources */ = {isa = PBXBuildFile; fileRef = D0F73CBC1D83498800DA8CC1 /* SignUpViewController.m */; };
		D0FFE3E01D88692500237604 /* AnnotationClass.m in Sources */ = {isa = PBXBuildFile; fileRef = D0FFE3DF1D88692500237604 /* AnnotationClass.m */; };
/* End PBXBuildFile section */

/* Begin PBXContainerItemProxy section */
		13F77D4D1D2EE581003EF38D /* PBXContainerItemProxy */ = {
			isa = PBXContainerItemProxy;
			containerPortal = 13F77D2B1D2EE581003EF38D /* Project object */;
			proxyType = 1;
			remoteGlobalIDString = 13F77D321D2EE581003EF38D;
			remoteInfo = Pulse;
		};
		13F77D581D2EE581003EF38D /* PBXContainerItemProxy */ = {
			isa = PBXContainerItemProxy;
			containerPortal = 13F77D2B1D2EE581003EF38D /* Project object */;
			proxyType = 1;
			remoteGlobalIDString = 13F77D321D2EE581003EF38D;
			remoteInfo = Pulse;
		};
/* End PBXContainerItemProxy section */

/* Begin PBXFileReference section */
		13F77D331D2EE581003EF38D /* Pulse.app */ = {isa = PBXFileReference; explicitFileType = wrapper.application; includeInIndex = 0; path = Pulse.app; sourceTree = BUILT_PRODUCTS_DIR; };
		13F77D371D2EE581003EF38D /* main.m */ = {isa = PBXFileReference; lastKnownFileType = sourcecode.c.objc; path = main.m; sourceTree = "<group>"; };
		13F77D391D2EE581003EF38D /* AppDelegate.h */ = {isa = PBXFileReference; lastKnownFileType = sourcecode.c.h; path = AppDelegate.h; sourceTree = "<group>"; };
		13F77D3A1D2EE581003EF38D /* AppDelegate.m */ = {isa = PBXFileReference; lastKnownFileType = sourcecode.c.objc; path = AppDelegate.m; sourceTree = "<group>"; };
		13F77D421D2EE581003EF38D /* Images.xcassets */ = {isa = PBXFileReference; lastKnownFileType = folder.assetcatalog; path = Images.xcassets; sourceTree = "<group>"; };
		13F77D451D2EE581003EF38D /* Base */ = {isa = PBXFileReference; lastKnownFileType = file.storyboard; name = Base; path = Base.lproj/LaunchScreen.storyboard; sourceTree = "<group>"; };
		13F77D471D2EE581003EF38D /* Info.plist */ = {isa = PBXFileReference; lastKnownFileType = text.plist.xml; path = Info.plist; sourceTree = "<group>"; };
		13F77D4C1D2EE581003EF38D /* PulseTests.xctest */ = {isa = PBXFileReference; explicitFileType = wrapper.cfbundle; includeInIndex = 0; path = PulseTests.xctest; sourceTree = BUILT_PRODUCTS_DIR; };
		13F77D501D2EE581003EF38D /* PulseTests.m */ = {isa = PBXFileReference; lastKnownFileType = sourcecode.c.objc; path = PulseTests.m; sourceTree = "<group>"; };
		13F77D521D2EE581003EF38D /* Info.plist */ = {isa = PBXFileReference; lastKnownFileType = text.plist.xml; path = Info.plist; sourceTree = "<group>"; };
		13F77D571D2EE581003EF38D /* PulseUITests.xctest */ = {isa = PBXFileReference; explicitFileType = wrapper.cfbundle; includeInIndex = 0; path = PulseUITests.xctest; sourceTree = BUILT_PRODUCTS_DIR; };
		13F77D691D2EE6B6003EF38D /* loginScreenBackground.png */ = {isa = PBXFileReference; lastKnownFileType = image.png; path = loginScreenBackground.png; sourceTree = "<group>"; };
		13F77D6A1D2EE6B6003EF38D /* backButton.png */ = {isa = PBXFileReference; lastKnownFileType = image.png; path = backButton.png; sourceTree = "<group>"; };
		13F77D6B1D2EE6B6003EF38D /* continueButton.png */ = {isa = PBXFileReference; lastKnownFileType = image.png; path = continueButton.png; sourceTree = "<group>"; };
		13F77D6C1D2EE6B6003EF38D /* partyBoardLogoL.png */ = {isa = PBXFileReference; lastKnownFileType = image.png; path = partyBoardLogoL.png; sourceTree = "<group>"; };
		D00ECE3E1D6E4C5F0067CA9A /* EventsViewController.h */ = {isa = PBXFileReference; fileEncoding = 4; lastKnownFileType = sourcecode.c.h; path = EventsViewController.h; sourceTree = "<group>"; };
		D00ECE3F1D6E4C5F0067CA9A /* EventsViewController.m */ = {isa = PBXFileReference; fileEncoding = 4; lastKnownFileType = sourcecode.c.objc; path = EventsViewController.m; sourceTree = "<group>"; };
		D01350E81D5A99BA00ACD2C1 /* PartyClass.h */ = {isa = PBXFileReference; fileEncoding = 4; lastKnownFileType = sourcecode.c.h; path = PartyClass.h; sourceTree = "<group>"; };
		D01350E91D5A99BA00ACD2C1 /* PartyClass.m */ = {isa = PBXFileReference; fileEncoding = 4; lastKnownFileType = sourcecode.c.objc; path = PartyClass.m; sourceTree = "<group>"; };
		D0284E071D5AA0E000DF5622 /* CoreLocation.framework */ = {isa = PBXFileReference; lastKnownFileType = wrapper.framework; name = CoreLocation.framework; path = System/Library/Frameworks/CoreLocation.framework; sourceTree = SDKROOT; };
		D0284E091D5AA0EF00DF5622 /* CoreGraphics.framework */ = {isa = PBXFileReference; lastKnownFileType = wrapper.framework; name = CoreGraphics.framework; path = System/Library/Frameworks/CoreGraphics.framework; sourceTree = SDKROOT; };
		D0284E0B1D5AA0F400DF5622 /* MessageUI.framework */ = {isa = PBXFileReference; lastKnownFileType = wrapper.framework; name = MessageUI.framework; path = System/Library/Frameworks/MessageUI.framework; sourceTree = SDKROOT; };
		D0330E1C1D7C81AD0080A3CC /* da */ = {isa = PBXFileReference; lastKnownFileType = text.plist.strings; name = da; path = da.lproj/SVWebViewController.strings; sourceTree = "<group>"; };
		D0330E1D1D7C81AD0080A3CC /* de */ = {isa = PBXFileReference; lastKnownFileType = text.plist.strings; name = de; path = de.lproj/SVWebViewController.strings; sourceTree = "<group>"; };
		D0330E1E1D7C81AD0080A3CC /* en */ = {isa = PBXFileReference; lastKnownFileType = text.plist.strings; name = en; path = en.lproj/SVWebViewController.strings; sourceTree = "<group>"; };
		D0330E1F1D7C81AD0080A3CC /* es-ES */ = {isa = PBXFileReference; lastKnownFileType = text.plist.strings; name = "es-ES"; path = "es-ES.lproj/SVWebViewController.strings"; sourceTree = "<group>"; };
		D0330E201D7C81AD0080A3CC /* es */ = {isa = PBXFileReference; lastKnownFileType = text.plist.strings; name = es; path = es.lproj/SVWebViewController.strings; sourceTree = "<group>"; };
		D0330E211D7C81AD0080A3CC /* fr */ = {isa = PBXFileReference; lastKnownFileType = text.plist.strings; name = fr; path = fr.lproj/SVWebViewController.strings; sourceTree = "<group>"; };
		D0330E221D7C81AD0080A3CC /* ja */ = {isa = PBXFileReference; lastKnownFileType = text.plist.strings; name = ja; path = ja.lproj/SVWebViewController.strings; sourceTree = "<group>"; };
		D0330E231D7C81AD0080A3CC /* pt */ = {isa = PBXFileReference; lastKnownFileType = text.plist.strings; name = pt; path = pt.lproj/SVWebViewController.strings; sourceTree = "<group>"; };
		D0330E241D7C81AD0080A3CC /* SVModalWebViewController.h */ = {isa = PBXFileReference; fileEncoding = 4; lastKnownFileType = sourcecode.c.h; path = SVModalWebViewController.h; sourceTree = "<group>"; };
		D0330E251D7C81AD0080A3CC /* SVModalWebViewController.m */ = {isa = PBXFileReference; fileEncoding = 4; lastKnownFileType = sourcecode.c.objc; path = SVModalWebViewController.m; sourceTree = "<group>"; };
		D0330E261D7C81AD0080A3CC /* SVWebViewController.bundle */ = {isa = PBXFileReference; lastKnownFileType = "wrapper.plug-in"; path = SVWebViewController.bundle; sourceTree = "<group>"; };
		D0330E271D7C81AD0080A3CC /* SVWebViewController.h */ = {isa = PBXFileReference; fileEncoding = 4; lastKnownFileType = sourcecode.c.h; path = SVWebViewController.h; sourceTree = "<group>"; };
		D0330E281D7C81AD0080A3CC /* SVWebViewController.m */ = {isa = PBXFileReference; fileEncoding = 4; lastKnownFileType = sourcecode.c.objc; path = SVWebViewController.m; sourceTree = "<group>"; };
		D0330E2B1D7C81AD0080A3CC /* SVWebViewControllerActivityChrome-iPad.png */ = {isa = PBXFileReference; lastKnownFileType = image.png; path = "SVWebViewControllerActivityChrome-iPad.png"; sourceTree = "<group>"; };
		D0330E2C1D7C81AD0080A3CC /* SVWebViewControllerActivityChrome-iPad@2x.png */ = {isa = PBXFileReference; lastKnownFileType = image.png; path = "SVWebViewControllerActivityChrome-iPad@2x.png"; sourceTree = "<group>"; };
		D0330E2D1D7C81AD0080A3CC /* SVWebViewControllerActivityChrome.h */ = {isa = PBXFileReference; fileEncoding = 4; lastKnownFileType = sourcecode.c.h; path = SVWebViewControllerActivityChrome.h; sourceTree = "<group>"; };
		D0330E2E1D7C81AD0080A3CC /* SVWebViewControllerActivityChrome.m */ = {isa = PBXFileReference; fileEncoding = 4; lastKnownFileType = sourcecode.c.objc; path = SVWebViewControllerActivityChrome.m; sourceTree = "<group>"; };
		D0330E2F1D7C81AD0080A3CC /* SVWebViewControllerActivityChrome@2x.png */ = {isa = PBXFileReference; lastKnownFileType = image.png; path = "SVWebViewControllerActivityChrome@2x.png"; sourceTree = "<group>"; };
		D0330E311D7C81AD0080A3CC /* SVWebViewControllerActivitySafari-iPad.png */ = {isa = PBXFileReference; lastKnownFileType = image.png; path = "SVWebViewControllerActivitySafari-iPad.png"; sourceTree = "<group>"; };
		D0330E321D7C81AD0080A3CC /* SVWebViewControllerActivitySafari-iPad@2x.png */ = {isa = PBXFileReference; lastKnownFileType = image.png; path = "SVWebViewControllerActivitySafari-iPad@2x.png"; sourceTree = "<group>"; };
		D0330E331D7C81AD0080A3CC /* SVWebViewControllerActivitySafari.h */ = {isa = PBXFileReference; fileEncoding = 4; lastKnownFileType = sourcecode.c.h; path = SVWebViewControllerActivitySafari.h; sourceTree = "<group>"; };
		D0330E341D7C81AD0080A3CC /* SVWebViewControllerActivitySafari.m */ = {isa = PBXFileReference; fileEncoding = 4; lastKnownFileType = sourcecode.c.objc; path = SVWebViewControllerActivitySafari.m; sourceTree = "<group>"; };
		D0330E351D7C81AD0080A3CC /* SVWebViewControllerActivitySafari@2x.png */ = {isa = PBXFileReference; lastKnownFileType = image.png; path = "SVWebViewControllerActivitySafari@2x.png"; sourceTree = "<group>"; };
		D0330E361D7C81AD0080A3CC /* SVWebViewControllerActivity.h */ = {isa = PBXFileReference; fileEncoding = 4; lastKnownFileType = sourcecode.c.h; path = SVWebViewControllerActivity.h; sourceTree = "<group>"; };
		D0330E371D7C81AD0080A3CC /* SVWebViewControllerActivity.m */ = {isa = PBXFileReference; fileEncoding = 4; lastKnownFileType = sourcecode.c.objc; path = SVWebViewControllerActivity.m; sourceTree = "<group>"; };
		D0330E381D7C81AD0080A3CC /* zh-Hans */ = {isa = PBXFileReference; lastKnownFileType = text.plist.strings; name = "zh-Hans"; path = "zh-Hans.lproj/SVWebViewController.strings"; sourceTree = "<group>"; };
		D0330E391D7C81AD0080A3CC /* zh-Hant */ = {isa = PBXFileReference; lastKnownFileType = text.plist.strings; name = "zh-Hant"; path = "zh-Hant.lproj/SVWebViewController.strings"; sourceTree = "<group>"; };
		D03CEE911D569E9200D2586D /* AnimatedMethods.h */ = {isa = PBXFileReference; fileEncoding = 4; lastKnownFileType = sourcecode.c.h; path = AnimatedMethods.h; sourceTree = "<group>"; };
		D03CEE921D569E9200D2586D /* AnimatedMethods.m */ = {isa = PBXFileReference; fileEncoding = 4; lastKnownFileType = sourcecode.c.objc; path = AnimatedMethods.m; sourceTree = "<group>"; };
		D03CEE941D569ECE00D2586D /* CustomButton.h */ = {isa = PBXFileReference; fileEncoding = 4; lastKnownFileType = sourcecode.c.h; path = CustomButton.h; sourceTree = "<group>"; };
		D03CEE951D569ECE00D2586D /* CustomButton.m */ = {isa = PBXFileReference; fileEncoding = 4; lastKnownFileType = sourcecode.c.objc; path = CustomButton.m; sourceTree = "<group>"; };
		D03CEEA01D56D2D700D2586D /* AccountViewController.h */ = {isa = PBXFileReference; fileEncoding = 4; lastKnownFileType = sourcecode.c.h; path = AccountViewController.h; sourceTree = "<group>"; };
		D03CEEA11D56D2D700D2586D /* AccountViewController.m */ = {isa = PBXFileReference; fileEncoding = 4; lastKnownFileType = sourcecode.c.objc; path = AccountViewController.m; sourceTree = "<group>"; };
		D03CEEA21D56D2D700D2586D /* SettingsViewController.h */ = {isa = PBXFileReference; fileEncoding = 4; lastKnownFileType = sourcecode.c.h; path = SettingsViewController.h; sourceTree = "<group>"; };
		D03CEEA31D56D2D700D2586D /* SettingsViewController.m */ = {isa = PBXFileReference; fileEncoding = 4; lastKnownFileType = sourcecode.c.objc; path = SettingsViewController.m; sourceTree = "<group>"; };
		D03CEEB61D56D2D700D2586D /* CustomTabViewController.h */ = {isa = PBXFileReference; fileEncoding = 4; lastKnownFileType = sourcecode.c.h; path = CustomTabViewController.h; sourceTree = "<group>"; };
		D03CEEB71D56D2D700D2586D /* CustomTabViewController.m */ = {isa = PBXFileReference; fileEncoding = 4; lastKnownFileType = sourcecode.c.objc; path = CustomTabViewController.m; sourceTree = "<group>"; };
		D03CEEBE1D56D2D700D2586D /* NotificationsViewController.h */ = {isa = PBXFileReference; fileEncoding = 4; lastKnownFileType = sourcecode.c.h; path = NotificationsViewController.h; sourceTree = "<group>"; };
		D03CEEBF1D56D2D700D2586D /* NotificationsViewController.m */ = {isa = PBXFileReference; fileEncoding = 4; lastKnownFileType = sourcecode.c.objc; path = NotificationsViewController.m; sourceTree = "<group>"; };
		D044E1301D90339200AB81BC /* CollectionViewCellImage.h */ = {isa = PBXFileReference; fileEncoding = 4; lastKnownFileType = sourcecode.c.h; path = CollectionViewCellImage.h; sourceTree = "<group>"; };
		D044E1311D90339200AB81BC /* CollectionViewCellImage.m */ = {isa = PBXFileReference; fileEncoding = 4; lastKnownFileType = sourcecode.c.objc; path = CollectionViewCellImage.m; sourceTree = "<group>"; };
		D044E1321D90339200AB81BC /* CollectionViewCellParty.h */ = {isa = PBXFileReference; fileEncoding = 4; lastKnownFileType = sourcecode.c.h; path = CollectionViewCellParty.h; sourceTree = "<group>"; };
		D044E1331D90339200AB81BC /* CollectionViewCellParty.m */ = {isa = PBXFileReference; fileEncoding = 4; lastKnownFileType = sourcecode.c.objc; path = CollectionViewCellParty.m; sourceTree = "<group>"; };
		D044E1341D90339200AB81BC /* TableViewCellAccount.h */ = {isa = PBXFileReference; fileEncoding = 4; lastKnownFileType = sourcecode.c.h; path = TableViewCellAccount.h; sourceTree = "<group>"; };
		D044E1351D90339200AB81BC /* TableViewCellAccount.m */ = {isa = PBXFileReference; fileEncoding = 4; lastKnownFileType = sourcecode.c.objc; path = TableViewCellAccount.m; sourceTree = "<group>"; };
		D044E1361D90339200AB81BC /* TableViewCellFeed.h */ = {isa = PBXFileReference; fileEncoding = 4; lastKnownFileType = sourcecode.c.h; path = TableViewCellFeed.h; sourceTree = "<group>"; };
		D044E1371D90339200AB81BC /* TableViewCellFeed.m */ = {isa = PBXFileReference; fileEncoding = 4; lastKnownFileType = sourcecode.c.objc; path = TableViewCellFeed.m; sourceTree = "<group>"; };
		D044E1381D90339200AB81BC /* TableViewCellNotification.h */ = {isa = PBXFileReference; fileEncoding = 4; lastKnownFileType = sourcecode.c.h; path = TableViewCellNotification.h; sourceTree = "<group>"; };
		D044E1391D90339200AB81BC /* TableViewCellNotification.m */ = {isa = PBXFileReference; fileEncoding = 4; lastKnownFileType = sourcecode.c.objc; path = TableViewCellNotification.m; sourceTree = "<group>"; };
		D044E13A1D90339200AB81BC /* TableViewCellInvite.h */ = {isa = PBXFileReference; fileEncoding = 4; lastKnownFileType = sourcecode.c.h; path = TableViewCellInvite.h; sourceTree = "<group>"; };
		D044E13B1D90339200AB81BC /* TableViewCellInvite.m */ = {isa = PBXFileReference; fileEncoding = 4; lastKnownFileType = sourcecode.c.objc; path = TableViewCellInvite.m; sourceTree = "<group>"; };
		D044E13C1D90339200AB81BC /* TableViewCellRequests.h */ = {isa = PBXFileReference; fileEncoding = 4; lastKnownFileType = sourcecode.c.h; path = TableViewCellRequests.h; sourceTree = "<group>"; };
		D044E13D1D90339200AB81BC /* TableViewCellRequests.m */ = {isa = PBXFileReference; fileEncoding = 4; lastKnownFileType = sourcecode.c.objc; path = TableViewCellRequests.m; sourceTree = "<group>"; };
		D044E1461D90341100AB81BC /* CreateViewController.h */ = {isa = PBXFileReference; fileEncoding = 4; lastKnownFileType = sourcecode.c.h; path = CreateViewController.h; sourceTree = "<group>"; };
		D044E1471D90341100AB81BC /* CreateViewController.m */ = {isa = PBXFileReference; fileEncoding = 4; lastKnownFileType = sourcecode.c.objc; path = CreateViewController.m; sourceTree = "<group>"; };
		D044E1481D90341100AB81BC /* DateCreateViewController.h */ = {isa = PBXFileReference; fileEncoding = 4; lastKnownFileType = sourcecode.c.h; path = DateCreateViewController.h; sourceTree = "<group>"; };
		D044E1491D90341100AB81BC /* DateCreateViewController.m */ = {isa = PBXFileReference; fileEncoding = 4; lastKnownFileType = sourcecode.c.objc; path = DateCreateViewController.m; sourceTree = "<group>"; };
		D044E14A1D90341100AB81BC /* GuestsCreateViewController.h */ = {isa = PBXFileReference; fileEncoding = 4; lastKnownFileType = sourcecode.c.h; path = GuestsCreateViewController.h; sourceTree = "<group>"; };
		D044E14B1D90341100AB81BC /* GuestsCreateViewController.m */ = {isa = PBXFileReference; fileEncoding = 4; lastKnownFileType = sourcecode.c.objc; path = GuestsCreateViewController.m; sourceTree = "<group>"; };
		D044E14C1D90341100AB81BC /* InviteCreateViewController.h */ = {isa = PBXFileReference; fileEncoding = 4; lastKnownFileType = sourcecode.c.h; path = InviteCreateViewController.h; sourceTree = "<group>"; };
		D044E14D1D90341100AB81BC /* InviteCreateViewController.m */ = {isa = PBXFileReference; fileEncoding = 4; lastKnownFileType = sourcecode.c.objc; path = InviteCreateViewController.m; sourceTree = "<group>"; };
		D044E14E1D90341100AB81BC /* PreviewViewController.h */ = {isa = PBXFileReference; fileEncoding = 4; lastKnownFileType = sourcecode.c.h; path = PreviewViewController.h; sourceTree = "<group>"; };
		D044E14F1D90341100AB81BC /* PreviewViewController.m */ = {isa = PBXFileReference; fileEncoding = 4; lastKnownFileType = sourcecode.c.objc; path = PreviewViewController.m; sourceTree = "<group>"; };
		D044E1501D90341100AB81BC /* UserInviteViewController.h */ = {isa = PBXFileReference; fileEncoding = 4; lastKnownFileType = sourcecode.c.h; path = UserInviteViewController.h; sourceTree = "<group>"; };
		D044E1511D90341100AB81BC /* UserInviteViewController.m */ = {isa = PBXFileReference; fileEncoding = 4; lastKnownFileType = sourcecode.c.objc; path = UserInviteViewController.m; sourceTree = "<group>"; };
		D04A41321D50F22D00C850FB /* Base */ = {isa = PBXFileReference; lastKnownFileType = file.storyboard; name = Base; path = Base.lproj/Main.storyboard; sourceTree = "<group>"; };
		D04DBD4F1D5178B200BB8172 /* MBProgressHUD.h */ = {isa = PBXFileReference; fileEncoding = 4; lastKnownFileType = sourcecode.c.h; path = MBProgressHUD.h; sourceTree = "<group>"; };
		D04DBD501D5178B200BB8172 /* MBProgressHUD.m */ = {isa = PBXFileReference; fileEncoding = 4; lastKnownFileType = sourcecode.c.objc; path = MBProgressHUD.m; sourceTree = "<group>"; };
		D04DBD521D5178B200BB8172 /* Reachability.h */ = {isa = PBXFileReference; fileEncoding = 4; lastKnownFileType = sourcecode.c.h; path = Reachability.h; sourceTree = "<group>"; };
		D04DBD531D5178B200BB8172 /* Reachability.m */ = {isa = PBXFileReference; fileEncoding = 4; lastKnownFileType = sourcecode.c.objc; path = Reachability.m; sourceTree = "<group>"; };
		D04DBD551D5178B200BB8172 /* SCLAlertView.h */ = {isa = PBXFileReference; fileEncoding = 4; lastKnownFileType = sourcecode.c.h; path = SCLAlertView.h; sourceTree = "<group>"; };
		D04DBD561D5178B200BB8172 /* SCLAlertView.m */ = {isa = PBXFileReference; fileEncoding = 4; lastKnownFileType = sourcecode.c.objc; path = SCLAlertView.m; sourceTree = "<group>"; };
		D04DBD571D5178B200BB8172 /* SCLAlertViewResponder.h */ = {isa = PBXFileReference; fileEncoding = 4; lastKnownFileType = sourcecode.c.h; path = SCLAlertViewResponder.h; sourceTree = "<group>"; };
		D04DBD581D5178B200BB8172 /* SCLAlertViewResponder.m */ = {isa = PBXFileReference; fileEncoding = 4; lastKnownFileType = sourcecode.c.objc; path = SCLAlertViewResponder.m; sourceTree = "<group>"; };
		D04DBD591D5178B200BB8172 /* SCLAlertViewStyleKit.h */ = {isa = PBXFileReference; fileEncoding = 4; lastKnownFileType = sourcecode.c.h; path = SCLAlertViewStyleKit.h; sourceTree = "<group>"; };
		D04DBD5A1D5178B200BB8172 /* SCLAlertViewStyleKit.m */ = {isa = PBXFileReference; fileEncoding = 4; lastKnownFileType = sourcecode.c.objc; path = SCLAlertViewStyleKit.m; sourceTree = "<group>"; };
		D04DBD5B1D5178B200BB8172 /* SCLButton.h */ = {isa = PBXFileReference; fileEncoding = 4; lastKnownFileType = sourcecode.c.h; path = SCLButton.h; sourceTree = "<group>"; };
		D04DBD5C1D5178B200BB8172 /* SCLButton.m */ = {isa = PBXFileReference; fileEncoding = 4; lastKnownFileType = sourcecode.c.objc; path = SCLButton.m; sourceTree = "<group>"; };
		D04DBD5D1D5178B200BB8172 /* SCLMacros.h */ = {isa = PBXFileReference; fileEncoding = 4; lastKnownFileType = sourcecode.c.h; path = SCLMacros.h; sourceTree = "<group>"; };
		D04DBD5E1D5178B200BB8172 /* SCLTextView.h */ = {isa = PBXFileReference; fileEncoding = 4; lastKnownFileType = sourcecode.c.h; path = SCLTextView.h; sourceTree = "<group>"; };
		D04DBD5F1D5178B200BB8172 /* SCLTextView.m */ = {isa = PBXFileReference; fileEncoding = 4; lastKnownFileType = sourcecode.c.objc; path = SCLTextView.m; sourceTree = "<group>"; };
		D04DBD601D5178B200BB8172 /* SCLTimerDisplay.h */ = {isa = PBXFileReference; fileEncoding = 4; lastKnownFileType = sourcecode.c.h; path = SCLTimerDisplay.h; sourceTree = "<group>"; };
		D04DBD611D5178B200BB8172 /* SCLTimerDisplay.m */ = {isa = PBXFileReference; fileEncoding = 4; lastKnownFileType = sourcecode.c.objc; path = SCLTimerDisplay.m; sourceTree = "<group>"; };
		D04DBD621D5178B200BB8172 /* UIImage+ImageEffects.h */ = {isa = PBXFileReference; fileEncoding = 4; lastKnownFileType = sourcecode.c.h; path = "UIImage+ImageEffects.h"; sourceTree = "<group>"; };
		D04DBD631D5178B200BB8172 /* UIImage+ImageEffects.m */ = {isa = PBXFileReference; fileEncoding = 4; lastKnownFileType = sourcecode.c.objc; path = "UIImage+ImageEffects.m"; sourceTree = "<group>"; };
		D04DBD661D5178B200BB8172 /* icon-error.png */ = {isa = PBXFileReference; lastKnownFileType = image.png; path = "icon-error.png"; sourceTree = "<group>"; };
		D04DBD671D5178B200BB8172 /* icon-error@2x.png */ = {isa = PBXFileReference; lastKnownFileType = image.png; path = "icon-error@2x.png"; sourceTree = "<group>"; };
		D04DBD681D5178B200BB8172 /* icon-info.png */ = {isa = PBXFileReference; lastKnownFileType = image.png; path = "icon-info.png"; sourceTree = "<group>"; };
		D04DBD691D5178B200BB8172 /* icon-info@2x.png */ = {isa = PBXFileReference; lastKnownFileType = image.png; path = "icon-info@2x.png"; sourceTree = "<group>"; };
		D04DBD6A1D5178B200BB8172 /* icon-success.png */ = {isa = PBXFileReference; lastKnownFileType = image.png; path = "icon-success.png"; sourceTree = "<group>"; };
		D04DBD6B1D5178B200BB8172 /* icon-success@2x.png */ = {isa = PBXFileReference; lastKnownFileType = image.png; path = "icon-success@2x.png"; sourceTree = "<group>"; };
		D04DBD6C1D5178B200BB8172 /* TWMessageBarManager.h */ = {isa = PBXFileReference; fileEncoding = 4; lastKnownFileType = sourcecode.c.h; path = TWMessageBarManager.h; sourceTree = "<group>"; };
		D04DBD6D1D5178B200BB8172 /* TWMessageBarManager.m */ = {isa = PBXFileReference; fileEncoding = 4; lastKnownFileType = sourcecode.c.objc; path = TWMessageBarManager.m; sourceTree = "<group>"; };
		D04DBD6F1D5178B200BB8172 /* NSString+Additions.h */ = {isa = PBXFileReference; fileEncoding = 4; lastKnownFileType = sourcecode.c.h; path = "NSString+Additions.h"; sourceTree = "<group>"; };
		D04DBD701D5178B200BB8172 /* NSString+Additions.m */ = {isa = PBXFileReference; fileEncoding = 4; lastKnownFileType = sourcecode.c.objc; path = "NSString+Additions.m"; sourceTree = "<group>"; };
		D04DBD711D5178B200BB8172 /* StringUtil.h */ = {isa = PBXFileReference; fileEncoding = 4; lastKnownFileType = sourcecode.c.h; path = StringUtil.h; sourceTree = "<group>"; };
		D04DBD721D5178B200BB8172 /* StringUtil.m */ = {isa = PBXFileReference; fileEncoding = 4; lastKnownFileType = sourcecode.c.objc; path = StringUtil.m; sourceTree = "<group>"; };
		D04DBD741D5178B200BB8172 /* UIViewControllerAdditions.h */ = {isa = PBXFileReference; fileEncoding = 4; lastKnownFileType = sourcecode.c.h; path = UIViewControllerAdditions.h; sourceTree = "<group>"; };
		D04DBD751D5178B200BB8172 /* UIViewControllerAdditions.m */ = {isa = PBXFileReference; fileEncoding = 4; lastKnownFileType = sourcecode.c.objc; path = UIViewControllerAdditions.m; sourceTree = "<group>"; };
		D04DBD8A1D5178CD00BB8172 /* defs.h */ = {isa = PBXFileReference; fileEncoding = 4; lastKnownFileType = sourcecode.c.h; path = defs.h; sourceTree = "<group>"; };
		D04DBD8B1D5178CD00BB8172 /* GlobalFunctions.h */ = {isa = PBXFileReference; fileEncoding = 4; lastKnownFileType = sourcecode.c.h; path = GlobalFunctions.h; sourceTree = "<group>"; };
		D04DBD8C1D5178CD00BB8172 /* GlobalFunctions.m */ = {isa = PBXFileReference; fileEncoding = 4; lastKnownFileType = sourcecode.c.objc; path = GlobalFunctions.m; sourceTree = "<group>"; };
		D04DBD8D1D5178CD00BB8172 /* Message.h */ = {isa = PBXFileReference; fileEncoding = 4; lastKnownFileType = sourcecode.c.h; path = Message.h; sourceTree = "<group>"; };
		D052849A1DBFB97C00CA15AA /* ForgotViewController.h */ = {isa = PBXFileReference; fileEncoding = 4; lastKnownFileType = sourcecode.c.h; path = ForgotViewController.h; sourceTree = "<group>"; };
		D052849B1DBFB97C00CA15AA /* ForgotViewController.m */ = {isa = PBXFileReference; fileEncoding = 4; lastKnownFileType = sourcecode.c.objc; path = ForgotViewController.m; sourceTree = "<group>"; };
		D06B7E071D888B7900381C20 /* PartyViewController.h */ = {isa = PBXFileReference; fileEncoding = 4; lastKnownFileType = sourcecode.c.h; path = PartyViewController.h; sourceTree = "<group>"; };
		D06B7E081D888B7900381C20 /* PartyViewController.m */ = {isa = PBXFileReference; fileEncoding = 4; lastKnownFileType = sourcecode.c.objc; path = PartyViewController.m; sourceTree = "<group>"; };
		D06B7E091D888B7900381C20 /* RequestsViewController.h */ = {isa = PBXFileReference; fileEncoding = 4; lastKnownFileType = sourcecode.c.h; path = RequestsViewController.h; sourceTree = "<group>"; };
		D06B7E0A1D888B7900381C20 /* RequestsViewController.m */ = {isa = PBXFileReference; fileEncoding = 4; lastKnownFileType = sourcecode.c.objc; path = RequestsViewController.m; sourceTree = "<group>"; };
		D06ED50B1D6CAA23006AE20B /* AsyncImageView.h */ = {isa = PBXFileReference; fileEncoding = 4; lastKnownFileType = sourcecode.c.h; path = AsyncImageView.h; sourceTree = "<group>"; };
		D06ED50C1D6CAA23006AE20B /* AsyncImageView.m */ = {isa = PBXFileReference; fileEncoding = 4; lastKnownFileType = sourcecode.c.objc; path = AsyncImageView.m; sourceTree = "<group>"; };
		D06ED50D1D6CAA23006AE20B /* SDIAsyncImageView.h */ = {isa = PBXFileReference; fileEncoding = 4; lastKnownFileType = sourcecode.c.h; path = SDIAsyncImageView.h; sourceTree = "<group>"; };
		D06ED50E1D6CAA23006AE20B /* SDIAsyncImageView.m */ = {isa = PBXFileReference; fileEncoding = 4; lastKnownFileType = sourcecode.c.objc; path = SDIAsyncImageView.m; sourceTree = "<group>"; };
		D06ED50F1D6CAA23006AE20B /* UIImage+GIF.h */ = {isa = PBXFileReference; fileEncoding = 4; lastKnownFileType = sourcecode.c.h; path = "UIImage+GIF.h"; sourceTree = "<group>"; };
		D06ED5101D6CAA23006AE20B /* UIImage+GIF.m */ = {isa = PBXFileReference; fileEncoding = 4; lastKnownFileType = sourcecode.c.objc; path = "UIImage+GIF.m"; sourceTree = "<group>"; };
		D06ED5111D6CAA23006AE20B /* UIImageExtras.h */ = {isa = PBXFileReference; fileEncoding = 4; lastKnownFileType = sourcecode.c.h; path = UIImageExtras.h; sourceTree = "<group>"; };
		D06ED5121D6CAA23006AE20B /* UIImageExtras.m */ = {isa = PBXFileReference; fileEncoding = 4; lastKnownFileType = sourcecode.c.objc; path = UIImageExtras.m; sourceTree = "<group>"; };
		D08E5F841D4AF25600A58F80 /* MapKit.framework */ = {isa = PBXFileReference; lastKnownFileType = wrapper.framework; name = MapKit.framework; path = System/Library/Frameworks/MapKit.framework; sourceTree = SDKROOT; };
		D09D4BAB1D624E8F00D285F3 /* HomeViewController.h */ = {isa = PBXFileReference; fileEncoding = 4; lastKnownFileType = sourcecode.c.h; path = HomeViewController.h; sourceTree = "<group>"; };
		D09D4BAC1D624E8F00D285F3 /* HomeViewController.m */ = {isa = PBXFileReference; fileEncoding = 4; lastKnownFileType = sourcecode.c.objc; path = HomeViewController.m; sourceTree = "<group>"; };
		D09D4BAE1D624EF000D285F3 /* FeedClass.h */ = {isa = PBXFileReference; fileEncoding = 4; lastKnownFileType = sourcecode.c.h; path = FeedClass.h; sourceTree = "<group>"; };
		D09D4BAF1D624EF000D285F3 /* FeedClass.m */ = {isa = PBXFileReference; fileEncoding = 4; lastKnownFileType = sourcecode.c.objc; path = FeedClass.m; sourceTree = "<group>"; };
		D0BC2F591D84775B00237E33 /* PulseViewController.h */ = {isa = PBXFileReference; fileEncoding = 4; lastKnownFileType = sourcecode.c.h; path = PulseViewController.h; sourceTree = "<group>"; };
		D0BC2F5A1D84775B00237E33 /* PulseViewController.m */ = {isa = PBXFileReference; fileEncoding = 4; lastKnownFileType = sourcecode.c.objc; path = PulseViewController.m; sourceTree = "<group>"; };
		D0BC2F5B1D84775B00237E33 /* FindViewController.h */ = {isa = PBXFileReference; fileEncoding = 4; lastKnownFileType = sourcecode.c.h; path = FindViewController.h; sourceTree = "<group>"; };
		D0BC2F5C1D84775B00237E33 /* FindViewController.m */ = {isa = PBXFileReference; fileEncoding = 4; lastKnownFileType = sourcecode.c.objc; path = FindViewController.m; sourceTree = "<group>"; };
		D0C02F811D56D69F0033EF98 /* FollowViewController.h */ = {isa = PBXFileReference; fileEncoding = 4; lastKnownFileType = sourcecode.c.h; path = FollowViewController.h; sourceTree = "<group>"; };
		D0C02F821D56D69F0033EF98 /* FollowViewController.m */ = {isa = PBXFileReference; fileEncoding = 4; lastKnownFileType = sourcecode.c.objc; path = FollowViewController.m; sourceTree = "<group>"; };
		D0C02F8F1D56DBF30033EF98 /* NotificationClass.h */ = {isa = PBXFileReference; fileEncoding = 4; lastKnownFileType = sourcecode.c.h; path = NotificationClass.h; sourceTree = "<group>"; };
		D0C02F901D56DBF30033EF98 /* NotificationClass.m */ = {isa = PBXFileReference; fileEncoding = 4; lastKnownFileType = sourcecode.c.objc; path = NotificationClass.m; sourceTree = "<group>"; };
		D0C02F921D56DC100033EF98 /* ProfileClass.h */ = {isa = PBXFileReference; fileEncoding = 4; lastKnownFileType = sourcecode.c.h; path = ProfileClass.h; sourceTree = "<group>"; };
		D0C02F931D56DC100033EF98 /* ProfileClass.m */ = {isa = PBXFileReference; fileEncoding = 4; lastKnownFileType = sourcecode.c.objc; path = ProfileClass.m; sourceTree = "<group>"; };
		D0F73C941D833D8600DA8CC1 /* GoogleMapsBase.framework */ = {isa = PBXFileReference; lastKnownFileType = wrapper.framework; path = GoogleMapsBase.framework; sourceTree = "<group>"; };
		D0F73C961D833DB000DA8CC1 /* GooglePlaces.framework */ = {isa = PBXFileReference; lastKnownFileType = wrapper.framework; path = GooglePlaces.framework; sourceTree = "<group>"; };
		D0F73C981D833DFA00DA8CC1 /* GooglePlaces.bundle */ = {isa = PBXFileReference; lastKnownFileType = "wrapper.plug-in"; name = GooglePlaces.bundle; path = GooglePlaces.framework/Versions/A/Resources/GooglePlaces.bundle; sourceTree = "<group>"; };
		D0F73C9A1D833E2A00DA8CC1 /* Accelerate.framework */ = {isa = PBXFileReference; lastKnownFileType = wrapper.framework; name = Accelerate.framework; path = System/Library/Frameworks/Accelerate.framework; sourceTree = SDKROOT; };
		D0F73C9C1D833E3100DA8CC1 /* CoreData.framework */ = {isa = PBXFileReference; lastKnownFileType = wrapper.framework; name = CoreData.framework; path = System/Library/Frameworks/CoreData.framework; sourceTree = SDKROOT; };
		D0F73C9E1D833E3E00DA8CC1 /* CoreText.framework */ = {isa = PBXFileReference; lastKnownFileType = wrapper.framework; name = CoreText.framework; path = System/Library/Frameworks/CoreText.framework; sourceTree = SDKROOT; };
		D0F73CA01D833E4400DA8CC1 /* GLKit.framework */ = {isa = PBXFileReference; lastKnownFileType = wrapper.framework; name = GLKit.framework; path = System/Library/Frameworks/GLKit.framework; sourceTree = SDKROOT; };
		D0F73CA21D833E4B00DA8CC1 /* ImageIO.framework */ = {isa = PBXFileReference; lastKnownFileType = wrapper.framework; name = ImageIO.framework; path = System/Library/Frameworks/ImageIO.framework; sourceTree = SDKROOT; };
		D0F73CA41D833E6100DA8CC1 /* libc++.tbd */ = {isa = PBXFileReference; lastKnownFileType = "sourcecode.text-based-dylib-definition"; name = "libc++.tbd"; path = "usr/lib/libc++.tbd"; sourceTree = SDKROOT; };
		D0F73CA61D833E6800DA8CC1 /* libz.tbd */ = {isa = PBXFileReference; lastKnownFileType = "sourcecode.text-based-dylib-definition"; name = libz.tbd; path = usr/lib/libz.tbd; sourceTree = SDKROOT; };
		D0F73CA81D833E6F00DA8CC1 /* OpenGLES.framework */ = {isa = PBXFileReference; lastKnownFileType = wrapper.framework; name = OpenGLES.framework; path = System/Library/Frameworks/OpenGLES.framework; sourceTree = SDKROOT; };
		D0F73CAA1D833E7600DA8CC1 /* QuartzCore.framework */ = {isa = PBXFileReference; lastKnownFileType = wrapper.framework; name = QuartzCore.framework; path = System/Library/Frameworks/QuartzCore.framework; sourceTree = SDKROOT; };
		D0F73CAC1D833E7C00DA8CC1 /* SystemConfiguration.framework */ = {isa = PBXFileReference; lastKnownFileType = wrapper.framework; name = SystemConfiguration.framework; path = System/Library/Frameworks/SystemConfiguration.framework; sourceTree = SDKROOT; };
		D0F73CAE1D833E8300DA8CC1 /* UIKit.framework */ = {isa = PBXFileReference; lastKnownFileType = wrapper.framework; name = UIKit.framework; path = System/Library/Frameworks/UIKit.framework; sourceTree = SDKROOT; };
		D0F73CB11D83498800DA8CC1 /* AuthViewController.h */ = {isa = PBXFileReference; fileEncoding = 4; lastKnownFileType = sourcecode.c.h; path = AuthViewController.h; sourceTree = "<group>"; };
		D0F73CB21D83498800DA8CC1 /* AuthViewController.m */ = {isa = PBXFileReference; fileEncoding = 4; lastKnownFileType = sourcecode.c.objc; path = AuthViewController.m; sourceTree = "<group>"; };
		D0F73CB31D83498800DA8CC1 /* EmailViewController.h */ = {isa = PBXFileReference; fileEncoding = 4; lastKnownFileType = sourcecode.c.h; path = EmailViewController.h; sourceTree = "<group>"; };
		D0F73CB41D83498800DA8CC1 /* EmailViewController.m */ = {isa = PBXFileReference; fileEncoding = 4; lastKnownFileType = sourcecode.c.objc; path = EmailViewController.m; sourceTree = "<group>"; };
		D0F73CB51D83498800DA8CC1 /* NameViewController.h */ = {isa = PBXFileReference; fileEncoding = 4; lastKnownFileType = sourcecode.c.h; path = NameViewController.h; sourceTree = "<group>"; };
		D0F73CB61D83498800DA8CC1 /* NameViewController.m */ = {isa = PBXFileReference; fileEncoding = 4; lastKnownFileType = sourcecode.c.objc; path = NameViewController.m; sourceTree = "<group>"; };
		D0F73CB71D83498800DA8CC1 /* PasswordViewController.h */ = {isa = PBXFileReference; fileEncoding = 4; lastKnownFileType = sourcecode.c.h; path = PasswordViewController.h; sourceTree = "<group>"; };
		D0F73CB81D83498800DA8CC1 /* PasswordViewController.m */ = {isa = PBXFileReference; fileEncoding = 4; lastKnownFileType = sourcecode.c.objc; path = PasswordViewController.m; sourceTree = "<group>"; };
		D0F73CB91D83498800DA8CC1 /* SignInViewController.h */ = {isa = PBXFileReference; fileEncoding = 4; lastKnownFileType = sourcecode.c.h; path = SignInViewController.h; sourceTree = "<group>"; };
		D0F73CBA1D83498800DA8CC1 /* SignInViewController.m */ = {isa = PBXFileReference; fileEncoding = 4; lastKnownFileType = sourcecode.c.objc; path = SignInViewController.m; sourceTree = "<group>"; };
		D0F73CBB1D83498800DA8CC1 /* SignUpViewController.h */ = {isa = PBXFileReference; fileEncoding = 4; lastKnownFileType = sourcecode.c.h; path = SignUpViewController.h; sourceTree = "<group>"; };
		D0F73CBC1D83498800DA8CC1 /* SignUpViewController.m */ = {isa = PBXFileReference; fileEncoding = 4; lastKnownFileType = sourcecode.c.objc; path = SignUpViewController.m; sourceTree = "<group>"; };
		D0FFE3DE1D8868D300237604 /* AnnotationClass.h */ = {isa = PBXFileReference; lastKnownFileType = sourcecode.c.h; path = AnnotationClass.h; sourceTree = "<group>"; };
		D0FFE3DF1D88692500237604 /* AnnotationClass.m */ = {isa = PBXFileReference; fileEncoding = 4; lastKnownFileType = sourcecode.c.objc; path = AnnotationClass.m; sourceTree = "<group>"; };
/* End PBXFileReference section */

/* Begin PBXFrameworksBuildPhase section */
		13F77D301D2EE581003EF38D /* Frameworks */ = {
			isa = PBXFrameworksBuildPhase;
			buildActionMask = 2147483647;
			files = (
				D0F73CAF1D833E8300DA8CC1 /* UIKit.framework in Frameworks */,
				D0F73CAD1D833E7C00DA8CC1 /* SystemConfiguration.framework in Frameworks */,
				D0F73CAB1D833E7600DA8CC1 /* QuartzCore.framework in Frameworks */,
				D0F73CA91D833E6F00DA8CC1 /* OpenGLES.framework in Frameworks */,
				D0F73CA71D833E6800DA8CC1 /* libz.tbd in Frameworks */,
				D0F73CA51D833E6100DA8CC1 /* libc++.tbd in Frameworks */,
				D0F73CA31D833E4B00DA8CC1 /* ImageIO.framework in Frameworks */,
				D0F73CA11D833E4400DA8CC1 /* GLKit.framework in Frameworks */,
				D0F73C9F1D833E3E00DA8CC1 /* CoreText.framework in Frameworks */,
				D0F73C9D1D833E3100DA8CC1 /* CoreData.framework in Frameworks */,
				D0F73C9B1D833E2A00DA8CC1 /* Accelerate.framework in Frameworks */,
				D0284E0C1D5AA0F400DF5622 /* MessageUI.framework in Frameworks */,
				D0284E0A1D5AA0EF00DF5622 /* CoreGraphics.framework in Frameworks */,
				D0F73C951D833D8600DA8CC1 /* GoogleMapsBase.framework in Frameworks */,
				D0F73C971D833DB000DA8CC1 /* GooglePlaces.framework in Frameworks */,
				D0284E081D5AA0E000DF5622 /* CoreLocation.framework in Frameworks */,
				D08E5F851D4AF25600A58F80 /* MapKit.framework in Frameworks */,
			);
			runOnlyForDeploymentPostprocessing = 0;
		};
		13F77D491D2EE581003EF38D /* Frameworks */ = {
			isa = PBXFrameworksBuildPhase;
			buildActionMask = 2147483647;
			files = (
			);
			runOnlyForDeploymentPostprocessing = 0;
		};
		13F77D541D2EE581003EF38D /* Frameworks */ = {
			isa = PBXFrameworksBuildPhase;
			buildActionMask = 2147483647;
			files = (
			);
			runOnlyForDeploymentPostprocessing = 0;
		};
/* End PBXFrameworksBuildPhase section */

/* Begin PBXGroup section */
		13F77D2A1D2EE581003EF38D = {
			isa = PBXGroup;
			children = (
				D0F73CAE1D833E8300DA8CC1 /* UIKit.framework */,
				D0F73CAC1D833E7C00DA8CC1 /* SystemConfiguration.framework */,
				D0F73CAA1D833E7600DA8CC1 /* QuartzCore.framework */,
				D0F73CA81D833E6F00DA8CC1 /* OpenGLES.framework */,
				D0F73CA61D833E6800DA8CC1 /* libz.tbd */,
				D0F73CA41D833E6100DA8CC1 /* libc++.tbd */,
				D0F73CA21D833E4B00DA8CC1 /* ImageIO.framework */,
				D0F73CA01D833E4400DA8CC1 /* GLKit.framework */,
				D0F73C9E1D833E3E00DA8CC1 /* CoreText.framework */,
				D0F73C9C1D833E3100DA8CC1 /* CoreData.framework */,
				D0F73C9A1D833E2A00DA8CC1 /* Accelerate.framework */,
				D0284E0B1D5AA0F400DF5622 /* MessageUI.framework */,
				D0284E091D5AA0EF00DF5622 /* CoreGraphics.framework */,
				D0284E071D5AA0E000DF5622 /* CoreLocation.framework */,
				D08E5F841D4AF25600A58F80 /* MapKit.framework */,
				D0F73C961D833DB000DA8CC1 /* GooglePlaces.framework */,
				D0F73C941D833D8600DA8CC1 /* GoogleMapsBase.framework */,
				D0F73C981D833DFA00DA8CC1 /* GooglePlaces.bundle */,
				13F77D351D2EE581003EF38D /* Pulse */,
				13F77D4F1D2EE581003EF38D /* PulseTests */,
				13F77D341D2EE581003EF38D /* Products */,
			);
			sourceTree = "<group>";
		};
		13F77D341D2EE581003EF38D /* Products */ = {
			isa = PBXGroup;
			children = (
				13F77D331D2EE581003EF38D /* Pulse.app */,
				13F77D4C1D2EE581003EF38D /* PulseTests.xctest */,
				13F77D571D2EE581003EF38D /* PulseUITests.xctest */,
			);
			name = Products;
			sourceTree = "<group>";
		};
		13F77D351D2EE581003EF38D /* Pulse */ = {
			isa = PBXGroup;
			children = (
				D044E12F1D90339200AB81BC /* CellViews */,
				D04DBD891D5178CD00BB8172 /* Common */,
				D04DBD4E1D5178B200BB8172 /* External */,
				D0C02F8E1D56DBF30033EF98 /* Models */,
				13F77D361D2EE581003EF38D /* Supporting Files */,
				D03CEE9E1D56D2D700D2586D /* ViewControllers */,
				13F77D391D2EE581003EF38D /* AppDelegate.h */,
				13F77D3A1D2EE581003EF38D /* AppDelegate.m */,
				D04A41331D50F22D00C850FB /* Main.storyboard */,
				13F77D421D2EE581003EF38D /* Images.xcassets */,
				13F77D441D2EE581003EF38D /* LaunchScreen.storyboard */,
			);
			path = Pulse;
			sourceTree = "<group>";
		};
		13F77D361D2EE581003EF38D /* Supporting Files */ = {
			isa = PBXGroup;
			children = (
				13F77D471D2EE581003EF38D /* Info.plist */,
				13F77D371D2EE581003EF38D /* main.m */,
				13F77D691D2EE6B6003EF38D /* loginScreenBackground.png */,
				13F77D6A1D2EE6B6003EF38D /* backButton.png */,
				13F77D6B1D2EE6B6003EF38D /* continueButton.png */,
				13F77D6C1D2EE6B6003EF38D /* partyBoardLogoL.png */,
			);
			name = "Supporting Files";
			sourceTree = "<group>";
		};
		13F77D4F1D2EE581003EF38D /* PulseTests */ = {
			isa = PBXGroup;
			children = (
				13F77D501D2EE581003EF38D /* PulseTests.m */,
				13F77D521D2EE581003EF38D /* Info.plist */,
			);
			path = PulseTests;
			sourceTree = "<group>";
		};
		D0330E1A1D7C81AD0080A3CC /* SVWebViewController */ = {
			isa = PBXGroup;
			children = (
				D0330E1B1D7C81AD0080A3CC /* SVWebViewController.strings */,
				D0330E241D7C81AD0080A3CC /* SVModalWebViewController.h */,
				D0330E251D7C81AD0080A3CC /* SVModalWebViewController.m */,
				D0330E261D7C81AD0080A3CC /* SVWebViewController.bundle */,
				D0330E271D7C81AD0080A3CC /* SVWebViewController.h */,
				D0330E281D7C81AD0080A3CC /* SVWebViewController.m */,
				D0330E291D7C81AD0080A3CC /* UIActivities */,
			);
			path = SVWebViewController;
			sourceTree = "<group>";
		};
		D0330E291D7C81AD0080A3CC /* UIActivities */ = {
			isa = PBXGroup;
			children = (
				D0330E2A1D7C81AD0080A3CC /* Chrome */,
				D0330E301D7C81AD0080A3CC /* Safari */,
				D0330E361D7C81AD0080A3CC /* SVWebViewControllerActivity.h */,
				D0330E371D7C81AD0080A3CC /* SVWebViewControllerActivity.m */,
			);
			path = UIActivities;
			sourceTree = "<group>";
		};
		D0330E2A1D7C81AD0080A3CC /* Chrome */ = {
			isa = PBXGroup;
			children = (
				D0330E2B1D7C81AD0080A3CC /* SVWebViewControllerActivityChrome-iPad.png */,
				D0330E2C1D7C81AD0080A3CC /* SVWebViewControllerActivityChrome-iPad@2x.png */,
				D0330E2D1D7C81AD0080A3CC /* SVWebViewControllerActivityChrome.h */,
				D0330E2E1D7C81AD0080A3CC /* SVWebViewControllerActivityChrome.m */,
				D0330E2F1D7C81AD0080A3CC /* SVWebViewControllerActivityChrome@2x.png */,
			);
			path = Chrome;
			sourceTree = "<group>";
		};
		D0330E301D7C81AD0080A3CC /* Safari */ = {
			isa = PBXGroup;
			children = (
				D0330E311D7C81AD0080A3CC /* SVWebViewControllerActivitySafari-iPad.png */,
				D0330E321D7C81AD0080A3CC /* SVWebViewControllerActivitySafari-iPad@2x.png */,
				D0330E331D7C81AD0080A3CC /* SVWebViewControllerActivitySafari.h */,
				D0330E341D7C81AD0080A3CC /* SVWebViewControllerActivitySafari.m */,
				D0330E351D7C81AD0080A3CC /* SVWebViewControllerActivitySafari@2x.png */,
			);
			path = Safari;
			sourceTree = "<group>";
		};
		D03CEE9E1D56D2D700D2586D /* ViewControllers */ = {
			isa = PBXGroup;
			children = (
				D03CEE9F1D56D2D700D2586D /* Account */,
				D0F73CB01D83498800DA8CC1 /* Authentication */,
				D044E1451D90341100AB81BC /* Create */,
				D09D4BAA1D624E8F00D285F3 /* Feed */,
				D0BC2F581D84775B00237E33 /* Find */,
				D03CEEBD1D56D2D700D2586D /* Notifications */,
				D06B7E041D888B7900381C20 /* Party */,
				D03CEEB61D56D2D700D2586D /* CustomTabViewController.h */,
				D03CEEB71D56D2D700D2586D /* CustomTabViewController.m */,
			);
			path = ViewControllers;
			sourceTree = "<group>";
		};
		D03CEE9F1D56D2D700D2586D /* Account */ = {
			isa = PBXGroup;
			children = (
				D03CEEA01D56D2D700D2586D /* AccountViewController.h */,
				D03CEEA11D56D2D700D2586D /* AccountViewController.m */,
				D00ECE3E1D6E4C5F0067CA9A /* EventsViewController.h */,
				D00ECE3F1D6E4C5F0067CA9A /* EventsViewController.m */,
				D0C02F811D56D69F0033EF98 /* FollowViewController.h */,
				D0C02F821D56D69F0033EF98 /* FollowViewController.m */,
				D03CEEA21D56D2D700D2586D /* SettingsViewController.h */,
				D03CEEA31D56D2D700D2586D /* SettingsViewController.m */,
			);
			path = Account;
			sourceTree = "<group>";
		};
		D03CEEBD1D56D2D700D2586D /* Notifications */ = {
			isa = PBXGroup;
			children = (
				D03CEEBE1D56D2D700D2586D /* NotificationsViewController.h */,
				D03CEEBF1D56D2D700D2586D /* NotificationsViewController.m */,
			);
			path = Notifications;
			sourceTree = "<group>";
		};
		D044E12F1D90339200AB81BC /* CellViews */ = {
			isa = PBXGroup;
			children = (
				D044E1301D90339200AB81BC /* CollectionViewCellImage.h */,
				D044E1311D90339200AB81BC /* CollectionViewCellImage.m */,
				D044E1321D90339200AB81BC /* CollectionViewCellParty.h */,
				D044E1331D90339200AB81BC /* CollectionViewCellParty.m */,
				D044E1341D90339200AB81BC /* TableViewCellAccount.h */,
				D044E1351D90339200AB81BC /* TableViewCellAccount.m */,
				D044E1361D90339200AB81BC /* TableViewCellFeed.h */,
				D044E1371D90339200AB81BC /* TableViewCellFeed.m */,
				D044E13A1D90339200AB81BC /* TableViewCellInvite.h */,
				D044E13B1D90339200AB81BC /* TableViewCellInvite.m */,
				D044E1381D90339200AB81BC /* TableViewCellNotification.h */,
				D044E1391D90339200AB81BC /* TableViewCellNotification.m */,
				D044E13C1D90339200AB81BC /* TableViewCellRequests.h */,
				D044E13D1D90339200AB81BC /* TableViewCellRequests.m */,
			);
			path = CellViews;
			sourceTree = "<group>";
		};
		D044E1451D90341100AB81BC /* Create */ = {
			isa = PBXGroup;
			children = (
				D044E1461D90341100AB81BC /* CreateViewController.h */,
				D044E1471D90341100AB81BC /* CreateViewController.m */,
				D044E14C1D90341100AB81BC /* InviteCreateViewController.h */,
				D044E14D1D90341100AB81BC /* InviteCreateViewController.m */,
				D044E1501D90341100AB81BC /* UserInviteViewController.h */,
				D044E1511D90341100AB81BC /* UserInviteViewController.m */,
				D044E14A1D90341100AB81BC /* GuestsCreateViewController.h */,
				D044E14B1D90341100AB81BC /* GuestsCreateViewController.m */,
				D044E1481D90341100AB81BC /* DateCreateViewController.h */,
				D044E1491D90341100AB81BC /* DateCreateViewController.m */,
				D044E14E1D90341100AB81BC /* PreviewViewController.h */,
				D044E14F1D90341100AB81BC /* PreviewViewController.m */,
			);
			path = Create;
			sourceTree = "<group>";
		};
		D04DBD4E1D5178B200BB8172 /* External */ = {
			isa = PBXGroup;
			children = (
				D06ED50A1D6CAA23006AE20B /* AsyncImage */,
				D04DBD511D5178B200BB8172 /* Reachability */,
				D04DBD541D5178B200BB8172 /* SCLAlertView */,
				D04DBD641D5178B200BB8172 /* StatusBarNotifications */,
				D04DBD6E1D5178B200BB8172 /* StringUtil */,
				D0330E1A1D7C81AD0080A3CC /* SVWebViewController */,
				D04DBD731D5178B200BB8172 /* ViewControllerAdditions */,
				D03CEE911D569E9200D2586D /* AnimatedMethods.h */,
				D03CEE921D569E9200D2586D /* AnimatedMethods.m */,
				D03CEE941D569ECE00D2586D /* CustomButton.h */,
				D03CEE951D569ECE00D2586D /* CustomButton.m */,
				D04DBD4F1D5178B200BB8172 /* MBProgressHUD.h */,
				D04DBD501D5178B200BB8172 /* MBProgressHUD.m */,
			);
			path = External;
			sourceTree = "<group>";
		};
		D04DBD511D5178B200BB8172 /* Reachability */ = {
			isa = PBXGroup;
			children = (
				D04DBD521D5178B200BB8172 /* Reachability.h */,
				D04DBD531D5178B200BB8172 /* Reachability.m */,
			);
			path = Reachability;
			sourceTree = "<group>";
		};
		D04DBD541D5178B200BB8172 /* SCLAlertView */ = {
			isa = PBXGroup;
			children = (
				D04DBD551D5178B200BB8172 /* SCLAlertView.h */,
				D04DBD561D5178B200BB8172 /* SCLAlertView.m */,
				D04DBD571D5178B200BB8172 /* SCLAlertViewResponder.h */,
				D04DBD581D5178B200BB8172 /* SCLAlertViewResponder.m */,
				D04DBD591D5178B200BB8172 /* SCLAlertViewStyleKit.h */,
				D04DBD5A1D5178B200BB8172 /* SCLAlertViewStyleKit.m */,
				D04DBD5B1D5178B200BB8172 /* SCLButton.h */,
				D04DBD5C1D5178B200BB8172 /* SCLButton.m */,
				D04DBD5D1D5178B200BB8172 /* SCLMacros.h */,
				D04DBD5E1D5178B200BB8172 /* SCLTextView.h */,
				D04DBD5F1D5178B200BB8172 /* SCLTextView.m */,
				D04DBD601D5178B200BB8172 /* SCLTimerDisplay.h */,
				D04DBD611D5178B200BB8172 /* SCLTimerDisplay.m */,
				D04DBD621D5178B200BB8172 /* UIImage+ImageEffects.h */,
				D04DBD631D5178B200BB8172 /* UIImage+ImageEffects.m */,
			);
			path = SCLAlertView;
			sourceTree = "<group>";
		};
		D04DBD641D5178B200BB8172 /* StatusBarNotifications */ = {
			isa = PBXGroup;
			children = (
				D04DBD651D5178B200BB8172 /* Icons */,
				D04DBD6C1D5178B200BB8172 /* TWMessageBarManager.h */,
				D04DBD6D1D5178B200BB8172 /* TWMessageBarManager.m */,
			);
			path = StatusBarNotifications;
			sourceTree = "<group>";
		};
		D04DBD651D5178B200BB8172 /* Icons */ = {
			isa = PBXGroup;
			children = (
				D04DBD661D5178B200BB8172 /* icon-error.png */,
				D04DBD671D5178B200BB8172 /* icon-error@2x.png */,
				D04DBD681D5178B200BB8172 /* icon-info.png */,
				D04DBD691D5178B200BB8172 /* icon-info@2x.png */,
				D04DBD6A1D5178B200BB8172 /* icon-success.png */,
				D04DBD6B1D5178B200BB8172 /* icon-success@2x.png */,
			);
			path = Icons;
			sourceTree = "<group>";
		};
		D04DBD6E1D5178B200BB8172 /* StringUtil */ = {
			isa = PBXGroup;
			children = (
				D04DBD6F1D5178B200BB8172 /* NSString+Additions.h */,
				D04DBD701D5178B200BB8172 /* NSString+Additions.m */,
				D04DBD711D5178B200BB8172 /* StringUtil.h */,
				D04DBD721D5178B200BB8172 /* StringUtil.m */,
			);
			path = StringUtil;
			sourceTree = "<group>";
		};
		D04DBD731D5178B200BB8172 /* ViewControllerAdditions */ = {
			isa = PBXGroup;
			children = (
				D04DBD741D5178B200BB8172 /* UIViewControllerAdditions.h */,
				D04DBD751D5178B200BB8172 /* UIViewControllerAdditions.m */,
			);
			path = ViewControllerAdditions;
			sourceTree = "<group>";
		};
		D04DBD891D5178CD00BB8172 /* Common */ = {
			isa = PBXGroup;
			children = (
				D04DBD8A1D5178CD00BB8172 /* defs.h */,
				D04DBD8B1D5178CD00BB8172 /* GlobalFunctions.h */,
				D04DBD8C1D5178CD00BB8172 /* GlobalFunctions.m */,
				D04DBD8D1D5178CD00BB8172 /* Message.h */,
			);
			path = Common;
			sourceTree = "<group>";
		};
		D06B7E041D888B7900381C20 /* Party */ = {
			isa = PBXGroup;
			children = (
				D06B7E071D888B7900381C20 /* PartyViewController.h */,
				D06B7E081D888B7900381C20 /* PartyViewController.m */,
				D06B7E091D888B7900381C20 /* RequestsViewController.h */,
				D06B7E0A1D888B7900381C20 /* RequestsViewController.m */,
			);
			path = Party;
			sourceTree = "<group>";
		};
		D06ED50A1D6CAA23006AE20B /* AsyncImage */ = {
			isa = PBXGroup;
			children = (
				D06ED50B1D6CAA23006AE20B /* AsyncImageView.h */,
				D06ED50C1D6CAA23006AE20B /* AsyncImageView.m */,
				D06ED50D1D6CAA23006AE20B /* SDIAsyncImageView.h */,
				D06ED50E1D6CAA23006AE20B /* SDIAsyncImageView.m */,
				D06ED50F1D6CAA23006AE20B /* UIImage+GIF.h */,
				D06ED5101D6CAA23006AE20B /* UIImage+GIF.m */,
				D06ED5111D6CAA23006AE20B /* UIImageExtras.h */,
				D06ED5121D6CAA23006AE20B /* UIImageExtras.m */,
			);
			path = AsyncImage;
			sourceTree = "<group>";
		};
		D09D4BAA1D624E8F00D285F3 /* Feed */ = {
			isa = PBXGroup;
			children = (
				D09D4BAB1D624E8F00D285F3 /* HomeViewController.h */,
				D09D4BAC1D624E8F00D285F3 /* HomeViewController.m */,
			);
			path = Feed;
			sourceTree = "<group>";
		};
		D0BC2F581D84775B00237E33 /* Find */ = {
			isa = PBXGroup;
			children = (
				D0BC2F591D84775B00237E33 /* PulseViewController.h */,
				D0BC2F5A1D84775B00237E33 /* PulseViewController.m */,
				D0BC2F5B1D84775B00237E33 /* FindViewController.h */,
				D0BC2F5C1D84775B00237E33 /* FindViewController.m */,
			);
			path = Find;
			sourceTree = "<group>";
		};
		D0C02F8E1D56DBF30033EF98 /* Models */ = {
			isa = PBXGroup;
			children = (
				D09D4BAE1D624EF000D285F3 /* FeedClass.h */,
				D09D4BAF1D624EF000D285F3 /* FeedClass.m */,
				D0C02F8F1D56DBF30033EF98 /* NotificationClass.h */,
				D0C02F901D56DBF30033EF98 /* NotificationClass.m */,
				D01350E81D5A99BA00ACD2C1 /* PartyClass.h */,
				D01350E91D5A99BA00ACD2C1 /* PartyClass.m */,
				D0C02F921D56DC100033EF98 /* ProfileClass.h */,
				D0C02F931D56DC100033EF98 /* ProfileClass.m */,
				D0FFE3DE1D8868D300237604 /* AnnotationClass.h */,
				D0FFE3DF1D88692500237604 /* AnnotationClass.m */,
			);
			path = Models;
			sourceTree = "<group>";
		};
		D0F73CB01D83498800DA8CC1 /* Authentication */ = {
			isa = PBXGroup;
			children = (
				D0F73CB11D83498800DA8CC1 /* AuthViewController.h */,
				D0F73CB21D83498800DA8CC1 /* AuthViewController.m */,
				D0F73CB31D83498800DA8CC1 /* EmailViewController.h */,
				D0F73CB41D83498800DA8CC1 /* EmailViewController.m */,
				D052849A1DBFB97C00CA15AA /* ForgotViewController.h */,
				D052849B1DBFB97C00CA15AA /* ForgotViewController.m */,
				D0F73CB51D83498800DA8CC1 /* NameViewController.h */,
				D0F73CB61D83498800DA8CC1 /* NameViewController.m */,
				D0F73CB71D83498800DA8CC1 /* PasswordViewController.h */,
				D0F73CB81D83498800DA8CC1 /* PasswordViewController.m */,
				D0F73CB91D83498800DA8CC1 /* SignInViewController.h */,
				D0F73CBA1D83498800DA8CC1 /* SignInViewController.m */,
				D0F73CBB1D83498800DA8CC1 /* SignUpViewController.h */,
				D0F73CBC1D83498800DA8CC1 /* SignUpViewController.m */,
			);
			path = Authentication;
			sourceTree = "<group>";
		};
/* End PBXGroup section */

/* Begin PBXNativeTarget section */
		13F77D321D2EE581003EF38D /* Pulse */ = {
			isa = PBXNativeTarget;
			buildConfigurationList = 13F77D601D2EE581003EF38D /* Build configuration list for PBXNativeTarget "Pulse" */;
			buildPhases = (
				13F77D2F1D2EE581003EF38D /* Sources */,
				13F77D301D2EE581003EF38D /* Frameworks */,
				13F77D311D2EE581003EF38D /* Resources */,
			);
			buildRules = (
			);
			dependencies = (
			);
			name = Pulse;
			productName = Pulse;
			productReference = 13F77D331D2EE581003EF38D /* Pulse.app */;
			productType = "com.apple.product-type.application";
		};
		13F77D4B1D2EE581003EF38D /* PulseTests */ = {
			isa = PBXNativeTarget;
			buildConfigurationList = 13F77D631D2EE581003EF38D /* Build configuration list for PBXNativeTarget "PulseTests" */;
			buildPhases = (
				13F77D481D2EE581003EF38D /* Sources */,
				13F77D491D2EE581003EF38D /* Frameworks */,
				13F77D4A1D2EE581003EF38D /* Resources */,
			);
			buildRules = (
			);
			dependencies = (
				13F77D4E1D2EE581003EF38D /* PBXTargetDependency */,
			);
			name = PulseTests;
			productName = PulseTests;
			productReference = 13F77D4C1D2EE581003EF38D /* PulseTests.xctest */;
			productType = "com.apple.product-type.bundle.unit-test";
		};
		13F77D561D2EE581003EF38D /* PulseUITests */ = {
			isa = PBXNativeTarget;
			buildConfigurationList = 13F77D661D2EE581003EF38D /* Build configuration list for PBXNativeTarget "PulseUITests" */;
			buildPhases = (
				13F77D531D2EE581003EF38D /* Sources */,
				13F77D541D2EE581003EF38D /* Frameworks */,
				13F77D551D2EE581003EF38D /* Resources */,
			);
			buildRules = (
			);
			dependencies = (
				13F77D591D2EE581003EF38D /* PBXTargetDependency */,
			);
			name = PulseUITests;
			productName = PulseUITests;
			productReference = 13F77D571D2EE581003EF38D /* PulseUITests.xctest */;
			productType = "com.apple.product-type.bundle.ui-testing";
		};
/* End PBXNativeTarget section */

/* Begin PBXProject section */
		13F77D2B1D2EE581003EF38D /* Project object */ = {
			isa = PBXProject;
			attributes = {
				LastUpgradeCheck = 0800;
				ORGANIZATIONNAME = domain;
				TargetAttributes = {
					13F77D321D2EE581003EF38D = {
						CreatedOnToolsVersion = 7.3.1;
						DevelopmentTeam = Y64H65SHZL;
						ProvisioningStyle = Manual;
						SystemCapabilities = {
							com.apple.Maps.iOS = {
								enabled = 1;
							};
						};
					};
					13F77D4B1D2EE581003EF38D = {
						CreatedOnToolsVersion = 7.3.1;
						TestTargetID = 13F77D321D2EE581003EF38D;
					};
					13F77D561D2EE581003EF38D = {
						CreatedOnToolsVersion = 7.3.1;
						TestTargetID = 13F77D321D2EE581003EF38D;
					};
				};
			};
			buildConfigurationList = 13F77D2E1D2EE581003EF38D /* Build configuration list for PBXProject "Pulse" */;
			compatibilityVersion = "Xcode 8.0";
			developmentRegion = English;
			hasScannedForEncodings = 0;
			knownRegions = (
				en,
				Base,
				da,
				de,
				"es-ES",
				es,
				fr,
				ja,
				pt,
				"zh-Hans",
				"zh-Hant",
				ca,
				it,
			);
			mainGroup = 13F77D2A1D2EE581003EF38D;
			productRefGroup = 13F77D341D2EE581003EF38D /* Products */;
			projectDirPath = "";
			projectRoot = "";
			targets = (
				13F77D321D2EE581003EF38D /* Pulse */,
				13F77D4B1D2EE581003EF38D /* PulseTests */,
				13F77D561D2EE581003EF38D /* PulseUITests */,
			);
		};
/* End PBXProject section */

/* Begin PBXResourcesBuildPhase section */
		13F77D311D2EE581003EF38D /* Resources */ = {
			isa = PBXResourcesBuildPhase;
			buildActionMask = 2147483647;
			files = (
				13F77D461D2EE581003EF38D /* LaunchScreen.storyboard in Resources */,
				D0330E3F1D7C81AD0080A3CC /* SVWebViewControllerActivityChrome-iPad@2x.png in Resources */,
				D0F73C991D833DFA00DA8CC1 /* GooglePlaces.bundle in Resources */,
				D0330E3A1D7C81AD0080A3CC /* SVWebViewController.strings in Resources */,
				D04DBD831D5178B200BB8172 /* icon-success.png in Resources */,
				D04DBD811D5178B200BB8172 /* icon-info.png in Resources */,
				D04DBD821D5178B200BB8172 /* icon-info@2x.png in Resources */,
				13F77D6D1D2EE6B6003EF38D /* loginScreenBackground.png in Resources */,
				D04DBD7F1D5178B200BB8172 /* icon-error.png in Resources */,
				D04A41311D50F22D00C850FB /* Main.storyboard in Resources */,
				D0330E3C1D7C81AD0080A3CC /* SVWebViewController.bundle in Resources */,
				D0330E411D7C81AD0080A3CC /* SVWebViewControllerActivityChrome@2x.png in Resources */,
				D0330E451D7C81AD0080A3CC /* SVWebViewControllerActivitySafari@2x.png in Resources */,
				D0330E3E1D7C81AD0080A3CC /* SVWebViewControllerActivityChrome-iPad.png in Resources */,
				13F77D6E1D2EE6B6003EF38D /* backButton.png in Resources */,
				13F77D431D2EE581003EF38D /* Images.xcassets in Resources */,
				D0330E431D7C81AD0080A3CC /* SVWebViewControllerActivitySafari-iPad@2x.png in Resources */,
				13F77D701D2EE6B6003EF38D /* partyBoardLogoL.png in Resources */,
				13F77D6F1D2EE6B6003EF38D /* continueButton.png in Resources */,
				D0330E421D7C81AD0080A3CC /* SVWebViewControllerActivitySafari-iPad.png in Resources */,
				D04DBD841D5178B200BB8172 /* icon-success@2x.png in Resources */,
				D04DBD801D5178B200BB8172 /* icon-error@2x.png in Resources */,
			);
			runOnlyForDeploymentPostprocessing = 0;
		};
		13F77D4A1D2EE581003EF38D /* Resources */ = {
			isa = PBXResourcesBuildPhase;
			buildActionMask = 2147483647;
			files = (
			);
			runOnlyForDeploymentPostprocessing = 0;
		};
		13F77D551D2EE581003EF38D /* Resources */ = {
			isa = PBXResourcesBuildPhase;
			buildActionMask = 2147483647;
			files = (
			);
			runOnlyForDeploymentPostprocessing = 0;
		};
/* End PBXResourcesBuildPhase section */

/* Begin PBXSourcesBuildPhase section */
		13F77D2F1D2EE581003EF38D /* Sources */ = {
			isa = PBXSourcesBuildPhase;
			buildActionMask = 2147483647;
			files = (
				D0C02F941D56DC100033EF98 /* ProfileClass.m in Sources */,
				D00ECE401D6E4C5F0067CA9A /* EventsViewController.m in Sources */,
				D044E1571D90341100AB81BC /* UserInviteViewController.m in Sources */,
				D04DBD7B1D5178B200BB8172 /* SCLButton.m in Sources */,
				D04DBD871D5178B200BB8172 /* StringUtil.m in Sources */,
				D0330E3D1D7C81AD0080A3CC /* SVWebViewController.m in Sources */,
				D0330E461D7C81AD0080A3CC /* SVWebViewControllerActivity.m in Sources */,
				D04DBD791D5178B200BB8172 /* SCLAlertViewResponder.m in Sources */,
				D0BC2F5D1D84775B00237E33 /* PulseViewController.m in Sources */,
				D03CEE931D569E9200D2586D /* AnimatedMethods.m in Sources */,
				D0F73CBD1D83498800DA8CC1 /* AuthViewController.m in Sources */,
				D0F73CBE1D83498800DA8CC1 /* EmailViewController.m in Sources */,
				D0C02F911D56DBF30033EF98 /* NotificationClass.m in Sources */,
				D044E1531D90341100AB81BC /* DateCreateViewController.m in Sources */,
				D0F73CBF1D83498800DA8CC1 /* NameViewController.m in Sources */,
				D04DBD7D1D5178B200BB8172 /* SCLTimerDisplay.m in Sources */,
				D06B7E0C1D888B7900381C20 /* PartyViewController.m in Sources */,
				D0F73CC11D83498800DA8CC1 /* SignInViewController.m in Sources */,
				D044E1551D90341100AB81BC /* InviteCreateViewController.m in Sources */,
				13F77D3B1D2EE581003EF38D /* AppDelegate.m in Sources */,
				D044E13E1D90339200AB81BC /* CollectionViewCellImage.m in Sources */,
				D04DBD861D5178B200BB8172 /* NSString+Additions.m in Sources */,
				D06ED5131D6CAA23006AE20B /* AsyncImageView.m in Sources */,
				D04DBD781D5178B200BB8172 /* SCLAlertView.m in Sources */,
				D04DBD761D5178B200BB8172 /* MBProgressHUD.m in Sources */,
				D044E1441D90339200AB81BC /* TableViewCellRequests.m in Sources */,
				D044E1541D90341100AB81BC /* GuestsCreateViewController.m in Sources */,
				D044E1401D90339200AB81BC /* TableViewCellAccount.m in Sources */,
				D0FFE3E01D88692500237604 /* AnnotationClass.m in Sources */,
				D03CEECD1D56D2D700D2586D /* NotificationsViewController.m in Sources */,
				D044E13F1D90339200AB81BC /* CollectionViewCellParty.m in Sources */,
				D06ED5141D6CAA23006AE20B /* SDIAsyncImageView.m in Sources */,
				D0BC2F5E1D84775B00237E33 /* FindViewController.m in Sources */,
				D044E1561D90341100AB81BC /* PreviewViewController.m in Sources */,
				D03CEE961D569ECE00D2586D /* CustomButton.m in Sources */,
				D06ED5161D6CAA23006AE20B /* UIImageExtras.m in Sources */,
				D06ED5151D6CAA23006AE20B /* UIImage+GIF.m in Sources */,
				D044E1421D90339200AB81BC /* TableViewCellNotification.m in Sources */,
				D04DBD851D5178B200BB8172 /* TWMessageBarManager.m in Sources */,
				D04DBD771D5178B200BB8172 /* Reachability.m in Sources */,
				D044E1431D90339200AB81BC /* TableViewCellInvite.m in Sources */,
				D09D4BAD1D624E8F00D285F3 /* HomeViewController.m in Sources */,
				D01350EA1D5A99BA00ACD2C1 /* PartyClass.m in Sources */,
				D06B7E0D1D888B7900381C20 /* RequestsViewController.m in Sources */,
				D052849C1DBFB97C00CA15AA /* ForgotViewController.m in Sources */,
				13F77D381D2EE581003EF38D /* main.m in Sources */,
				D03CEECA1D56D2D700D2586D /* CustomTabViewController.m in Sources */,
				D0330E401D7C81AD0080A3CC /* SVWebViewControllerActivityChrome.m in Sources */,
				D044E1411D90339200AB81BC /* TableViewCellFeed.m in Sources */,
				D04DBD7A1D5178B200BB8172 /* SCLAlertViewStyleKit.m in Sources */,
				D0330E441D7C81AD0080A3CC /* SVWebViewControllerActivitySafari.m in Sources */,
				D09D4BB01D624EF000D285F3 /* FeedClass.m in Sources */,
				D0F73CC01D83498800DA8CC1 /* PasswordViewController.m in Sources */,
				D04DBD7E1D5178B200BB8172 /* UIImage+ImageEffects.m in Sources */,
				D0F73CC21D83498800DA8CC1 /* SignUpViewController.m in Sources */,
				D0330E3B1D7C81AD0080A3CC /* SVModalWebViewController.m in Sources */,
				D044E1521D90341100AB81BC /* CreateViewController.m in Sources */,
				D03CEEC01D56D2D700D2586D /* AccountViewController.m in Sources */,
				D04DBD7C1D5178B200BB8172 /* SCLTextView.m in Sources */,
				D04DBD881D5178B200BB8172 /* UIViewControllerAdditions.m in Sources */,
				D03CEEC11D56D2D700D2586D /* SettingsViewController.m in Sources */,
				D0C02F831D56D69F0033EF98 /* FollowViewController.m in Sources */,
				D04DBD8E1D5178CD00BB8172 /* GlobalFunctions.m in Sources */,
			);
			runOnlyForDeploymentPostprocessing = 0;
		};
		13F77D481D2EE581003EF38D /* Sources */ = {
			isa = PBXSourcesBuildPhase;
			buildActionMask = 2147483647;
			files = (
				13F77D511D2EE581003EF38D /* PulseTests.m in Sources */,
			);
			runOnlyForDeploymentPostprocessing = 0;
		};
		13F77D531D2EE581003EF38D /* Sources */ = {
			isa = PBXSourcesBuildPhase;
			buildActionMask = 2147483647;
			files = (
			);
			runOnlyForDeploymentPostprocessing = 0;
		};
/* End PBXSourcesBuildPhase section */

/* Begin PBXTargetDependency section */
		13F77D4E1D2EE581003EF38D /* PBXTargetDependency */ = {
			isa = PBXTargetDependency;
			target = 13F77D321D2EE581003EF38D /* Pulse */;
			targetProxy = 13F77D4D1D2EE581003EF38D /* PBXContainerItemProxy */;
		};
		13F77D591D2EE581003EF38D /* PBXTargetDependency */ = {
			isa = PBXTargetDependency;
			target = 13F77D321D2EE581003EF38D /* Pulse */;
			targetProxy = 13F77D581D2EE581003EF38D /* PBXContainerItemProxy */;
		};
/* End PBXTargetDependency section */

/* Begin PBXVariantGroup section */
		13F77D441D2EE581003EF38D /* LaunchScreen.storyboard */ = {
			isa = PBXVariantGroup;
			children = (
				13F77D451D2EE581003EF38D /* Base */,
			);
			name = LaunchScreen.storyboard;
			sourceTree = "<group>";
		};
		D0330E1B1D7C81AD0080A3CC /* SVWebViewController.strings */ = {
			isa = PBXVariantGroup;
			children = (
				D0330E1C1D7C81AD0080A3CC /* da */,
				D0330E1D1D7C81AD0080A3CC /* de */,
				D0330E1E1D7C81AD0080A3CC /* en */,
				D0330E1F1D7C81AD0080A3CC /* es-ES */,
				D0330E201D7C81AD0080A3CC /* es */,
				D0330E211D7C81AD0080A3CC /* fr */,
				D0330E221D7C81AD0080A3CC /* ja */,
				D0330E231D7C81AD0080A3CC /* pt */,
				D0330E381D7C81AD0080A3CC /* zh-Hans */,
				D0330E391D7C81AD0080A3CC /* zh-Hant */,
			);
			name = SVWebViewController.strings;
			sourceTree = "<group>";
		};
		D04A41331D50F22D00C850FB /* Main.storyboard */ = {
			isa = PBXVariantGroup;
			children = (
				D04A41321D50F22D00C850FB /* Base */,
			);
			name = Main.storyboard;
			sourceTree = "<group>";
		};
/* End PBXVariantGroup section */

/* Begin XCBuildConfiguration section */
		13F77D5E1D2EE581003EF38D /* Debug */ = {
			isa = XCBuildConfiguration;
			buildSettings = {
				ALWAYS_SEARCH_USER_PATHS = NO;
				CLANG_ANALYZER_LOCALIZABILITY_NONLOCALIZED = YES;
				CLANG_ANALYZER_NONNULL = YES;
				CLANG_CXX_LANGUAGE_STANDARD = "gnu++0x";
				CLANG_CXX_LIBRARY = "libc++";
				CLANG_ENABLE_MODULES = YES;
				CLANG_ENABLE_OBJC_ARC = YES;
				CLANG_WARN_BOOL_CONVERSION = YES;
				CLANG_WARN_CONSTANT_CONVERSION = YES;
				CLANG_WARN_DIRECT_OBJC_ISA_USAGE = YES_ERROR;
				CLANG_WARN_EMPTY_BODY = YES;
				CLANG_WARN_ENUM_CONVERSION = YES;
				CLANG_WARN_INFINITE_RECURSION = YES;
				CLANG_WARN_INT_CONVERSION = YES;
				CLANG_WARN_OBJC_ROOT_CLASS = YES_ERROR;
				CLANG_WARN_SUSPICIOUS_MOVE = YES;
				CLANG_WARN_UNREACHABLE_CODE = YES;
				CLANG_WARN__DUPLICATE_METHOD_MATCH = YES;
				CODE_SIGN_IDENTITY = "iPhone Developer";
				"CODE_SIGN_IDENTITY[sdk=iphoneos*]" = "iPhone Developer";
				COPY_PHASE_STRIP = NO;
				CURRENT_PROJECT_VERSION = 1.0.11;
				DEBUG_INFORMATION_FORMAT = dwarf;
				DEVELOPMENT_TEAM = Y64H65SHZL;
				ENABLE_STRICT_OBJC_MSGSEND = YES;
				ENABLE_TESTABILITY = YES;
				GCC_C_LANGUAGE_STANDARD = gnu99;
				GCC_DYNAMIC_NO_PIC = NO;
				GCC_NO_COMMON_BLOCKS = YES;
				GCC_OPTIMIZATION_LEVEL = 0;
				GCC_PREPROCESSOR_DEFINITIONS = (
					"DEBUG=1",
					"$(inherited)",
				);
				GCC_WARN_64_TO_32_BIT_CONVERSION = YES;
				GCC_WARN_ABOUT_RETURN_TYPE = YES_ERROR;
				GCC_WARN_UNDECLARED_SELECTOR = YES;
				GCC_WARN_UNINITIALIZED_AUTOS = YES_AGGRESSIVE;
				GCC_WARN_UNUSED_FUNCTION = YES;
				GCC_WARN_UNUSED_VARIABLE = YES;
				IPHONEOS_DEPLOYMENT_TARGET = 8.0;
				MTL_ENABLE_DEBUG_INFO = YES;
				ONLY_ACTIVE_ARCH = YES;
				PROVISIONING_PROFILE = "";
				PROVISIONING_PROFILE_SPECIFIER = "";
				SDKROOT = iphoneos;
				TARGETED_DEVICE_FAMILY = "1,2";
			};
			name = Debug;
		};
		13F77D5F1D2EE581003EF38D /* Release */ = {
			isa = XCBuildConfiguration;
			buildSettings = {
				ALWAYS_SEARCH_USER_PATHS = NO;
				CLANG_ANALYZER_LOCALIZABILITY_NONLOCALIZED = YES;
				CLANG_ANALYZER_NONNULL = YES;
				CLANG_CXX_LANGUAGE_STANDARD = "gnu++0x";
				CLANG_CXX_LIBRARY = "libc++";
				CLANG_ENABLE_MODULES = YES;
				CLANG_ENABLE_OBJC_ARC = YES;
				CLANG_WARN_BOOL_CONVERSION = YES;
				CLANG_WARN_CONSTANT_CONVERSION = YES;
				CLANG_WARN_DIRECT_OBJC_ISA_USAGE = YES_ERROR;
				CLANG_WARN_EMPTY_BODY = YES;
				CLANG_WARN_ENUM_CONVERSION = YES;
				CLANG_WARN_INFINITE_RECURSION = YES;
				CLANG_WARN_INT_CONVERSION = YES;
				CLANG_WARN_OBJC_ROOT_CLASS = YES_ERROR;
				CLANG_WARN_SUSPICIOUS_MOVE = YES;
				CLANG_WARN_UNREACHABLE_CODE = YES;
				CLANG_WARN__DUPLICATE_METHOD_MATCH = YES;
				CODE_SIGN_IDENTITY = "iPhone Developer";
				"CODE_SIGN_IDENTITY[sdk=iphoneos*]" = "iPhone Developer";
				COPY_PHASE_STRIP = NO;
				CURRENT_PROJECT_VERSION = 1.0.11;
				DEBUG_INFORMATION_FORMAT = "dwarf-with-dsym";
				DEVELOPMENT_TEAM = Y64H65SHZL;
				ENABLE_NS_ASSERTIONS = NO;
				ENABLE_STRICT_OBJC_MSGSEND = YES;
				GCC_C_LANGUAGE_STANDARD = gnu99;
				GCC_NO_COMMON_BLOCKS = YES;
				GCC_WARN_64_TO_32_BIT_CONVERSION = YES;
				GCC_WARN_ABOUT_RETURN_TYPE = YES_ERROR;
				GCC_WARN_UNDECLARED_SELECTOR = YES;
				GCC_WARN_UNINITIALIZED_AUTOS = YES_AGGRESSIVE;
				GCC_WARN_UNUSED_FUNCTION = YES;
				GCC_WARN_UNUSED_VARIABLE = YES;
				IPHONEOS_DEPLOYMENT_TARGET = 8.0;
				MTL_ENABLE_DEBUG_INFO = NO;
				PROVISIONING_PROFILE = "";
				PROVISIONING_PROFILE_SPECIFIER = "";
				SDKROOT = iphoneos;
				TARGETED_DEVICE_FAMILY = "1,2";
				VALIDATE_PRODUCT = YES;
			};
			name = Release;
		};
		13F77D611D2EE581003EF38D /* Debug */ = {
			isa = XCBuildConfiguration;
			buildSettings = {
				ASSETCATALOG_COMPILER_APPICON_NAME = AppIcon;
				ASSETCATALOG_COMPILER_LAUNCHIMAGE_NAME = LaunchImage;
				CODE_SIGN_IDENTITY = "iPhone Developer";
				"CODE_SIGN_IDENTITY[sdk=iphoneos*]" = "iPhone Distribution";
				DEVELOPMENT_TEAM = Y64H65SHZL;
				FRAMEWORK_SEARCH_PATHS = (
					"$(inherited)",
					"$(PROJECT_DIR)",
				);
				INFOPLIST_FILE = Pulse/Info.plist;
				IPHONEOS_DEPLOYMENT_TARGET = 8.0;
				LD_RUNPATH_SEARCH_PATHS = "$(inherited) @executable_path/Frameworks";
				OTHER_LDFLAGS = "-ObjC";
				PRODUCT_BUNDLE_IDENTIFIER = com.domain.pulse;
				PRODUCT_NAME = "$(TARGET_NAME)";
				PROVISIONING_PROFILE = "9b2b1bc5-ae47-4efd-bff9-40964359161b";
				PROVISIONING_PROFILE_SPECIFIER = Pulse;
				TARGETED_DEVICE_FAMILY = 1;
			};
			name = Debug;
		};
		13F77D621D2EE581003EF38D /* Release */ = {
			isa = XCBuildConfiguration;
			buildSettings = {
				ASSETCATALOG_COMPILER_APPICON_NAME = AppIcon;
				ASSETCATALOG_COMPILER_LAUNCHIMAGE_NAME = LaunchImage;
				CODE_SIGN_IDENTITY = "iPhone Developer";
				"CODE_SIGN_IDENTITY[sdk=iphoneos*]" = "iPhone Distribution";
				DEVELOPMENT_TEAM = Y64H65SHZL;
				FRAMEWORK_SEARCH_PATHS = (
					"$(inherited)",
					"$(PROJECT_DIR)",
				);
				INFOPLIST_FILE = Pulse/Info.plist;
				IPHONEOS_DEPLOYMENT_TARGET = 8.0;
				LD_RUNPATH_SEARCH_PATHS = "$(inherited) @executable_path/Frameworks";
				OTHER_LDFLAGS = "-ObjC";
				PRODUCT_BUNDLE_IDENTIFIER = com.domain.pulse;
				PRODUCT_NAME = "$(TARGET_NAME)";
				PROVISIONING_PROFILE = "9b2b1bc5-ae47-4efd-bff9-40964359161b";
				PROVISIONING_PROFILE_SPECIFIER = Pulse;
				TARGETED_DEVICE_FAMILY = 1;
			};
			name = Release;
		};
		13F77D641D2EE581003EF38D /* Debug */ = {
			isa = XCBuildConfiguration;
			buildSettings = {
				BUNDLE_LOADER = "$(TEST_HOST)";
				INFOPLIST_FILE = PulseTests/Info.plist;
				LD_RUNPATH_SEARCH_PATHS = "$(inherited) @executable_path/Frameworks @loader_path/Frameworks";
				PRODUCT_BUNDLE_IDENTIFIER = com.null.PulseTests;
				PRODUCT_NAME = "$(TARGET_NAME)";
				TEST_HOST = "$(BUILT_PRODUCTS_DIR)/Pulse.app/PartyBoard";
			};
			name = Debug;
		};
		13F77D651D2EE581003EF38D /* Release */ = {
			isa = XCBuildConfiguration;
			buildSettings = {
				BUNDLE_LOADER = "$(TEST_HOST)";
				INFOPLIST_FILE = PulseTests/Info.plist;
				LD_RUNPATH_SEARCH_PATHS = "$(inherited) @executable_path/Frameworks @loader_path/Frameworks";
				PRODUCT_BUNDLE_IDENTIFIER = com.null.PulseTests;
				PRODUCT_NAME = "$(TARGET_NAME)";
				TEST_HOST = "$(BUILT_PRODUCTS_DIR)/Pulse.app/PartyBoard";
			};
			name = Release;
		};
		13F77D671D2EE581003EF38D /* Debug */ = {
			isa = XCBuildConfiguration;
			buildSettings = {
				INFOPLIST_FILE = PulseUITests/Info.plist;
				LD_RUNPATH_SEARCH_PATHS = "$(inherited) @executable_path/Frameworks @loader_path/Frameworks";
				PRODUCT_BUNDLE_IDENTIFIER = com.null.PulseUITests;
				PRODUCT_NAME = "$(TARGET_NAME)";
				TEST_TARGET_NAME = Pulse;
			};
			name = Debug;
		};
		13F77D681D2EE581003EF38D /* Release */ = {
			isa = XCBuildConfiguration;
			buildSettings = {
				INFOPLIST_FILE = PulseUITests/Info.plist;
				LD_RUNPATH_SEARCH_PATHS = "$(inherited) @executable_path/Frameworks @loader_path/Frameworks";
				PRODUCT_BUNDLE_IDENTIFIER = com.null.PulseUITests;
				PRODUCT_NAME = "$(TARGET_NAME)";
				TEST_TARGET_NAME = Pulse;
			};
			name = Release;
		};
/* End XCBuildConfiguration section */

/* Begin XCConfigurationList section */
		13F77D2E1D2EE581003EF38D /* Build configuration list for PBXProject "Pulse" */ = {
			isa = XCConfigurationList;
			buildConfigurations = (
				13F77D5E1D2EE581003EF38D /* Debug */,
				13F77D5F1D2EE581003EF38D /* Release */,
			);
			defaultConfigurationIsVisible = 0;
			defaultConfigurationName = Release;
		};
		13F77D601D2EE581003EF38D /* Build configuration list for PBXNativeTarget "Pulse" */ = {
			isa = XCConfigurationList;
			buildConfigurations = (
				13F77D611D2EE581003EF38D /* Debug */,
				13F77D621D2EE581003EF38D /* Release */,
			);
			defaultConfigurationIsVisible = 0;
			defaultConfigurationName = Release;
		};
		13F77D631D2EE581003EF38D /* Build configuration list for PBXNativeTarget "PulseTests" */ = {
			isa = XCConfigurationList;
			buildConfigurations = (
				13F77D641D2EE581003EF38D /* Debug */,
				13F77D651D2EE581003EF38D /* Release */,
			);
			defaultConfigurationIsVisible = 0;
			defaultConfigurationName = Release;
		};
		13F77D661D2EE581003EF38D /* Build configuration list for PBXNativeTarget "PulseUITests" */ = {
			isa = XCConfigurationList;
			buildConfigurations = (
				13F77D671D2EE581003EF38D /* Debug */,
				13F77D681D2EE581003EF38D /* Release */,
			);
			defaultConfigurationIsVisible = 0;
			defaultConfigurationName = Release;
		};
/* End XCConfigurationList section */
	};
	rootObject = 13F77D2B1D2EE581003EF38D /* Project object */;
}
