// !$*UTF8*$!
{
	archiveVersion = 1;
	classes = {
	};
	objectVersion = 47;
	objects = {

/* Begin PBXBuildFile section */
		13F77D381D2EE581003EF38D /* main.m in Sources */ = {isa = PBXBuildFile; fileRef = 13F77D371D2EE581003EF38D /* main.m */; };
		13F77D3B1D2EE581003EF38D /* AppDelegate.m in Sources */ = {isa = PBXBuildFile; fileRef = 13F77D3A1D2EE581003EF38D /* AppDelegate.m */; };
		13F77D431D2EE581003EF38D /* Images.xcassets in Resources */ = {isa = PBXBuildFile; fileRef = 13F77D421D2EE581003EF38D /* Images.xcassets */; };
		13F77D461D2EE581003EF38D /* LaunchScreen.storyboard in Resources */ = {isa = PBXBuildFile; fileRef = 13F77D441D2EE581003EF38D /* LaunchScreen.storyboard */; };
		13F77D511D2EE581003EF38D /* PulseTests.m in Sources */ = {isa = PBXBuildFile; fileRef = 13F77D501D2EE581003EF38D /* PulseTests.m */; };
		13F77D6D1D2EE6B6003EF38D /* loginScreenBackground.png in Resources */ = {isa = PBXBuildFile; fileRef = 13F77D691D2EE6B6003EF38D /* loginScreenBackground.png */; };
		13F77D6E1D2EE6B6003EF38D /* backButton.png in Resources */ = {isa = PBXBuildFile; fileRef = 13F77D6A1D2EE6B6003EF38D /* backButton.png */; };
		13F77D6F1D2EE6B6003EF38D /* continueButton.png in Resources */ = {isa = PBXBuildFile; fileRef = 13F77D6B1D2EE6B6003EF38D /* continueButton.png */; };
		13F77D701D2EE6B6003EF38D /* partyBoardLogoL.png in Resources */ = {isa = PBXBuildFile; fileRef = 13F77D6C1D2EE6B6003EF38D /* partyBoardLogoL.png */; };
		D00BDE2F1D5108A200B9EACB /* NSString+Additions.m in Sources */ = {isa = PBXBuildFile; fileRef = D00BDE2C1D5108A200B9EACB /* NSString+Additions.m */; };
		D00BDE301D5108A200B9EACB /* StringUtil.m in Sources */ = {isa = PBXBuildFile; fileRef = D00BDE2E1D5108A200B9EACB /* StringUtil.m */; };
		D04A40E61D50DFDE00C850FB /* SignUpViewController.m in Sources */ = {isa = PBXBuildFile; fileRef = D04A40E51D50DFDE00C850FB /* SignUpViewController.m */; };
		D04A40EE1D50E3F600C850FB /* GlobalFunctions.m in Sources */ = {isa = PBXBuildFile; fileRef = D04A40EC1D50E3F600C850FB /* GlobalFunctions.m */; };
		D04A40F21D50E45A00C850FB /* UIViewControllerAdditions.m in Sources */ = {isa = PBXBuildFile; fileRef = D04A40F11D50E45A00C850FB /* UIViewControllerAdditions.m */; };
		D04A41031D50E4AB00C850FB /* SCLAlertView.m in Sources */ = {isa = PBXBuildFile; fileRef = D04A40F51D50E4AB00C850FB /* SCLAlertView.m */; };
		D04A41041D50E4AB00C850FB /* SCLAlertViewResponder.m in Sources */ = {isa = PBXBuildFile; fileRef = D04A40F71D50E4AB00C850FB /* SCLAlertViewResponder.m */; };
		D04A41051D50E4AB00C850FB /* SCLAlertViewStyleKit.m in Sources */ = {isa = PBXBuildFile; fileRef = D04A40F91D50E4AB00C850FB /* SCLAlertViewStyleKit.m */; };
		D04A41061D50E4AB00C850FB /* SCLButton.m in Sources */ = {isa = PBXBuildFile; fileRef = D04A40FB1D50E4AB00C850FB /* SCLButton.m */; };
		D04A41071D50E4AB00C850FB /* SCLTextView.m in Sources */ = {isa = PBXBuildFile; fileRef = D04A40FE1D50E4AB00C850FB /* SCLTextView.m */; };
		D04A41081D50E4AB00C850FB /* SCLTimerDisplay.m in Sources */ = {isa = PBXBuildFile; fileRef = D04A41001D50E4AB00C850FB /* SCLTimerDisplay.m */; };
		D04A41091D50E4AB00C850FB /* UIImage+ImageEffects.m in Sources */ = {isa = PBXBuildFile; fileRef = D04A41021D50E4AB00C850FB /* UIImage+ImageEffects.m */; };
		D04A410D1D50E6EB00C850FB /* Reachability.m in Sources */ = {isa = PBXBuildFile; fileRef = D04A410C1D50E6EB00C850FB /* Reachability.m */; };
		D04A41191D50E78800C850FB /* icon-error.png in Resources */ = {isa = PBXBuildFile; fileRef = D04A41111D50E78800C850FB /* icon-error.png */; };
		D04A411A1D50E78800C850FB /* icon-error@2x.png in Resources */ = {isa = PBXBuildFile; fileRef = D04A41121D50E78800C850FB /* icon-error@2x.png */; };
		D04A411B1D50E78800C850FB /* icon-info.png in Resources */ = {isa = PBXBuildFile; fileRef = D04A41131D50E78800C850FB /* icon-info.png */; };
		D04A411C1D50E78800C850FB /* icon-info@2x.png in Resources */ = {isa = PBXBuildFile; fileRef = D04A41141D50E78800C850FB /* icon-info@2x.png */; };
		D04A411D1D50E78800C850FB /* icon-success.png in Resources */ = {isa = PBXBuildFile; fileRef = D04A41151D50E78800C850FB /* icon-success.png */; };
		D04A411E1D50E78800C850FB /* icon-success@2x.png in Resources */ = {isa = PBXBuildFile; fileRef = D04A41161D50E78800C850FB /* icon-success@2x.png */; };
		D04A411F1D50E78800C850FB /* TWMessageBarManager.m in Sources */ = {isa = PBXBuildFile; fileRef = D04A41181D50E78800C850FB /* TWMessageBarManager.m */; };
		D04A41251D50ECC000C850FB /* MBProgressHUD.m in Sources */ = {isa = PBXBuildFile; fileRef = D04A41241D50ECC000C850FB /* MBProgressHUD.m */; };
		D04A412E1D50F17600C850FB /* AuthViewController.m in Sources */ = {isa = PBXBuildFile; fileRef = D04A41291D50F17600C850FB /* AuthViewController.m */; };
		D04A412F1D50F17600C850FB /* CustomTabViewController.m in Sources */ = {isa = PBXBuildFile; fileRef = D04A412B1D50F17600C850FB /* CustomTabViewController.m */; };
		D04A41301D50F17600C850FB /* SignInViewController.m in Sources */ = {isa = PBXBuildFile; fileRef = D04A412D1D50F17600C850FB /* SignInViewController.m */; };
		D04A41311D50F22D00C850FB /* Main.storyboard in Resources */ = {isa = PBXBuildFile; fileRef = D04A41331D50F22D00C850FB /* Main.storyboard */; };
		D08E5F851D4AF25600A58F80 /* MapKit.framework in Frameworks */ = {isa = PBXBuildFile; fileRef = D08E5F841D4AF25600A58F80 /* MapKit.framework */; };
/* End PBXBuildFile section */

/* Begin PBXContainerItemProxy section */
		13F77D4D1D2EE581003EF38D /* PBXContainerItemProxy */ = {
			isa = PBXContainerItemProxy;
			containerPortal = 13F77D2B1D2EE581003EF38D /* Project object */;
			proxyType = 1;
			remoteGlobalIDString = 13F77D321D2EE581003EF38D;
			remoteInfo = Pulse;
		};
		13F77D581D2EE581003EF38D /* PBXContainerItemProxy */ = {
			isa = PBXContainerItemProxy;
			containerPortal = 13F77D2B1D2EE581003EF38D /* Project object */;
			proxyType = 1;
			remoteGlobalIDString = 13F77D321D2EE581003EF38D;
			remoteInfo = Pulse;
		};
/* End PBXContainerItemProxy section */

/* Begin PBXFileReference section */
		13F77D331D2EE581003EF38D /* Pulse.app */ = {isa = PBXFileReference; explicitFileType = wrapper.application; includeInIndex = 0; path = Pulse.app; sourceTree = BUILT_PRODUCTS_DIR; };
		13F77D371D2EE581003EF38D /* main.m */ = {isa = PBXFileReference; lastKnownFileType = sourcecode.c.objc; path = main.m; sourceTree = "<group>"; };
		13F77D391D2EE581003EF38D /* AppDelegate.h */ = {isa = PBXFileReference; lastKnownFileType = sourcecode.c.h; path = AppDelegate.h; sourceTree = "<group>"; };
		13F77D3A1D2EE581003EF38D /* AppDelegate.m */ = {isa = PBXFileReference; lastKnownFileType = sourcecode.c.objc; path = AppDelegate.m; sourceTree = "<group>"; };
		13F77D421D2EE581003EF38D /* Images.xcassets */ = {isa = PBXFileReference; lastKnownFileType = folder.assetcatalog; path = Images.xcassets; sourceTree = "<group>"; };
		13F77D451D2EE581003EF38D /* Base */ = {isa = PBXFileReference; lastKnownFileType = file.storyboard; name = Base; path = Base.lproj/LaunchScreen.storyboard; sourceTree = "<group>"; };
		13F77D471D2EE581003EF38D /* Info.plist */ = {isa = PBXFileReference; lastKnownFileType = text.plist.xml; path = Info.plist; sourceTree = "<group>"; };
		13F77D4C1D2EE581003EF38D /* PulseTests.xctest */ = {isa = PBXFileReference; explicitFileType = wrapper.cfbundle; includeInIndex = 0; path = PulseTests.xctest; sourceTree = BUILT_PRODUCTS_DIR; };
		13F77D501D2EE581003EF38D /* PulseTests.m */ = {isa = PBXFileReference; lastKnownFileType = sourcecode.c.objc; path = PulseTests.m; sourceTree = "<group>"; };
		13F77D521D2EE581003EF38D /* Info.plist */ = {isa = PBXFileReference; lastKnownFileType = text.plist.xml; path = Info.plist; sourceTree = "<group>"; };
		13F77D571D2EE581003EF38D /* PulseUITests.xctest */ = {isa = PBXFileReference; explicitFileType = wrapper.cfbundle; includeInIndex = 0; path = PulseUITests.xctest; sourceTree = BUILT_PRODUCTS_DIR; };
		13F77D691D2EE6B6003EF38D /* loginScreenBackground.png */ = {isa = PBXFileReference; lastKnownFileType = image.png; path = loginScreenBackground.png; sourceTree = "<group>"; };
		13F77D6A1D2EE6B6003EF38D /* backButton.png */ = {isa = PBXFileReference; lastKnownFileType = image.png; path = backButton.png; sourceTree = "<group>"; };
		13F77D6B1D2EE6B6003EF38D /* continueButton.png */ = {isa = PBXFileReference; lastKnownFileType = image.png; path = continueButton.png; sourceTree = "<group>"; };
		13F77D6C1D2EE6B6003EF38D /* partyBoardLogoL.png */ = {isa = PBXFileReference; lastKnownFileType = image.png; path = partyBoardLogoL.png; sourceTree = "<group>"; };
		D00BDE2B1D5108A200B9EACB /* NSString+Additions.h */ = {isa = PBXFileReference; fileEncoding = 4; lastKnownFileType = sourcecode.c.h; name = "NSString+Additions.h"; path = "Pulse/NSString+Additions.h"; sourceTree = "<group>"; };
		D00BDE2C1D5108A200B9EACB /* NSString+Additions.m */ = {isa = PBXFileReference; fileEncoding = 4; lastKnownFileType = sourcecode.c.objc; name = "NSString+Additions.m"; path = "Pulse/NSString+Additions.m"; sourceTree = "<group>"; };
		D00BDE2D1D5108A200B9EACB /* StringUtil.h */ = {isa = PBXFileReference; fileEncoding = 4; lastKnownFileType = sourcecode.c.h; name = StringUtil.h; path = Pulse/StringUtil.h; sourceTree = "<group>"; };
		D00BDE2E1D5108A200B9EACB /* StringUtil.m */ = {isa = PBXFileReference; fileEncoding = 4; lastKnownFileType = sourcecode.c.objc; name = StringUtil.m; path = Pulse/StringUtil.m; sourceTree = "<group>"; };
		D04A40E41D50DFDE00C850FB /* SignUpViewController.h */ = {isa = PBXFileReference; fileEncoding = 4; lastKnownFileType = sourcecode.c.h; path = SignUpViewController.h; sourceTree = "<group>"; };
		D04A40E51D50DFDE00C850FB /* SignUpViewController.m */ = {isa = PBXFileReference; fileEncoding = 4; lastKnownFileType = sourcecode.c.objc; path = SignUpViewController.m; sourceTree = "<group>"; };
		D04A40EA1D50E3F600C850FB /* defs.h */ = {isa = PBXFileReference; fileEncoding = 4; lastKnownFileType = sourcecode.c.h; path = defs.h; sourceTree = "<group>"; };
		D04A40EB1D50E3F600C850FB /* GlobalFunctions.h */ = {isa = PBXFileReference; fileEncoding = 4; lastKnownFileType = sourcecode.c.h; path = GlobalFunctions.h; sourceTree = "<group>"; };
		D04A40EC1D50E3F600C850FB /* GlobalFunctions.m */ = {isa = PBXFileReference; fileEncoding = 4; lastKnownFileType = sourcecode.c.objc; path = GlobalFunctions.m; sourceTree = "<group>"; };
		D04A40ED1D50E3F600C850FB /* Message.h */ = {isa = PBXFileReference; fileEncoding = 4; lastKnownFileType = sourcecode.c.h; path = Message.h; sourceTree = "<group>"; };
		D04A40F01D50E45A00C850FB /* UIViewControllerAdditions.h */ = {isa = PBXFileReference; fileEncoding = 4; lastKnownFileType = sourcecode.c.h; name = UIViewControllerAdditions.h; path = Pulse/UIViewControllerAdditions.h; sourceTree = "<group>"; };
		D04A40F11D50E45A00C850FB /* UIViewControllerAdditions.m */ = {isa = PBXFileReference; fileEncoding = 4; lastKnownFileType = sourcecode.c.objc; name = UIViewControllerAdditions.m; path = Pulse/UIViewControllerAdditions.m; sourceTree = "<group>"; };
		D04A40F41D50E4AB00C850FB /* SCLAlertView.h */ = {isa = PBXFileReference; fileEncoding = 4; lastKnownFileType = sourcecode.c.h; path = SCLAlertView.h; sourceTree = "<group>"; };
		D04A40F51D50E4AB00C850FB /* SCLAlertView.m */ = {isa = PBXFileReference; fileEncoding = 4; lastKnownFileType = sourcecode.c.objc; path = SCLAlertView.m; sourceTree = "<group>"; };
		D04A40F61D50E4AB00C850FB /* SCLAlertViewResponder.h */ = {isa = PBXFileReference; fileEncoding = 4; lastKnownFileType = sourcecode.c.h; path = SCLAlertViewResponder.h; sourceTree = "<group>"; };
		D04A40F71D50E4AB00C850FB /* SCLAlertViewResponder.m */ = {isa = PBXFileReference; fileEncoding = 4; lastKnownFileType = sourcecode.c.objc; path = SCLAlertViewResponder.m; sourceTree = "<group>"; };
		D04A40F81D50E4AB00C850FB /* SCLAlertViewStyleKit.h */ = {isa = PBXFileReference; fileEncoding = 4; lastKnownFileType = sourcecode.c.h; path = SCLAlertViewStyleKit.h; sourceTree = "<group>"; };
		D04A40F91D50E4AB00C850FB /* SCLAlertViewStyleKit.m */ = {isa = PBXFileReference; fileEncoding = 4; lastKnownFileType = sourcecode.c.objc; path = SCLAlertViewStyleKit.m; sourceTree = "<group>"; };
		D04A40FA1D50E4AB00C850FB /* SCLButton.h */ = {isa = PBXFileReference; fileEncoding = 4; lastKnownFileType = sourcecode.c.h; path = SCLButton.h; sourceTree = "<group>"; };
		D04A40FB1D50E4AB00C850FB /* SCLButton.m */ = {isa = PBXFileReference; fileEncoding = 4; lastKnownFileType = sourcecode.c.objc; path = SCLButton.m; sourceTree = "<group>"; };
		D04A40FC1D50E4AB00C850FB /* SCLMacros.h */ = {isa = PBXFileReference; fileEncoding = 4; lastKnownFileType = sourcecode.c.h; path = SCLMacros.h; sourceTree = "<group>"; };
		D04A40FD1D50E4AB00C850FB /* SCLTextView.h */ = {isa = PBXFileReference; fileEncoding = 4; lastKnownFileType = sourcecode.c.h; path = SCLTextView.h; sourceTree = "<group>"; };
		D04A40FE1D50E4AB00C850FB /* SCLTextView.m */ = {isa = PBXFileReference; fileEncoding = 4; lastKnownFileType = sourcecode.c.objc; path = SCLTextView.m; sourceTree = "<group>"; };
		D04A40FF1D50E4AB00C850FB /* SCLTimerDisplay.h */ = {isa = PBXFileReference; fileEncoding = 4; lastKnownFileType = sourcecode.c.h; path = SCLTimerDisplay.h; sourceTree = "<group>"; };
		D04A41001D50E4AB00C850FB /* SCLTimerDisplay.m */ = {isa = PBXFileReference; fileEncoding = 4; lastKnownFileType = sourcecode.c.objc; path = SCLTimerDisplay.m; sourceTree = "<group>"; };
		D04A41011D50E4AB00C850FB /* UIImage+ImageEffects.h */ = {isa = PBXFileReference; fileEncoding = 4; lastKnownFileType = sourcecode.c.h; path = "UIImage+ImageEffects.h"; sourceTree = "<group>"; };
		D04A41021D50E4AB00C850FB /* UIImage+ImageEffects.m */ = {isa = PBXFileReference; fileEncoding = 4; lastKnownFileType = sourcecode.c.objc; path = "UIImage+ImageEffects.m"; sourceTree = "<group>"; };
		D04A410B1D50E6EB00C850FB /* Reachability.h */ = {isa = PBXFileReference; fileEncoding = 4; lastKnownFileType = sourcecode.c.h; name = Reachability.h; path = Pulse/Reachability.h; sourceTree = "<group>"; };
		D04A410C1D50E6EB00C850FB /* Reachability.m */ = {isa = PBXFileReference; fileEncoding = 4; lastKnownFileType = sourcecode.c.objc; name = Reachability.m; path = Pulse/Reachability.m; sourceTree = "<group>"; };
		D04A41111D50E78800C850FB /* icon-error.png */ = {isa = PBXFileReference; lastKnownFileType = image.png; path = "icon-error.png"; sourceTree = "<group>"; };
		D04A41121D50E78800C850FB /* icon-error@2x.png */ = {isa = PBXFileReference; lastKnownFileType = image.png; path = "icon-error@2x.png"; sourceTree = "<group>"; };
		D04A41131D50E78800C850FB /* icon-info.png */ = {isa = PBXFileReference; lastKnownFileType = image.png; path = "icon-info.png"; sourceTree = "<group>"; };
		D04A41141D50E78800C850FB /* icon-info@2x.png */ = {isa = PBXFileReference; lastKnownFileType = image.png; path = "icon-info@2x.png"; sourceTree = "<group>"; };
		D04A41151D50E78800C850FB /* icon-success.png */ = {isa = PBXFileReference; lastKnownFileType = image.png; path = "icon-success.png"; sourceTree = "<group>"; };
		D04A41161D50E78800C850FB /* icon-success@2x.png */ = {isa = PBXFileReference; lastKnownFileType = image.png; path = "icon-success@2x.png"; sourceTree = "<group>"; };
		D04A41171D50E78800C850FB /* TWMessageBarManager.h */ = {isa = PBXFileReference; fileEncoding = 4; lastKnownFileType = sourcecode.c.h; path = TWMessageBarManager.h; sourceTree = "<group>"; };
		D04A41181D50E78800C850FB /* TWMessageBarManager.m */ = {isa = PBXFileReference; fileEncoding = 4; lastKnownFileType = sourcecode.c.objc; path = TWMessageBarManager.m; sourceTree = "<group>"; };
		D04A41231D50ECC000C850FB /* MBProgressHUD.h */ = {isa = PBXFileReference; fileEncoding = 4; lastKnownFileType = sourcecode.c.h; name = MBProgressHUD.h; path = Pulse/MBProgressHUD.h; sourceTree = "<group>"; };
		D04A41241D50ECC000C850FB /* MBProgressHUD.m */ = {isa = PBXFileReference; fileEncoding = 4; lastKnownFileType = sourcecode.c.objc; name = MBProgressHUD.m; path = Pulse/MBProgressHUD.m; sourceTree = "<group>"; };
		D04A41281D50F17600C850FB /* AuthViewController.h */ = {isa = PBXFileReference; fileEncoding = 4; lastKnownFileType = sourcecode.c.h; path = AuthViewController.h; sourceTree = "<group>"; };
		D04A41291D50F17600C850FB /* AuthViewController.m */ = {isa = PBXFileReference; fileEncoding = 4; lastKnownFileType = sourcecode.c.objc; path = AuthViewController.m; sourceTree = "<group>"; };
		D04A412A1D50F17600C850FB /* CustomTabViewController.h */ = {isa = PBXFileReference; fileEncoding = 4; lastKnownFileType = sourcecode.c.h; path = CustomTabViewController.h; sourceTree = "<group>"; };
		D04A412B1D50F17600C850FB /* CustomTabViewController.m */ = {isa = PBXFileReference; fileEncoding = 4; lastKnownFileType = sourcecode.c.objc; path = CustomTabViewController.m; sourceTree = "<group>"; };
		D04A412C1D50F17600C850FB /* SignInViewController.h */ = {isa = PBXFileReference; fileEncoding = 4; lastKnownFileType = sourcecode.c.h; path = SignInViewController.h; sourceTree = "<group>"; };
		D04A412D1D50F17600C850FB /* SignInViewController.m */ = {isa = PBXFileReference; fileEncoding = 4; lastKnownFileType = sourcecode.c.objc; path = SignInViewController.m; sourceTree = "<group>"; };
		D04A41321D50F22D00C850FB /* Base */ = {isa = PBXFileReference; lastKnownFileType = file.storyboard; name = Base; path = Base.lproj/Main.storyboard; sourceTree = "<group>"; };
		D08E5F841D4AF25600A58F80 /* MapKit.framework */ = {isa = PBXFileReference; lastKnownFileType = wrapper.framework; name = MapKit.framework; path = System/Library/Frameworks/MapKit.framework; sourceTree = SDKROOT; };
/* End PBXFileReference section */

/* Begin PBXFrameworksBuildPhase section */
		13F77D301D2EE581003EF38D /* Frameworks */ = {
			isa = PBXFrameworksBuildPhase;
			buildActionMask = 2147483647;
			files = (
				D08E5F851D4AF25600A58F80 /* MapKit.framework in Frameworks */,
			);
			runOnlyForDeploymentPostprocessing = 0;
		};
		13F77D491D2EE581003EF38D /* Frameworks */ = {
			isa = PBXFrameworksBuildPhase;
			buildActionMask = 2147483647;
			files = (
			);
			runOnlyForDeploymentPostprocessing = 0;
		};
		13F77D541D2EE581003EF38D /* Frameworks */ = {
			isa = PBXFrameworksBuildPhase;
			buildActionMask = 2147483647;
			files = (
			);
			runOnlyForDeploymentPostprocessing = 0;
		};
/* End PBXFrameworksBuildPhase section */

/* Begin PBXGroup section */
		13F77D2A1D2EE581003EF38D = {
			isa = PBXGroup;
			children = (
				D08E5F841D4AF25600A58F80 /* MapKit.framework */,
				13F77D351D2EE581003EF38D /* Pulse */,
				13F77D4F1D2EE581003EF38D /* PulseTests */,
			);
			sourceTree = "<group>";
		};
		13F77D341D2EE581003EF38D /* Products */ = {
			isa = PBXGroup;
			children = (
				13F77D331D2EE581003EF38D /* Pulse.app */,
				13F77D4C1D2EE581003EF38D /* PulseTests.xctest */,
				13F77D571D2EE581003EF38D /* PulseUITests.xctest */,
			);
			name = Products;
			path = ..;
			sourceTree = "<group>";
		};
		13F77D351D2EE581003EF38D /* Pulse */ = {
			isa = PBXGroup;
			children = (
				D04A40EF1D50E3FD00C850FB /* Common */,
				D04A410A1D50E4B200C850FB /* External */,
				13F77D341D2EE581003EF38D /* Products */,
				13F77D361D2EE581003EF38D /* Supporting Files */,
				D08E5F831D4AF03500A58F80 /* ViewControllers */,
				13F77D391D2EE581003EF38D /* AppDelegate.h */,
				13F77D3A1D2EE581003EF38D /* AppDelegate.m */,
				D04A41331D50F22D00C850FB /* Main.storyboard */,
				13F77D421D2EE581003EF38D /* Images.xcassets */,
				13F77D441D2EE581003EF38D /* LaunchScreen.storyboard */,
			);
			path = Pulse;
			sourceTree = "<group>";
		};
		13F77D361D2EE581003EF38D /* Supporting Files */ = {
			isa = PBXGroup;
			children = (
				13F77D471D2EE581003EF38D /* Info.plist */,
				13F77D371D2EE581003EF38D /* main.m */,
				13F77D691D2EE6B6003EF38D /* loginScreenBackground.png */,
				13F77D6A1D2EE6B6003EF38D /* backButton.png */,
				13F77D6B1D2EE6B6003EF38D /* continueButton.png */,
				13F77D6C1D2EE6B6003EF38D /* partyBoardLogoL.png */,
			);
			name = "Supporting Files";
			sourceTree = "<group>";
		};
		13F77D4F1D2EE581003EF38D /* PulseTests */ = {
			isa = PBXGroup;
			children = (
				13F77D501D2EE581003EF38D /* PulseTests.m */,
				13F77D521D2EE581003EF38D /* Info.plist */,
			);
			path = PulseTests;
			sourceTree = "<group>";
		};
		D00BDE311D5108A600B9EACB /* StringUtil */ = {
			isa = PBXGroup;
			children = (
				D00BDE2B1D5108A200B9EACB /* NSString+Additions.h */,
				D00BDE2C1D5108A200B9EACB /* NSString+Additions.m */,
				D00BDE2D1D5108A200B9EACB /* StringUtil.h */,
				D00BDE2E1D5108A200B9EACB /* StringUtil.m */,
			);
			name = StringUtil;
			sourceTree = "<group>";
		};
		D04A40EF1D50E3FD00C850FB /* Common */ = {
			isa = PBXGroup;
			children = (
				D04A40EA1D50E3F600C850FB /* defs.h */,
				D04A40EB1D50E3F600C850FB /* GlobalFunctions.h */,
				D04A40EC1D50E3F600C850FB /* GlobalFunctions.m */,
				D04A40ED1D50E3F600C850FB /* Message.h */,
			);
			name = Common;
			sourceTree = "<group>";
		};
		D04A40F31D50E4AB00C850FB /* SCLAlertView */ = {
			isa = PBXGroup;
			children = (
				D04A40F41D50E4AB00C850FB /* SCLAlertView.h */,
				D04A40F51D50E4AB00C850FB /* SCLAlertView.m */,
				D04A40F61D50E4AB00C850FB /* SCLAlertViewResponder.h */,
				D04A40F71D50E4AB00C850FB /* SCLAlertViewResponder.m */,
				D04A40F81D50E4AB00C850FB /* SCLAlertViewStyleKit.h */,
				D04A40F91D50E4AB00C850FB /* SCLAlertViewStyleKit.m */,
				D04A40FA1D50E4AB00C850FB /* SCLButton.h */,
				D04A40FB1D50E4AB00C850FB /* SCLButton.m */,
				D04A40FC1D50E4AB00C850FB /* SCLMacros.h */,
				D04A40FD1D50E4AB00C850FB /* SCLTextView.h */,
				D04A40FE1D50E4AB00C850FB /* SCLTextView.m */,
				D04A40FF1D50E4AB00C850FB /* SCLTimerDisplay.h */,
				D04A41001D50E4AB00C850FB /* SCLTimerDisplay.m */,
				D04A41011D50E4AB00C850FB /* UIImage+ImageEffects.h */,
				D04A41021D50E4AB00C850FB /* UIImage+ImageEffects.m */,
			);
			name = SCLAlertView;
			path = Pulse/SCLAlertView;
			sourceTree = "<group>";
		};
		D04A410A1D50E4B200C850FB /* External */ = {
			isa = PBXGroup;
			children = (
				D04A410E1D50E6F400C850FB /* Reachability */,
				D04A40F31D50E4AB00C850FB /* SCLAlertView */,
				D04A410F1D50E78800C850FB /* StatusBarNotifications */,
				D00BDE311D5108A600B9EACB /* StringUtil */,
				D04A41231D50ECC000C850FB /* MBProgressHUD.h */,
				D04A41241D50ECC000C850FB /* MBProgressHUD.m */,
				D04A40F01D50E45A00C850FB /* UIViewControllerAdditions.h */,
				D04A40F11D50E45A00C850FB /* UIViewControllerAdditions.m */,
			);
			name = External;
			path = ..;
			sourceTree = "<group>";
		};
		D04A410E1D50E6F400C850FB /* Reachability */ = {
			isa = PBXGroup;
			children = (
				D04A410B1D50E6EB00C850FB /* Reachability.h */,
				D04A410C1D50E6EB00C850FB /* Reachability.m */,
			);
			name = Reachability;
			sourceTree = "<group>";
		};
		D04A410F1D50E78800C850FB /* StatusBarNotifications */ = {
			isa = PBXGroup;
			children = (
				D04A41101D50E78800C850FB /* Icons */,
				D04A41171D50E78800C850FB /* TWMessageBarManager.h */,
				D04A41181D50E78800C850FB /* TWMessageBarManager.m */,
			);
			name = StatusBarNotifications;
			path = Pulse/StatusBarNotifications;
			sourceTree = "<group>";
		};
		D04A41101D50E78800C850FB /* Icons */ = {
			isa = PBXGroup;
			children = (
				D04A41111D50E78800C850FB /* icon-error.png */,
				D04A41121D50E78800C850FB /* icon-error@2x.png */,
				D04A41131D50E78800C850FB /* icon-info.png */,
				D04A41141D50E78800C850FB /* icon-info@2x.png */,
				D04A41151D50E78800C850FB /* icon-success.png */,
				D04A41161D50E78800C850FB /* icon-success@2x.png */,
			);
			path = Icons;
			sourceTree = "<group>";
		};
		D08E5F831D4AF03500A58F80 /* ViewControllers */ = {
			isa = PBXGroup;
			children = (
				D04A41281D50F17600C850FB /* AuthViewController.h */,
				D04A41291D50F17600C850FB /* AuthViewController.m */,
				D04A412A1D50F17600C850FB /* CustomTabViewController.h */,
				D04A412B1D50F17600C850FB /* CustomTabViewController.m */,
				D04A412C1D50F17600C850FB /* SignInViewController.h */,
				D04A412D1D50F17600C850FB /* SignInViewController.m */,
				D04A40E41D50DFDE00C850FB /* SignUpViewController.h */,
				D04A40E51D50DFDE00C850FB /* SignUpViewController.m */,
			);
			name = ViewControllers;
			sourceTree = "<group>";
		};
/* End PBXGroup section */

/* Begin PBXNativeTarget section */
		13F77D321D2EE581003EF38D /* Pulse */ = {
			isa = PBXNativeTarget;
			buildConfigurationList = 13F77D601D2EE581003EF38D /* Build configuration list for PBXNativeTarget "Pulse" */;
			buildPhases = (
				13F77D2F1D2EE581003EF38D /* Sources */,
				13F77D301D2EE581003EF38D /* Frameworks */,
				13F77D311D2EE581003EF38D /* Resources */,
			);
			buildRules = (
			);
			dependencies = (
			);
			name = Pulse;
			productName = Pulse;
			productReference = 13F77D331D2EE581003EF38D /* Pulse.app */;
			productType = "com.apple.product-type.application";
		};
		13F77D4B1D2EE581003EF38D /* PulseTests */ = {
			isa = PBXNativeTarget;
			buildConfigurationList = 13F77D631D2EE581003EF38D /* Build configuration list for PBXNativeTarget "PulseTests" */;
			buildPhases = (
				13F77D481D2EE581003EF38D /* Sources */,
				13F77D491D2EE581003EF38D /* Frameworks */,
				13F77D4A1D2EE581003EF38D /* Resources */,
			);
			buildRules = (
			);
			dependencies = (
				13F77D4E1D2EE581003EF38D /* PBXTargetDependency */,
			);
			name = PulseTests;
			productName = PulseTests;
			productReference = 13F77D4C1D2EE581003EF38D /* PulseTests.xctest */;
			productType = "com.apple.product-type.bundle.unit-test";
		};
		13F77D561D2EE581003EF38D /* PulseUITests */ = {
			isa = PBXNativeTarget;
			buildConfigurationList = 13F77D661D2EE581003EF38D /* Build configuration list for PBXNativeTarget "PulseUITests" */;
			buildPhases = (
				13F77D531D2EE581003EF38D /* Sources */,
				13F77D541D2EE581003EF38D /* Frameworks */,
				13F77D551D2EE581003EF38D /* Resources */,
			);
			buildRules = (
			);
			dependencies = (
				13F77D591D2EE581003EF38D /* PBXTargetDependency */,
			);
			name = PulseUITests;
			productName = PulseUITests;
			productReference = 13F77D571D2EE581003EF38D /* PulseUITests.xctest */;
			productType = "com.apple.product-type.bundle.ui-testing";
		};
/* End PBXNativeTarget section */

/* Begin PBXProject section */
		13F77D2B1D2EE581003EF38D /* Project object */ = {
			isa = PBXProject;
			attributes = {
				LastUpgradeCheck = 0730;
				ORGANIZATIONNAME = null;
				TargetAttributes = {
					13F77D321D2EE581003EF38D = {
						CreatedOnToolsVersion = 7.3.1;
						SystemCapabilities = {
							com.apple.Maps.iOS = {
								enabled = 1;
							};
						};
					};
					13F77D4B1D2EE581003EF38D = {
						CreatedOnToolsVersion = 7.3.1;
						TestTargetID = 13F77D321D2EE581003EF38D;
					};
					13F77D561D2EE581003EF38D = {
						CreatedOnToolsVersion = 7.3.1;
						TestTargetID = 13F77D321D2EE581003EF38D;
					};
				};
			};
			buildConfigurationList = 13F77D2E1D2EE581003EF38D /* Build configuration list for PBXProject "Pulse" */;
			compatibilityVersion = "Xcode 6.3";
			developmentRegion = English;
			hasScannedForEncodings = 0;
			knownRegions = (
				en,
				Base,
			);
			mainGroup = 13F77D2A1D2EE581003EF38D;
			productRefGroup = 13F77D341D2EE581003EF38D /* Products */;
			projectDirPath = "";
			projectRoot = "";
			targets = (
				13F77D321D2EE581003EF38D /* Pulse */,
				13F77D4B1D2EE581003EF38D /* PulseTests */,
				13F77D561D2EE581003EF38D /* PulseUITests */,
			);
		};
/* End PBXProject section */

/* Begin PBXResourcesBuildPhase section */
		13F77D311D2EE581003EF38D /* Resources */ = {
			isa = PBXResourcesBuildPhase;
			buildActionMask = 2147483647;
			files = (
				D04A411E1D50E78800C850FB /* icon-success@2x.png in Resources */,
				13F77D461D2EE581003EF38D /* LaunchScreen.storyboard in Resources */,
				D04A41191D50E78800C850FB /* icon-error.png in Resources */,
				D04A411D1D50E78800C850FB /* icon-success.png in Resources */,
				D04A411A1D50E78800C850FB /* icon-error@2x.png in Resources */,
				13F77D6D1D2EE6B6003EF38D /* loginScreenBackground.png in Resources */,
				D04A411C1D50E78800C850FB /* icon-info@2x.png in Resources */,
				D04A41311D50F22D00C850FB /* Main.storyboard in Resources */,
				13F77D6E1D2EE6B6003EF38D /* backButton.png in Resources */,
				13F77D431D2EE581003EF38D /* Images.xcassets in Resources */,
				D04A411B1D50E78800C850FB /* icon-info.png in Resources */,
				13F77D701D2EE6B6003EF38D /* partyBoardLogoL.png in Resources */,
				13F77D6F1D2EE6B6003EF38D /* continueButton.png in Resources */,
			);
			runOnlyForDeploymentPostprocessing = 0;
		};
		13F77D4A1D2EE581003EF38D /* Resources */ = {
			isa = PBXResourcesBuildPhase;
			buildActionMask = 2147483647;
			files = (
			);
			runOnlyForDeploymentPostprocessing = 0;
		};
		13F77D551D2EE581003EF38D /* Resources */ = {
			isa = PBXResourcesBuildPhase;
			buildActionMask = 2147483647;
			files = (
			);
			runOnlyForDeploymentPostprocessing = 0;
		};
/* End PBXResourcesBuildPhase section */

/* Begin PBXSourcesBuildPhase section */
		13F77D2F1D2EE581003EF38D /* Sources */ = {
			isa = PBXSourcesBuildPhase;
			buildActionMask = 2147483647;
			files = (
				D04A412E1D50F17600C850FB /* AuthViewController.m in Sources */,
				D04A411F1D50E78800C850FB /* TWMessageBarManager.m in Sources */,
				D04A41091D50E4AB00C850FB /* UIImage+ImageEffects.m in Sources */,
				D04A41081D50E4AB00C850FB /* SCLTimerDisplay.m in Sources */,
				D00BDE301D5108A200B9EACB /* StringUtil.m in Sources */,
				D04A410D1D50E6EB00C850FB /* Reachability.m in Sources */,
				D04A41071D50E4AB00C850FB /* SCLTextView.m in Sources */,
				D04A40EE1D50E3F600C850FB /* GlobalFunctions.m in Sources */,
				13F77D3B1D2EE581003EF38D /* AppDelegate.m in Sources */,
				D04A40E61D50DFDE00C850FB /* SignUpViewController.m in Sources */,
				D04A41051D50E4AB00C850FB /* SCLAlertViewStyleKit.m in Sources */,
				D04A41041D50E4AB00C850FB /* SCLAlertViewResponder.m in Sources */,
				D04A40F21D50E45A00C850FB /* UIViewControllerAdditions.m in Sources */,
				D04A41251D50ECC000C850FB /* MBProgressHUD.m in Sources */,
				D04A41061D50E4AB00C850FB /* SCLButton.m in Sources */,
				D04A41031D50E4AB00C850FB /* SCLAlertView.m in Sources */,
				D04A412F1D50F17600C850FB /* CustomTabViewController.m in Sources */,
				D04A41301D50F17600C850FB /* SignInViewController.m in Sources */,
				13F77D381D2EE581003EF38D /* main.m in Sources */,
				D00BDE2F1D5108A200B9EACB /* NSString+Additions.m in Sources */,
			);
			runOnlyForDeploymentPostprocessing = 0;
		};
		13F77D481D2EE581003EF38D /* Sources */ = {
			isa = PBXSourcesBuildPhase;
			buildActionMask = 2147483647;
			files = (
				13F77D511D2EE581003EF38D /* PulseTests.m in Sources */,
			);
			runOnlyForDeploymentPostprocessing = 0;
		};
		13F77D531D2EE581003EF38D /* Sources */ = {
			isa = PBXSourcesBuildPhase;
			buildActionMask = 2147483647;
			files = (
			);
			runOnlyForDeploymentPostprocessing = 0;
		};
/* End PBXSourcesBuildPhase section */

/* Begin PBXTargetDependency section */
		13F77D4E1D2EE581003EF38D /* PBXTargetDependency */ = {
			isa = PBXTargetDependency;
			target = 13F77D321D2EE581003EF38D /* Pulse */;
			targetProxy = 13F77D4D1D2EE581003EF38D /* PBXContainerItemProxy */;
		};
		13F77D591D2EE581003EF38D /* PBXTargetDependency */ = {
			isa = PBXTargetDependency;
			target = 13F77D321D2EE581003EF38D /* Pulse */;
			targetProxy = 13F77D581D2EE581003EF38D /* PBXContainerItemProxy */;
		};
/* End PBXTargetDependency section */

/* Begin PBXVariantGroup section */
		13F77D441D2EE581003EF38D /* LaunchScreen.storyboard */ = {
			isa = PBXVariantGroup;
			children = (
				13F77D451D2EE581003EF38D /* Base */,
			);
			name = LaunchScreen.storyboard;
			sourceTree = "<group>";
		};
		D04A41331D50F22D00C850FB /* Main.storyboard */ = {
			isa = PBXVariantGroup;
			children = (
				D04A41321D50F22D00C850FB /* Base */,
			);
			name = Main.storyboard;
			sourceTree = "<group>";
		};
/* End PBXVariantGroup section */

/* Begin XCBuildConfiguration section */
		13F77D5E1D2EE581003EF38D /* Debug */ = {
			isa = XCBuildConfiguration;
			buildSettings = {
				ALWAYS_SEARCH_USER_PATHS = NO;
				CLANG_ANALYZER_NONNULL = YES;
				CLANG_CXX_LANGUAGE_STANDARD = "gnu++0x";
				CLANG_CXX_LIBRARY = "libc++";
				CLANG_ENABLE_MODULES = YES;
				CLANG_ENABLE_OBJC_ARC = YES;
				CLANG_WARN_BOOL_CONVERSION = YES;
				CLANG_WARN_CONSTANT_CONVERSION = YES;
				CLANG_WARN_DIRECT_OBJC_ISA_USAGE = YES_ERROR;
				CLANG_WARN_EMPTY_BODY = YES;
				CLANG_WARN_ENUM_CONVERSION = YES;
				CLANG_WARN_INT_CONVERSION = YES;
				CLANG_WARN_OBJC_ROOT_CLASS = YES_ERROR;
				CLANG_WARN_UNREACHABLE_CODE = YES;
				CLANG_WARN__DUPLICATE_METHOD_MATCH = YES;
				"CODE_SIGN_IDENTITY[sdk=iphoneos*]" = "iPhone Developer";
				COPY_PHASE_STRIP = NO;
				DEBUG_INFORMATION_FORMAT = dwarf;
				ENABLE_STRICT_OBJC_MSGSEND = YES;
				ENABLE_TESTABILITY = YES;
				GCC_C_LANGUAGE_STANDARD = gnu99;
				GCC_DYNAMIC_NO_PIC = NO;
				GCC_NO_COMMON_BLOCKS = YES;
				GCC_OPTIMIZATION_LEVEL = 0;
				GCC_PREPROCESSOR_DEFINITIONS = (
					"DEBUG=1",
					"$(inherited)",
				);
				GCC_WARN_64_TO_32_BIT_CONVERSION = YES;
				GCC_WARN_ABOUT_RETURN_TYPE = YES_ERROR;
				GCC_WARN_UNDECLARED_SELECTOR = YES;
				GCC_WARN_UNINITIALIZED_AUTOS = YES_AGGRESSIVE;
				GCC_WARN_UNUSED_FUNCTION = YES;
				GCC_WARN_UNUSED_VARIABLE = YES;
				IPHONEOS_DEPLOYMENT_TARGET = 9.3;
				MTL_ENABLE_DEBUG_INFO = YES;
				ONLY_ACTIVE_ARCH = YES;
				SDKROOT = iphoneos;
				TARGETED_DEVICE_FAMILY = "1,2";
			};
			name = Debug;
		};
		13F77D5F1D2EE581003EF38D /* Release */ = {
			isa = XCBuildConfiguration;
			buildSettings = {
				ALWAYS_SEARCH_USER_PATHS = NO;
				CLANG_ANALYZER_NONNULL = YES;
				CLANG_CXX_LANGUAGE_STANDARD = "gnu++0x";
				CLANG_CXX_LIBRARY = "libc++";
				CLANG_ENABLE_MODULES = YES;
				CLANG_ENABLE_OBJC_ARC = YES;
				CLANG_WARN_BOOL_CONVERSION = YES;
				CLANG_WARN_CONSTANT_CONVERSION = YES;
				CLANG_WARN_DIRECT_OBJC_ISA_USAGE = YES_ERROR;
				CLANG_WARN_EMPTY_BODY = YES;
				CLANG_WARN_ENUM_CONVERSION = YES;
				CLANG_WARN_INT_CONVERSION = YES;
				CLANG_WARN_OBJC_ROOT_CLASS = YES_ERROR;
				CLANG_WARN_UNREACHABLE_CODE = YES;
				CLANG_WARN__DUPLICATE_METHOD_MATCH = YES;
				"CODE_SIGN_IDENTITY[sdk=iphoneos*]" = "iPhone Developer";
				COPY_PHASE_STRIP = NO;
				DEBUG_INFORMATION_FORMAT = "dwarf-with-dsym";
				ENABLE_NS_ASSERTIONS = NO;
				ENABLE_STRICT_OBJC_MSGSEND = YES;
				GCC_C_LANGUAGE_STANDARD = gnu99;
				GCC_NO_COMMON_BLOCKS = YES;
				GCC_WARN_64_TO_32_BIT_CONVERSION = YES;
				GCC_WARN_ABOUT_RETURN_TYPE = YES_ERROR;
				GCC_WARN_UNDECLARED_SELECTOR = YES;
				GCC_WARN_UNINITIALIZED_AUTOS = YES_AGGRESSIVE;
				GCC_WARN_UNUSED_FUNCTION = YES;
				GCC_WARN_UNUSED_VARIABLE = YES;
				IPHONEOS_DEPLOYMENT_TARGET = 9.3;
				MTL_ENABLE_DEBUG_INFO = NO;
				SDKROOT = iphoneos;
				TARGETED_DEVICE_FAMILY = "1,2";
				VALIDATE_PRODUCT = YES;
			};
			name = Release;
		};
		13F77D611D2EE581003EF38D /* Debug */ = {
			isa = XCBuildConfiguration;
			buildSettings = {
				ASSETCATALOG_COMPILER_APPICON_NAME = AppIcon;
				ASSETCATALOG_COMPILER_LAUNCHIMAGE_NAME = LaunchImage;
				INFOPLIST_FILE = Pulse/Info.plist;
				IPHONEOS_DEPLOYMENT_TARGET = 7.0;
				LD_RUNPATH_SEARCH_PATHS = "$(inherited) @executable_path/Frameworks";
				PRODUCT_BUNDLE_IDENTIFIER = com.null.Pulse;
				PRODUCT_NAME = "$(TARGET_NAME)";
				TARGETED_DEVICE_FAMILY = 1;
			};
			name = Debug;
		};
		13F77D621D2EE581003EF38D /* Release */ = {
			isa = XCBuildConfiguration;
			buildSettings = {
				ASSETCATALOG_COMPILER_APPICON_NAME = AppIcon;
				ASSETCATALOG_COMPILER_LAUNCHIMAGE_NAME = LaunchImage;
				INFOPLIST_FILE = Pulse/Info.plist;
				IPHONEOS_DEPLOYMENT_TARGET = 7.0;
				LD_RUNPATH_SEARCH_PATHS = "$(inherited) @executable_path/Frameworks";
				PRODUCT_BUNDLE_IDENTIFIER = com.null.Pulse;
				PRODUCT_NAME = "$(TARGET_NAME)";
				TARGETED_DEVICE_FAMILY = 1;
			};
			name = Release;
		};
		13F77D641D2EE581003EF38D /* Debug */ = {
			isa = XCBuildConfiguration;
			buildSettings = {
				BUNDLE_LOADER = "$(TEST_HOST)";
				INFOPLIST_FILE = PulseTests/Info.plist;
				LD_RUNPATH_SEARCH_PATHS = "$(inherited) @executable_path/Frameworks @loader_path/Frameworks";
				PRODUCT_BUNDLE_IDENTIFIER = com.null.PulseTests;
				PRODUCT_NAME = "$(TARGET_NAME)";
				TEST_HOST = "$(BUILT_PRODUCTS_DIR)/Pulse.app/PartyBoard";
			};
			name = Debug;
		};
		13F77D651D2EE581003EF38D /* Release */ = {
			isa = XCBuildConfiguration;
			buildSettings = {
				BUNDLE_LOADER = "$(TEST_HOST)";
				INFOPLIST_FILE = PulseTests/Info.plist;
				LD_RUNPATH_SEARCH_PATHS = "$(inherited) @executable_path/Frameworks @loader_path/Frameworks";
				PRODUCT_BUNDLE_IDENTIFIER = com.null.PulseTests;
				PRODUCT_NAME = "$(TARGET_NAME)";
				TEST_HOST = "$(BUILT_PRODUCTS_DIR)/Pulse.app/PartyBoard";
			};
			name = Release;
		};
		13F77D671D2EE581003EF38D /* Debug */ = {
			isa = XCBuildConfiguration;
			buildSettings = {
				INFOPLIST_FILE = PulseUITests/Info.plist;
				LD_RUNPATH_SEARCH_PATHS = "$(inherited) @executable_path/Frameworks @loader_path/Frameworks";
				PRODUCT_BUNDLE_IDENTIFIER = com.null.PulseUITests;
				PRODUCT_NAME = "$(TARGET_NAME)";
				TEST_TARGET_NAME = Pulse;
			};
			name = Debug;
		};
		13F77D681D2EE581003EF38D /* Release */ = {
			isa = XCBuildConfiguration;
			buildSettings = {
				INFOPLIST_FILE = PulseUITests/Info.plist;
				LD_RUNPATH_SEARCH_PATHS = "$(inherited) @executable_path/Frameworks @loader_path/Frameworks";
				PRODUCT_BUNDLE_IDENTIFIER = com.null.PulseUITests;
				PRODUCT_NAME = "$(TARGET_NAME)";
				TEST_TARGET_NAME = Pulse;
			};
			name = Release;
		};
/* End XCBuildConfiguration section */

/* Begin XCConfigurationList section */
		13F77D2E1D2EE581003EF38D /* Build configuration list for PBXProject "Pulse" */ = {
			isa = XCConfigurationList;
			buildConfigurations = (
				13F77D5E1D2EE581003EF38D /* Debug */,
				13F77D5F1D2EE581003EF38D /* Release */,
			);
			defaultConfigurationIsVisible = 0;
			defaultConfigurationName = Release;
		};
		13F77D601D2EE581003EF38D /* Build configuration list for PBXNativeTarget "Pulse" */ = {
			isa = XCConfigurationList;
			buildConfigurations = (
				13F77D611D2EE581003EF38D /* Debug */,
				13F77D621D2EE581003EF38D /* Release */,
			);
			defaultConfigurationIsVisible = 0;
			defaultConfigurationName = Release;
		};
		13F77D631D2EE581003EF38D /* Build configuration list for PBXNativeTarget "PulseTests" */ = {
			isa = XCConfigurationList;
			buildConfigurations = (
				13F77D641D2EE581003EF38D /* Debug */,
				13F77D651D2EE581003EF38D /* Release */,
			);
			defaultConfigurationIsVisible = 0;
			defaultConfigurationName = Release;
		};
		13F77D661D2EE581003EF38D /* Build configuration list for PBXNativeTarget "PulseUITests" */ = {
			isa = XCConfigurationList;
			buildConfigurations = (
				13F77D671D2EE581003EF38D /* Debug */,
				13F77D681D2EE581003EF38D /* Release */,
			);
			defaultConfigurationIsVisible = 0;
			defaultConfigurationName = Release;
		};
/* End XCConfigurationList section */
	};
	rootObject = 13F77D2B1D2EE581003EF38D /* Project object */;
}
